
Microsoft Visual Studio Solution File, Format Version 10.00
# Visual Studio 2008
Project("{FAE04EC0-301F-11D3-BF4B-00C04F79EFBC}") = "BMC.Common", "..\..\Common\BMC.Common\BMC.Common_2008.csproj", "{4D507C5E-48B8-4E3F-8DE1-A233C43E97E8}"
EndProject
Project("{FAE04EC0-301F-11D3-BF4B-00C04F79EFBC}") = "CageBMCInterface.Service", "CageBMCInterface\CageBMCInterface.Service_2008.csproj", "{04F4E055-1A49-4E85-8AD9-24E7B93CED4A}"
EndProject
Project("{FAE04EC0-301F-11D3-BF4B-00C04F79EFBC}") = "Audit.Transport", "..\AuditViewer\Audit.Transport\Audit.Transport_2008.csproj", "{CA65745D-44CB-431A-BF12-1E47E753FF93}"
EndProject
Project("{FAE04EC0-301F-11D3-BF4B-00C04F79EFBC}") = "WCFHelperUtils", "WCFHelperUtils\WCFHelperUtils_2008.csproj", "{0AC63C1A-BCF1-4E60-9EE8-10FB1157773F}"
EndProject
Project("{FAE04EC0-301F-11D3-BF4B-00C04F79EFBC}") = "BMC.CashDeskOperator", "..\CashDeskOperator\BMC.CashDeskOperator\BMC.CashDeskOperator_2008.csproj", "{C6DEF75F-D7C8-4961-85A2-616077F01B6E}"
EndProject
Project("{FAE04EC0-301F-11D3-BF4B-00C04F79EFBC}") = "BMC.Transport", "..\CashDeskOperator\BMC.Transport\BMC.Transport_2008.csproj", "{53304E7F-B3E7-41CE-B142-A26861E8F3C0}"
EndProject
Project("{FAE04EC0-301F-11D3-BF4B-00C04F79EFBC}") = "BMC.Business.CashDeskOperator", "..\CashDeskOperator\BMC.Business.CashDeskOperator\BMC.Business.CashDeskOperator_2008.csproj", "{EC202CEA-39A4-468F-B1F4-AB38C6D76011}"
EndProject
Project("{FAE04EC0-301F-11D3-BF4B-00C04F79EFBC}") = "BMC.Security", "..\..\Common\BMC.Security\BMC.Security_2008.csproj", "{71855481-D14B-470A-86AE-466991820B2E}"
EndProject
Project("{FAE04EC0-301F-11D3-BF4B-00C04F79EFBC}") = "BMC.DataAccess", "..\..\Common\BMC.DataAccess\BMC.DataAccess_2008.csproj", "{C4F3AC89-4EBE-461D-82B3-0F7850A5A41B}"
EndProject
Project("{FAE04EC0-301F-11D3-BF4B-00C04F79EFBC}") = "BMC.DBInterface.CashDeskOperator", "..\CashDeskOperator\BMC.DBInterface.CashDeskOperator\BMC.DBInterface.CashDeskOperator_2008.csproj", "{C55F8EA3-AF28-48FD-ADFE-534117600677}"
EndProject
Project("{FAE04EC0-301F-11D3-BF4B-00C04F79EFBC}") = "BMC.EnterpriseProxy", "..\BMC.EnterpriseProxy\BMC.EnterpriseProxy\BMC.EnterpriseProxy_2008.csproj", "{D2A9F84A-6802-44AC-94E7-80078D25032E}"
EndProject
Project("{FAE04EC0-301F-11D3-BF4B-00C04F79EFBC}") = "Audit.DBBuilder", "..\AuditViewer\Audit.DBBuilder\Audit.DBBuilder_2008.csproj", "{529450F3-0C27-4312-AD58-6B74A1910FFD}"
EndProject
Project("{FAE04EC0-301F-11D3-BF4B-00C04F79EFBC}") = "Audit.BusinessClasses", "..\AuditViewer\AuditBusiness\Audit.BusinessClasses_2008.csproj", "{9CCC92BD-6595-4E79-80D3-CF7E0E1662B0}"
EndProject
Global
	GlobalSection(SolutionConfigurationPlatforms) = preSolution
		Debug|Any CPU = Debug|Any CPU
		Release|Any CPU = Release|Any CPU
	EndGlobalSection
	GlobalSection(ProjectConfigurationPlatforms) = postSolution
		{4D507C5E-48B8-4E3F-8DE1-A233C43E97E8}.Debug|Any CPU.ActiveCfg = Debug|Any CPU
		{4D507C5E-48B8-4E3F-8DE1-A233C43E97E8}.Debug|Any CPU.Build.0 = Debug|Any CPU
		{4D507C5E-48B8-4E3F-8DE1-A233C43E97E8}.Release|Any CPU.ActiveCfg = Release|Any CPU
		{4D507C5E-48B8-4E3F-8DE1-A233C43E97E8}.Release|Any CPU.Build.0 = Release|Any CPU
		{04F4E055-1A49-4E85-8AD9-24E7B93CED4A}.Debug|Any CPU.ActiveCfg = Debug|Any CPU
		{04F4E055-1A49-4E85-8AD9-24E7B93CED4A}.Debug|Any CPU.Build.0 = Debug|Any CPU
		{04F4E055-1A49-4E85-8AD9-24E7B93CED4A}.Release|Any CPU.ActiveCfg = Release|Any CPU
		{04F4E055-1A49-4E85-8AD9-24E7B93CED4A}.Release|Any CPU.Build.0 = Release|Any CPU
		{CA65745D-44CB-431A-BF12-1E47E753FF93}.Debug|Any CPU.ActiveCfg = Debug|Any CPU
		{CA65745D-44CB-431A-BF12-1E47E753FF93}.Debug|Any CPU.Build.0 = Debug|Any CPU
		{CA65745D-44CB-431A-BF12-1E47E753FF93}.Release|Any CPU.ActiveCfg = Release|Any CPU
		{CA65745D-44CB-431A-BF12-1E47E753FF93}.Release|Any CPU.Build.0 = Release|Any CPU
		{0AC63C1A-BCF1-4E60-9EE8-10FB1157773F}.Debug|Any CPU.ActiveCfg = Debug|Any CPU
		{0AC63C1A-BCF1-4E60-9EE8-10FB1157773F}.Debug|Any CPU.Build.0 = Debug|Any CPU
		{0AC63C1A-BCF1-4E60-9EE8-10FB1157773F}.Release|Any CPU.ActiveCfg = Release|Any CPU
		{0AC63C1A-BCF1-4E60-9EE8-10FB1157773F}.Release|Any CPU.Build.0 = Release|Any CPU
		{C6DEF75F-D7C8-4961-85A2-616077F01B6E}.Debug|Any CPU.ActiveCfg = Debug|Any CPU
		{C6DEF75F-D7C8-4961-85A2-616077F01B6E}.Debug|Any CPU.Build.0 = Debug|Any CPU
		{C6DEF75F-D7C8-4961-85A2-616077F01B6E}.Release|Any CPU.ActiveCfg = Release|Any CPU
		{C6DEF75F-D7C8-4961-85A2-616077F01B6E}.Release|Any CPU.Build.0 = Release|Any CPU
		{53304E7F-B3E7-41CE-B142-A26861E8F3C0}.Debug|Any CPU.ActiveCfg = Debug|Any CPU
		{53304E7F-B3E7-41CE-B142-A26861E8F3C0}.Debug|Any CPU.Build.0 = Debug|Any CPU
		{53304E7F-B3E7-41CE-B142-A26861E8F3C0}.Release|Any CPU.ActiveCfg = Release|Any CPU
		{53304E7F-B3E7-41CE-B142-A26861E8F3C0}.Release|Any CPU.Build.0 = Release|Any CPU
		{EC202CEA-39A4-468F-B1F4-AB38C6D76011}.Debug|Any CPU.ActiveCfg = Debug|Any CPU
		{EC202CEA-39A4-468F-B1F4-AB38C6D76011}.Debug|Any CPU.Build.0 = Debug|Any CPU
		{EC202CEA-39A4-468F-B1F4-AB38C6D76011}.Release|Any CPU.ActiveCfg = Release|Any CPU
		{EC202CEA-39A4-468F-B1F4-AB38C6D76011}.Release|Any CPU.Build.0 = Release|Any CPU
		{71855481-D14B-470A-86AE-466991820B2E}.Debug|Any CPU.ActiveCfg = Debug|Any CPU
		{71855481-D14B-470A-86AE-466991820B2E}.Debug|Any CPU.Build.0 = Debug|Any CPU
		{71855481-D14B-470A-86AE-466991820B2E}.Release|Any CPU.ActiveCfg = Release|Any CPU
		{71855481-D14B-470A-86AE-466991820B2E}.Release|Any CPU.Build.0 = Release|Any CPU
		{C4F3AC89-4EBE-461D-82B3-0F7850A5A41B}.Debug|Any CPU.ActiveCfg = Debug|Any CPU
		{C4F3AC89-4EBE-461D-82B3-0F7850A5A41B}.Debug|Any CPU.Build.0 = Debug|Any CPU
		{C4F3AC89-4EBE-461D-82B3-0F7850A5A41B}.Release|Any CPU.ActiveCfg = Release|Any CPU
		{C4F3AC89-4EBE-461D-82B3-0F7850A5A41B}.Release|Any CPU.Build.0 = Release|Any CPU
		{C55F8EA3-AF28-48FD-ADFE-534117600677}.Debug|Any CPU.ActiveCfg = Debug|Any CPU
		{C55F8EA3-AF28-48FD-ADFE-534117600677}.Debug|Any CPU.Build.0 = Debug|Any CPU
		{C55F8EA3-AF28-48FD-ADFE-534117600677}.Release|Any CPU.ActiveCfg = Release|Any CPU
		{C55F8EA3-AF28-48FD-ADFE-534117600677}.Release|Any CPU.Build.0 = Release|Any CPU
		{D2A9F84A-6802-44AC-94E7-80078D25032E}.Debug|Any CPU.ActiveCfg = Debug|Any CPU
		{D2A9F84A-6802-44AC-94E7-80078D25032E}.Debug|Any CPU.Build.0 = Debug|Any CPU
		{D2A9F84A-6802-44AC-94E7-80078D25032E}.Release|Any CPU.ActiveCfg = Release|Any CPU
		{D2A9F84A-6802-44AC-94E7-80078D25032E}.Release|Any CPU.Build.0 = Release|Any CPU
		{529450F3-0C27-4312-AD58-6B74A1910FFD}.Debug|Any CPU.ActiveCfg = Debug|Any CPU
		{529450F3-0C27-4312-AD58-6B74A1910FFD}.Debug|Any CPU.Build.0 = Debug|Any CPU
		{529450F3-0C27-4312-AD58-6B74A1910FFD}.Release|Any CPU.ActiveCfg = Release|Any CPU
		{529450F3-0C27-4312-AD58-6B74A1910FFD}.Release|Any CPU.Build.0 = Release|Any CPU
		{9CCC92BD-6595-4E79-80D3-CF7E0E1662B0}.Debug|Any CPU.ActiveCfg = Debug|Any CPU
		{9CCC92BD-6595-4E79-80D3-CF7E0E1662B0}.Debug|Any CPU.Build.0 = Debug|Any CPU
		{9CCC92BD-6595-4E79-80D3-CF7E0E1662B0}.Release|Any CPU.ActiveCfg = Release|Any CPU
		{9CCC92BD-6595-4E79-80D3-CF7E0E1662B0}.Release|Any CPU.Build.0 = Release|Any CPU
	EndGlobalSection
	GlobalSection(SolutionProperties) = preSolution
		HideSolutionNode = FALSE
	EndGlobalSection
EndGlobal
