
Microsoft Visual Studio Solution File, Format Version 12.00
# Visual Studio 2012
Project("{FAE04EC0-301F-11D3-BF4B-00C04F79EFBC}") = "BMC.Guardian.Business", "BMC.Guardian.Business\BMC.Guardian.Business.csproj", "{9F955FDD-9F8E-48C4-9187-0C6EA5C89935}"
EndProject
Project("{FAE04EC0-301F-11D3-BF4B-00C04F79EFBC}") = "BMC.Guardian.DBHelper", "BMC.Guardian.DBHelper\BMC.Guardian.DBHelper.csproj", "{3AA4C56E-CBF1-45E3-BDBC-834E81D3E733}"
EndProject
Project("{FAE04EC0-301F-11D3-BF4B-00C04F79EFBC}") = "BMC.Guardian.Transport", "BMC.Guardian.Transport\BMC.Guardian.Transport.csproj", "{89EBB3DB-AD99-4FF7-BD16-EBDDE74AC447}"
EndProject
Project("{FAE04EC0-301F-11D3-BF4B-00C04F79EFBC}") = "BMC.DataAccess", "..\..\Common\BMC.DataAccess\BMC.DataAccess.csproj", "{317E2989-A347-4692-BB42-948ACD470599}"
EndProject
Project("{FAE04EC0-301F-11D3-BF4B-00C04F79EFBC}") = "BMC.Security", "..\..\Common\BMC.Security\BMC.Security.csproj", "{71855481-D14B-470A-86AE-466991820B2E}"
EndProject
Project("{FAE04EC0-301F-11D3-BF4B-00C04F79EFBC}") = "Audit.BusinessClasses", "..\..\Site Controller\AuditViewer\AuditBusiness\Audit.BusinessClasses.csproj", "{9CCC92BD-6595-4E79-80D3-CF7E0E1662B0}"
EndProject
Project("{FAE04EC0-301F-11D3-BF4B-00C04F79EFBC}") = "Audit.Transport", "..\..\Site Controller\AuditViewer\Audit.Transport\Audit.Transport.csproj", "{CA65745D-44CB-431A-BF12-1E47E753FF93}"
EndProject
Project("{FAE04EC0-301F-11D3-BF4B-00C04F79EFBC}") = "Audit.DBBuilder", "..\..\Site Controller\AuditViewer\Audit.DBBuilder\Audit.DBBuilder.csproj", "{529450F3-0C27-4312-AD58-6B74A1910FFD}"
EndProject
Project("{FAE04EC0-301F-11D3-BF4B-00C04F79EFBC}") = "BMC.Common", "..\..\Common\BMC.Common\BMC.Common.csproj", "{B67464F4-37CC-48D6-8A17-204F6E7A18C5}"
EndProject
Project("{FAE04EC0-301F-11D3-BF4B-00C04F79EFBC}") = "BMC.GuardianWebApp", "BMC.GuardianWebApp\BMC.GuardianWebApp.csproj", "{8FDE36F1-9A7C-43C9-A756-49F5C4B39CF4}"
EndProject
Project("{FAE04EC0-301F-11D3-BF4B-00C04F79EFBC}") = "BMC.CoreLib", "..\..\Common\BMC.CoreLib\BMC.CoreLib.csproj", "{8BD66A0A-49F9-497F-914C-BF8926336848}"
EndProject
Global
	GlobalSection(SolutionConfigurationPlatforms) = preSolution
		Debug|Any CPU = Debug|Any CPU
		Debug|Mixed Platforms = Debug|Mixed Platforms
		Debug|x64 = Debug|x64
		Debug|x86 = Debug|x86
		Release|Any CPU = Release|Any CPU
		Release|Mixed Platforms = Release|Mixed Platforms
		Release|x64 = Release|x64
		Release|x86 = Release|x86
	EndGlobalSection
	GlobalSection(ProjectConfigurationPlatforms) = postSolution
		{9F955FDD-9F8E-48C4-9187-0C6EA5C89935}.Debug|Any CPU.ActiveCfg = Debug|Any CPU
		{9F955FDD-9F8E-48C4-9187-0C6EA5C89935}.Debug|Any CPU.Build.0 = Debug|Any CPU
		{9F955FDD-9F8E-48C4-9187-0C6EA5C89935}.Debug|Mixed Platforms.ActiveCfg = Debug|x86
		{9F955FDD-9F8E-48C4-9187-0C6EA5C89935}.Debug|Mixed Platforms.Build.0 = Debug|x86
		{9F955FDD-9F8E-48C4-9187-0C6EA5C89935}.Debug|x64.ActiveCfg = Debug|Any CPU
		{9F955FDD-9F8E-48C4-9187-0C6EA5C89935}.Debug|x86.ActiveCfg = Debug|Any CPU
		{9F955FDD-9F8E-48C4-9187-0C6EA5C89935}.Release|Any CPU.ActiveCfg = Release|Any CPU
		{9F955FDD-9F8E-48C4-9187-0C6EA5C89935}.Release|Any CPU.Build.0 = Release|Any CPU
		{9F955FDD-9F8E-48C4-9187-0C6EA5C89935}.Release|Mixed Platforms.ActiveCfg = Release|x86
		{9F955FDD-9F8E-48C4-9187-0C6EA5C89935}.Release|Mixed Platforms.Build.0 = Release|x86
		{9F955FDD-9F8E-48C4-9187-0C6EA5C89935}.Release|x64.ActiveCfg = Release|x64
		{9F955FDD-9F8E-48C4-9187-0C6EA5C89935}.Release|x64.Build.0 = Release|x64
		{9F955FDD-9F8E-48C4-9187-0C6EA5C89935}.Release|x86.ActiveCfg = Release|x86
		{9F955FDD-9F8E-48C4-9187-0C6EA5C89935}.Release|x86.Build.0 = Release|x86
		{3AA4C56E-CBF1-45E3-BDBC-834E81D3E733}.Debug|Any CPU.ActiveCfg = Debug|Any CPU
		{3AA4C56E-CBF1-45E3-BDBC-834E81D3E733}.Debug|Any CPU.Build.0 = Debug|Any CPU
		{3AA4C56E-CBF1-45E3-BDBC-834E81D3E733}.Debug|Mixed Platforms.ActiveCfg = Debug|x86
		{3AA4C56E-CBF1-45E3-BDBC-834E81D3E733}.Debug|Mixed Platforms.Build.0 = Debug|x86
		{3AA4C56E-CBF1-45E3-BDBC-834E81D3E733}.Debug|x64.ActiveCfg = Debug|Any CPU
		{3AA4C56E-CBF1-45E3-BDBC-834E81D3E733}.Debug|x86.ActiveCfg = Debug|Any CPU
		{3AA4C56E-CBF1-45E3-BDBC-834E81D3E733}.Release|Any CPU.ActiveCfg = Release|Any CPU
		{3AA4C56E-CBF1-45E3-BDBC-834E81D3E733}.Release|Any CPU.Build.0 = Release|Any CPU
		{3AA4C56E-CBF1-45E3-BDBC-834E81D3E733}.Release|Mixed Platforms.ActiveCfg = Release|x86
		{3AA4C56E-CBF1-45E3-BDBC-834E81D3E733}.Release|Mixed Platforms.Build.0 = Release|x86
		{3AA4C56E-CBF1-45E3-BDBC-834E81D3E733}.Release|x64.ActiveCfg = Release|x64
		{3AA4C56E-CBF1-45E3-BDBC-834E81D3E733}.Release|x64.Build.0 = Release|x64
		{3AA4C56E-CBF1-45E3-BDBC-834E81D3E733}.Release|x86.ActiveCfg = Release|x86
		{3AA4C56E-CBF1-45E3-BDBC-834E81D3E733}.Release|x86.Build.0 = Release|x86
		{89EBB3DB-AD99-4FF7-BD16-EBDDE74AC447}.Debug|Any CPU.ActiveCfg = Debug|Any CPU
		{89EBB3DB-AD99-4FF7-BD16-EBDDE74AC447}.Debug|Any CPU.Build.0 = Debug|Any CPU
		{89EBB3DB-AD99-4FF7-BD16-EBDDE74AC447}.Debug|Mixed Platforms.ActiveCfg = Debug|x86
		{89EBB3DB-AD99-4FF7-BD16-EBDDE74AC447}.Debug|Mixed Platforms.Build.0 = Debug|x86
		{89EBB3DB-AD99-4FF7-BD16-EBDDE74AC447}.Debug|x64.ActiveCfg = Debug|Any CPU
		{89EBB3DB-AD99-4FF7-BD16-EBDDE74AC447}.Debug|x86.ActiveCfg = Debug|Any CPU
		{89EBB3DB-AD99-4FF7-BD16-EBDDE74AC447}.Release|Any CPU.ActiveCfg = Release|Any CPU
		{89EBB3DB-AD99-4FF7-BD16-EBDDE74AC447}.Release|Any CPU.Build.0 = Release|Any CPU
		{89EBB3DB-AD99-4FF7-BD16-EBDDE74AC447}.Release|Mixed Platforms.ActiveCfg = Release|x86
		{89EBB3DB-AD99-4FF7-BD16-EBDDE74AC447}.Release|Mixed Platforms.Build.0 = Release|x86
		{89EBB3DB-AD99-4FF7-BD16-EBDDE74AC447}.Release|x64.ActiveCfg = Release|x64
		{89EBB3DB-AD99-4FF7-BD16-EBDDE74AC447}.Release|x64.Build.0 = Release|x64
		{89EBB3DB-AD99-4FF7-BD16-EBDDE74AC447}.Release|x86.ActiveCfg = Release|x86
		{89EBB3DB-AD99-4FF7-BD16-EBDDE74AC447}.Release|x86.Build.0 = Release|x86
		{317E2989-A347-4692-BB42-948ACD470599}.Debug|Any CPU.ActiveCfg = Debug|Any CPU
		{317E2989-A347-4692-BB42-948ACD470599}.Debug|Any CPU.Build.0 = Debug|Any CPU
		{317E2989-A347-4692-BB42-948ACD470599}.Debug|Mixed Platforms.ActiveCfg = Debug|x86
		{317E2989-A347-4692-BB42-948ACD470599}.Debug|Mixed Platforms.Build.0 = Debug|x86
		{317E2989-A347-4692-BB42-948ACD470599}.Debug|x64.ActiveCfg = Debug|Any CPU
		{317E2989-A347-4692-BB42-948ACD470599}.Debug|x86.ActiveCfg = Debug|x86
		{317E2989-A347-4692-BB42-948ACD470599}.Debug|x86.Build.0 = Debug|x86
		{317E2989-A347-4692-BB42-948ACD470599}.Release|Any CPU.ActiveCfg = Release|Any CPU
		{317E2989-A347-4692-BB42-948ACD470599}.Release|Any CPU.Build.0 = Release|Any CPU
		{317E2989-A347-4692-BB42-948ACD470599}.Release|Mixed Platforms.ActiveCfg = Release|x86
		{317E2989-A347-4692-BB42-948ACD470599}.Release|Mixed Platforms.Build.0 = Release|x86
		{317E2989-A347-4692-BB42-948ACD470599}.Release|x64.ActiveCfg = Release|x64
		{317E2989-A347-4692-BB42-948ACD470599}.Release|x64.Build.0 = Release|x64
		{317E2989-A347-4692-BB42-948ACD470599}.Release|x86.ActiveCfg = Release|x86
		{317E2989-A347-4692-BB42-948ACD470599}.Release|x86.Build.0 = Release|x86
		{71855481-D14B-470A-86AE-466991820B2E}.Debug|Any CPU.ActiveCfg = Debug|Any CPU
		{71855481-D14B-470A-86AE-466991820B2E}.Debug|Any CPU.Build.0 = Debug|Any CPU
		{71855481-D14B-470A-86AE-466991820B2E}.Debug|Mixed Platforms.ActiveCfg = Debug|x86
		{71855481-D14B-470A-86AE-466991820B2E}.Debug|Mixed Platforms.Build.0 = Debug|x86
		{71855481-D14B-470A-86AE-466991820B2E}.Debug|x64.ActiveCfg = Debug|Any CPU
		{71855481-D14B-470A-86AE-466991820B2E}.Debug|x86.ActiveCfg = Debug|x86
		{71855481-D14B-470A-86AE-466991820B2E}.Debug|x86.Build.0 = Debug|x86
		{71855481-D14B-470A-86AE-466991820B2E}.Release|Any CPU.ActiveCfg = Release|Any CPU
		{71855481-D14B-470A-86AE-466991820B2E}.Release|Any CPU.Build.0 = Release|Any CPU
		{71855481-D14B-470A-86AE-466991820B2E}.Release|Mixed Platforms.ActiveCfg = Release|x86
		{71855481-D14B-470A-86AE-466991820B2E}.Release|Mixed Platforms.Build.0 = Release|x86
		{71855481-D14B-470A-86AE-466991820B2E}.Release|x64.ActiveCfg = Release|x64
		{71855481-D14B-470A-86AE-466991820B2E}.Release|x64.Build.0 = Release|x64
		{71855481-D14B-470A-86AE-466991820B2E}.Release|x86.ActiveCfg = Release|x86
		{71855481-D14B-470A-86AE-466991820B2E}.Release|x86.Build.0 = Release|x86
		{9CCC92BD-6595-4E79-80D3-CF7E0E1662B0}.Debug|Any CPU.ActiveCfg = Debug|Any CPU
		{9CCC92BD-6595-4E79-80D3-CF7E0E1662B0}.Debug|Any CPU.Build.0 = Debug|Any CPU
		{9CCC92BD-6595-4E79-80D3-CF7E0E1662B0}.Debug|Mixed Platforms.ActiveCfg = Debug|x86
		{9CCC92BD-6595-4E79-80D3-CF7E0E1662B0}.Debug|Mixed Platforms.Build.0 = Debug|x86
		{9CCC92BD-6595-4E79-80D3-CF7E0E1662B0}.Debug|x64.ActiveCfg = Debug|Any CPU
		{9CCC92BD-6595-4E79-80D3-CF7E0E1662B0}.Debug|x86.ActiveCfg = Debug|x86
		{9CCC92BD-6595-4E79-80D3-CF7E0E1662B0}.Debug|x86.Build.0 = Debug|x86
		{9CCC92BD-6595-4E79-80D3-CF7E0E1662B0}.Release|Any CPU.ActiveCfg = Release|Any CPU
		{9CCC92BD-6595-4E79-80D3-CF7E0E1662B0}.Release|Any CPU.Build.0 = Release|Any CPU
		{9CCC92BD-6595-4E79-80D3-CF7E0E1662B0}.Release|Mixed Platforms.ActiveCfg = Release|x86
		{9CCC92BD-6595-4E79-80D3-CF7E0E1662B0}.Release|Mixed Platforms.Build.0 = Release|x86
		{9CCC92BD-6595-4E79-80D3-CF7E0E1662B0}.Release|x64.ActiveCfg = Release|x64
		{9CCC92BD-6595-4E79-80D3-CF7E0E1662B0}.Release|x64.Build.0 = Release|x64
		{9CCC92BD-6595-4E79-80D3-CF7E0E1662B0}.Release|x86.ActiveCfg = Release|x86
		{9CCC92BD-6595-4E79-80D3-CF7E0E1662B0}.Release|x86.Build.0 = Release|x86
		{CA65745D-44CB-431A-BF12-1E47E753FF93}.Debug|Any CPU.ActiveCfg = Debug|Any CPU
		{CA65745D-44CB-431A-BF12-1E47E753FF93}.Debug|Any CPU.Build.0 = Debug|Any CPU
		{CA65745D-44CB-431A-BF12-1E47E753FF93}.Debug|Mixed Platforms.ActiveCfg = Debug|x86
		{CA65745D-44CB-431A-BF12-1E47E753FF93}.Debug|Mixed Platforms.Build.0 = Debug|x86
		{CA65745D-44CB-431A-BF12-1E47E753FF93}.Debug|x64.ActiveCfg = Debug|Any CPU
		{CA65745D-44CB-431A-BF12-1E47E753FF93}.Debug|x86.ActiveCfg = Debug|x86
		{CA65745D-44CB-431A-BF12-1E47E753FF93}.Debug|x86.Build.0 = Debug|x86
		{CA65745D-44CB-431A-BF12-1E47E753FF93}.Release|Any CPU.ActiveCfg = Release|Any CPU
		{CA65745D-44CB-431A-BF12-1E47E753FF93}.Release|Any CPU.Build.0 = Release|Any CPU
		{CA65745D-44CB-431A-BF12-1E47E753FF93}.Release|Mixed Platforms.ActiveCfg = Release|x86
		{CA65745D-44CB-431A-BF12-1E47E753FF93}.Release|Mixed Platforms.Build.0 = Release|x86
		{CA65745D-44CB-431A-BF12-1E47E753FF93}.Release|x64.ActiveCfg = Release|x64
		{CA65745D-44CB-431A-BF12-1E47E753FF93}.Release|x64.Build.0 = Release|x64
		{CA65745D-44CB-431A-BF12-1E47E753FF93}.Release|x86.ActiveCfg = Release|x86
		{CA65745D-44CB-431A-BF12-1E47E753FF93}.Release|x86.Build.0 = Release|x86
		{529450F3-0C27-4312-AD58-6B74A1910FFD}.Debug|Any CPU.ActiveCfg = Debug|Any CPU
		{529450F3-0C27-4312-AD58-6B74A1910FFD}.Debug|Any CPU.Build.0 = Debug|Any CPU
		{529450F3-0C27-4312-AD58-6B74A1910FFD}.Debug|Mixed Platforms.ActiveCfg = Debug|x86
		{529450F3-0C27-4312-AD58-6B74A1910FFD}.Debug|Mixed Platforms.Build.0 = Debug|x86
		{529450F3-0C27-4312-AD58-6B74A1910FFD}.Debug|x64.ActiveCfg = Debug|Any CPU
		{529450F3-0C27-4312-AD58-6B74A1910FFD}.Debug|x86.ActiveCfg = Debug|x86
		{529450F3-0C27-4312-AD58-6B74A1910FFD}.Debug|x86.Build.0 = Debug|x86
		{529450F3-0C27-4312-AD58-6B74A1910FFD}.Release|Any CPU.ActiveCfg = Release|Any CPU
		{529450F3-0C27-4312-AD58-6B74A1910FFD}.Release|Any CPU.Build.0 = Release|Any CPU
		{529450F3-0C27-4312-AD58-6B74A1910FFD}.Release|Mixed Platforms.ActiveCfg = Release|x86
		{529450F3-0C27-4312-AD58-6B74A1910FFD}.Release|Mixed Platforms.Build.0 = Release|x86
		{529450F3-0C27-4312-AD58-6B74A1910FFD}.Release|x64.ActiveCfg = Release|x64
		{529450F3-0C27-4312-AD58-6B74A1910FFD}.Release|x64.Build.0 = Release|x64
		{529450F3-0C27-4312-AD58-6B74A1910FFD}.Release|x86.ActiveCfg = Release|x86
		{529450F3-0C27-4312-AD58-6B74A1910FFD}.Release|x86.Build.0 = Release|x86
		{B67464F4-37CC-48D6-8A17-204F6E7A18C5}.Debug|Any CPU.ActiveCfg = Debug|Any CPU
		{B67464F4-37CC-48D6-8A17-204F6E7A18C5}.Debug|Any CPU.Build.0 = Debug|Any CPU
		{B67464F4-37CC-48D6-8A17-204F6E7A18C5}.Debug|Mixed Platforms.ActiveCfg = Debug|x86
		{B67464F4-37CC-48D6-8A17-204F6E7A18C5}.Debug|Mixed Platforms.Build.0 = Debug|x86
		{B67464F4-37CC-48D6-8A17-204F6E7A18C5}.Debug|x64.ActiveCfg = Debug|Any CPU
		{B67464F4-37CC-48D6-8A17-204F6E7A18C5}.Debug|x86.ActiveCfg = Debug|x86
		{B67464F4-37CC-48D6-8A17-204F6E7A18C5}.Debug|x86.Build.0 = Debug|x86
		{B67464F4-37CC-48D6-8A17-204F6E7A18C5}.Release|Any CPU.ActiveCfg = Release|Any CPU
		{B67464F4-37CC-48D6-8A17-204F6E7A18C5}.Release|Any CPU.Build.0 = Release|Any CPU
		{B67464F4-37CC-48D6-8A17-204F6E7A18C5}.Release|Mixed Platforms.ActiveCfg = Release|x86
		{B67464F4-37CC-48D6-8A17-204F6E7A18C5}.Release|Mixed Platforms.Build.0 = Release|x86
		{B67464F4-37CC-48D6-8A17-204F6E7A18C5}.Release|x64.ActiveCfg = Release|x64
		{B67464F4-37CC-48D6-8A17-204F6E7A18C5}.Release|x64.Build.0 = Release|x64
		{B67464F4-37CC-48D6-8A17-204F6E7A18C5}.Release|x86.ActiveCfg = Release|x86
		{B67464F4-37CC-48D6-8A17-204F6E7A18C5}.Release|x86.Build.0 = Release|x86
		{8FDE36F1-9A7C-43C9-A756-49F5C4B39CF4}.Debug|Any CPU.ActiveCfg = Debug|Any CPU
		{8FDE36F1-9A7C-43C9-A756-49F5C4B39CF4}.Debug|Any CPU.Build.0 = Debug|Any CPU
		{8FDE36F1-9A7C-43C9-A756-49F5C4B39CF4}.Debug|Mixed Platforms.ActiveCfg = Debug|x86
		{8FDE36F1-9A7C-43C9-A756-49F5C4B39CF4}.Debug|Mixed Platforms.Build.0 = Debug|x86
		{8FDE36F1-9A7C-43C9-A756-49F5C4B39CF4}.Debug|x64.ActiveCfg = Debug|Any CPU
		{8FDE36F1-9A7C-43C9-A756-49F5C4B39CF4}.Debug|x86.ActiveCfg = Debug|Any CPU
		{8FDE36F1-9A7C-43C9-A756-49F5C4B39CF4}.Release|Any CPU.ActiveCfg = Release|Any CPU
		{8FDE36F1-9A7C-43C9-A756-49F5C4B39CF4}.Release|Any CPU.Build.0 = Release|Any CPU
		{8FDE36F1-9A7C-43C9-A756-49F5C4B39CF4}.Release|Mixed Platforms.ActiveCfg = Release|x86
		{8FDE36F1-9A7C-43C9-A756-49F5C4B39CF4}.Release|Mixed Platforms.Build.0 = Release|x86
		{8FDE36F1-9A7C-43C9-A756-49F5C4B39CF4}.Release|x64.ActiveCfg = Release|x64
		{8FDE36F1-9A7C-43C9-A756-49F5C4B39CF4}.Release|x64.Build.0 = Release|x64
		{8FDE36F1-9A7C-43C9-A756-49F5C4B39CF4}.Release|x86.ActiveCfg = Release|x86
		{8FDE36F1-9A7C-43C9-A756-49F5C4B39CF4}.Release|x86.Build.0 = Release|x86
		{8BD66A0A-49F9-497F-914C-BF8926336848}.Debug|Any CPU.ActiveCfg = Debug|Any CPU
		{8BD66A0A-49F9-497F-914C-BF8926336848}.Debug|Any CPU.Build.0 = Debug|Any CPU
		{8BD66A0A-49F9-497F-914C-BF8926336848}.Debug|Mixed Platforms.ActiveCfg = Debug|x86
		{8BD66A0A-49F9-497F-914C-BF8926336848}.Debug|Mixed Platforms.Build.0 = Debug|x86
		{8BD66A0A-49F9-497F-914C-BF8926336848}.Debug|x64.ActiveCfg = Debug|x64
		{8BD66A0A-49F9-497F-914C-BF8926336848}.Debug|x64.Build.0 = Debug|x64
		{8BD66A0A-49F9-497F-914C-BF8926336848}.Debug|x86.ActiveCfg = Debug|x86
		{8BD66A0A-49F9-497F-914C-BF8926336848}.Debug|x86.Build.0 = Debug|x86
		{8BD66A0A-49F9-497F-914C-BF8926336848}.Release|Any CPU.ActiveCfg = Release|Any CPU
		{8BD66A0A-49F9-497F-914C-BF8926336848}.Release|Any CPU.Build.0 = Release|Any CPU
		{8BD66A0A-49F9-497F-914C-BF8926336848}.Release|Mixed Platforms.ActiveCfg = Release|x86
		{8BD66A0A-49F9-497F-914C-BF8926336848}.Release|Mixed Platforms.Build.0 = Release|x86
		{8BD66A0A-49F9-497F-914C-BF8926336848}.Release|x64.ActiveCfg = Release|x64
		{8BD66A0A-49F9-497F-914C-BF8926336848}.Release|x64.Build.0 = Release|x64
		{8BD66A0A-49F9-497F-914C-BF8926336848}.Release|x86.ActiveCfg = Release|x86
		{8BD66A0A-49F9-497F-914C-BF8926336848}.Release|x86.Build.0 = Release|x86
	EndGlobalSection
	GlobalSection(SolutionProperties) = preSolution
		HideSolutionNode = FALSE
	EndGlobalSection
	GlobalSection(ExtensibilityGlobals) = postSolution
		Association = ; :1-2005 R2; BMC.Guardian.Business\BMC.Guardian.Business.csproj; starteam01.ad.agi:49201; Bally MultiConnect; Bally MultiConnect; Bally MultiConnect\BMC 11.5\Coding\Source\Enterprise\; ; BMC.Guardian.DBHelper\BMC.Guardian.DBHelper.csproj; starteam01.ad.agi:49201; Bally MultiConnect; Bally MultiConnect; Bally MultiConnect\BMC 11.5\Coding\Source\Enterprise\BMC Guardian\; ; 
	EndGlobalSection
	GlobalSection(Borland Source Code Provider) = preSolution
		IsAssociated = True
	EndGlobalSection
EndGlobal
