
Microsoft Visual Studio Solution File, Format Version 10.00
# Visual Studio 2008
Project("{FAE04EC0-301F-11D3-BF4B-00C04F79EFBC}") = "BMC.Transport", "BMC.Transport\BMC.Transport_2008.csproj", "{207A0F8F-865E-4E3E-A457-B60C74A09ECE}"
EndProject
Project("{FAE04EC0-301F-11D3-BF4B-00C04F79EFBC}") = "BMC.DBInterface.CashDeskManager", "BMC.DBInterface.CashDeskManager\BMC.DBInterface.CashDeskManager_2008.csproj", "{E35C4FCB-2CCE-47E9-9AD2-B87F3866D93E}"
EndProject
Project("{FAE04EC0-301F-11D3-BF4B-00C04F79EFBC}") = "BMC.CashDeskManager", "BMC.CashDeskManager\BMC.CashDeskManager_2008.csproj", "{9B8CBDAF-0D2F-49B5-8C2D-6AB08459C354}"
EndProject
Project("{FAE04EC0-301F-11D3-BF4B-00C04F79EFBC}") = "BMC.Business.CashDeskManager", "BMC.Business.CashDeskManager\BMC.Business.CashDeskManager_2008.csproj", "{63747C18-553D-49DC-A531-F7035C5CD05E}"
EndProject
Project("{FAE04EC0-301F-11D3-BF4B-00C04F79EFBC}") = "BMC.Presentation.CashDeskManager", "BMC.Presentation.CashDeskManager\BMC.Presentation.CashDeskManager_2008.csproj", "{759C47E0-F6DB-4673-90D0-26B5F61C5C04}"
EndProject
Project("{FAE04EC0-301F-11D3-BF4B-00C04F79EFBC}") = "BMC.Common", "..\..\Common\BMC.Common\BMC.Common_2008.csproj", "{4D507C5E-48B8-4E3F-8DE1-A233C43E97E8}"
EndProject
Project("{FAE04EC0-301F-11D3-BF4B-00C04F79EFBC}") = "BMC.DataAccess", "..\..\Common\BMC.DataAccess\BMC.DataAccess_2008.csproj", "{C4F3AC89-4EBE-461D-82B3-0F7850A5A41B}"
EndProject
Global
	GlobalSection(SolutionConfigurationPlatforms) = preSolution
		Debug|Any CPU = Debug|Any CPU
		Release|Any CPU = Release|Any CPU
	EndGlobalSection
	GlobalSection(ProjectConfigurationPlatforms) = postSolution
		{207A0F8F-865E-4E3E-A457-B60C74A09ECE}.Debug|Any CPU.ActiveCfg = Debug|Any CPU
		{207A0F8F-865E-4E3E-A457-B60C74A09ECE}.Debug|Any CPU.Build.0 = Debug|Any CPU
		{207A0F8F-865E-4E3E-A457-B60C74A09ECE}.Release|Any CPU.ActiveCfg = Release|Any CPU
		{207A0F8F-865E-4E3E-A457-B60C74A09ECE}.Release|Any CPU.Build.0 = Release|Any CPU
		{E35C4FCB-2CCE-47E9-9AD2-B87F3866D93E}.Debug|Any CPU.ActiveCfg = Debug|Any CPU
		{E35C4FCB-2CCE-47E9-9AD2-B87F3866D93E}.Debug|Any CPU.Build.0 = Debug|Any CPU
		{E35C4FCB-2CCE-47E9-9AD2-B87F3866D93E}.Release|Any CPU.ActiveCfg = Release|Any CPU
		{E35C4FCB-2CCE-47E9-9AD2-B87F3866D93E}.Release|Any CPU.Build.0 = Release|Any CPU
		{9B8CBDAF-0D2F-49B5-8C2D-6AB08459C354}.Debug|Any CPU.ActiveCfg = Debug|Any CPU
		{9B8CBDAF-0D2F-49B5-8C2D-6AB08459C354}.Debug|Any CPU.Build.0 = Debug|Any CPU
		{9B8CBDAF-0D2F-49B5-8C2D-6AB08459C354}.Release|Any CPU.ActiveCfg = Release|Any CPU
		{9B8CBDAF-0D2F-49B5-8C2D-6AB08459C354}.Release|Any CPU.Build.0 = Release|Any CPU
		{63747C18-553D-49DC-A531-F7035C5CD05E}.Debug|Any CPU.ActiveCfg = Debug|Any CPU
		{63747C18-553D-49DC-A531-F7035C5CD05E}.Debug|Any CPU.Build.0 = Debug|Any CPU
		{63747C18-553D-49DC-A531-F7035C5CD05E}.Release|Any CPU.ActiveCfg = Release|Any CPU
		{63747C18-553D-49DC-A531-F7035C5CD05E}.Release|Any CPU.Build.0 = Release|Any CPU
		{759C47E0-F6DB-4673-90D0-26B5F61C5C04}.Debug|Any CPU.ActiveCfg = Debug|Any CPU
		{759C47E0-F6DB-4673-90D0-26B5F61C5C04}.Debug|Any CPU.Build.0 = Debug|Any CPU
		{759C47E0-F6DB-4673-90D0-26B5F61C5C04}.Release|Any CPU.ActiveCfg = Release|Any CPU
		{759C47E0-F6DB-4673-90D0-26B5F61C5C04}.Release|Any CPU.Build.0 = Release|Any CPU
		{4D507C5E-48B8-4E3F-8DE1-A233C43E97E8}.Debug|Any CPU.ActiveCfg = Debug|Any CPU
		{4D507C5E-48B8-4E3F-8DE1-A233C43E97E8}.Debug|Any CPU.Build.0 = Debug|Any CPU
		{4D507C5E-48B8-4E3F-8DE1-A233C43E97E8}.Release|Any CPU.ActiveCfg = Release|Any CPU
		{4D507C5E-48B8-4E3F-8DE1-A233C43E97E8}.Release|Any CPU.Build.0 = Release|Any CPU
		{C4F3AC89-4EBE-461D-82B3-0F7850A5A41B}.Debug|Any CPU.ActiveCfg = Debug|Any CPU
		{C4F3AC89-4EBE-461D-82B3-0F7850A5A41B}.Debug|Any CPU.Build.0 = Debug|Any CPU
		{C4F3AC89-4EBE-461D-82B3-0F7850A5A41B}.Release|Any CPU.ActiveCfg = Release|Any CPU
		{C4F3AC89-4EBE-461D-82B3-0F7850A5A41B}.Release|Any CPU.Build.0 = Release|Any CPU
	EndGlobalSection
	GlobalSection(SolutionProperties) = preSolution
		HideSolutionNode = FALSE
	EndGlobalSection
EndGlobal
