
Microsoft Visual Studio Solution File, Format Version 10.00
# Visual Studio 2008
Project("{FAE04EC0-301F-11D3-BF4B-00C04F79EFBC}") = "BMC.ExchangeConfig", "BMC.ExchangeConfig_2008.csproj", "{DAF74A1B-60FF-4AFA-B9DC-B9FA6BA4C800}"
EndProject
Project("{FAE04EC0-301F-11D3-BF4B-00C04F79EFBC}") = "BMC.Business.ExchangeConfig", "..\BMC.ExchangeConfiguration\BMC.Business.ExchangeConfig\BMC.Business.ExchangeConfig_2008.csproj", "{8C8575CE-8C60-48F0-B268-6101E46987C1}"
EndProject
Project("{FAE04EC0-301F-11D3-BF4B-00C04F79EFBC}") = "BMC.DBInterface.ExchangeConfig", "..\BMC.ExchangeConfiguration\BMC.DBInterface.ExchangeConfig\BMC.DBInterface.ExchangeConfig_2008.csproj", "{C8161D66-B4B8-4D10-B64A-0034AA7FB6F6}"
EndProject
Project("{FAE04EC0-301F-11D3-BF4B-00C04F79EFBC}") = "BMC.Transport.ExchangeConfig", "..\BMC.ExchangeConfiguration\BMC.Transport.ExchangeConfig\BMC.Transport.ExchangeConfig_2008.csproj", "{7EAF288F-C026-4AF5-B7B1-69E4A3BF743F}"
EndProject
Project("{FAE04EC0-301F-11D3-BF4B-00C04F79EFBC}") = "BMC.Monitoring", "..\BMC.Monitoring\BMC.Monitoring_2008.csproj", "{48B6523E-61A6-4063-AA7D-C8AB905238E5}"
EndProject
Project("{FAE04EC0-301F-11D3-BF4B-00C04F79EFBC}") = "BMC.Common", "..\..\Common\BMC.Common\BMC.Common_2008.csproj", "{4D507C5E-48B8-4E3F-8DE1-A233C43E97E8}"
EndProject
Project("{FAE04EC0-301F-11D3-BF4B-00C04F79EFBC}") = "BMC.DataAccess", "..\..\Common\BMC.DataAccess\BMC.DataAccess_2008.csproj", "{C4F3AC89-4EBE-461D-82B3-0F7850A5A41B}"
EndProject
Project("{FAE04EC0-301F-11D3-BF4B-00C04F79EFBC}") = "BMC.Security", "..\..\Common\BMC.Security\BMC.Security_2008.csproj", "{71855481-D14B-470A-86AE-466991820B2E}"
EndProject
Project("{FAE04EC0-301F-11D3-BF4B-00C04F79EFBC}") = "BMC.Transport", "..\CashDeskOperator\BMC.Transport\BMC.Transport_2008.csproj", "{53304E7F-B3E7-41CE-B142-A26861E8F3C0}"
EndProject
Project("{FAE04EC0-301F-11D3-BF4B-00C04F79EFBC}") = "BMC.Business.CashDeskOperator", "..\CashDeskOperator\BMC.Business.CashDeskOperator\BMC.Business.CashDeskOperator_2008.csproj", "{EC202CEA-39A4-468F-B1F4-AB38C6D76011}"
EndProject
Project("{FAE04EC0-301F-11D3-BF4B-00C04F79EFBC}") = "BMC.DBInterface.CashDeskOperator", "..\CashDeskOperator\BMC.DBInterface.CashDeskOperator\BMC.DBInterface.CashDeskOperator_2008.csproj", "{C55F8EA3-AF28-48FD-ADFE-534117600677}"
EndProject
Project("{FAE04EC0-301F-11D3-BF4B-00C04F79EFBC}") = "BMC.EnterpriseProxy", "..\BMC.EnterpriseProxy\BMC.EnterpriseProxy\BMC.EnterpriseProxy_2008.csproj", "{D2A9F84A-6802-44AC-94E7-80078D25032E}"
EndProject
Project("{FAE04EC0-301F-11D3-BF4B-00C04F79EFBC}") = "Audit.BusinessClasses", "..\AuditViewer\AuditBusiness\Audit.BusinessClasses_2008.csproj", "{9CCC92BD-6595-4E79-80D3-CF7E0E1662B0}"
EndProject
Project("{FAE04EC0-301F-11D3-BF4B-00C04F79EFBC}") = "Audit.Transport", "..\AuditViewer\Audit.Transport\Audit.Transport_2008.csproj", "{CA65745D-44CB-431A-BF12-1E47E753FF93}"
EndProject
Project("{FAE04EC0-301F-11D3-BF4B-00C04F79EFBC}") = "TicketingClient", "..\TicketingClient\TicketingClient_2008.csproj", "{8461ED48-3CD6-422C-9C27-133E58A16D29}"
EndProject
Project("{FAE04EC0-301F-11D3-BF4B-00C04F79EFBC}") = "Audit.DBBuilder", "..\AuditViewer\Audit.DBBuilder\Audit.DBBuilder_2008.csproj", "{529450F3-0C27-4312-AD58-6B74A1910FFD}"
EndProject
Project("{FAE04EC0-301F-11D3-BF4B-00C04F79EFBC}") = "BMC.CommonLiquidation", "..\..\Common\BMC.CommonLiquidation\BMC.CommonLiquidation_2008.csproj", "{CD3E8F84-E7B8-4175-B3E1-B00BCB96ACAA}"
EndProject
Global
	GlobalSection(SolutionConfigurationPlatforms) = preSolution
		Debug|Any CPU = Debug|Any CPU
		Debug|x64 = Debug|x64
		Debug|x86 = Debug|x86
		Release|Any CPU = Release|Any CPU
		Release|x64 = Release|x64
		Release|x86 = Release|x86
	EndGlobalSection
	GlobalSection(ProjectConfigurationPlatforms) = postSolution
		{DAF74A1B-60FF-4AFA-B9DC-B9FA6BA4C800}.Debug|Any CPU.ActiveCfg = Debug|Any CPU
		{DAF74A1B-60FF-4AFA-B9DC-B9FA6BA4C800}.Debug|Any CPU.Build.0 = Debug|Any CPU
		{DAF74A1B-60FF-4AFA-B9DC-B9FA6BA4C800}.Debug|x64.ActiveCfg = Debug|Any CPU
		{DAF74A1B-60FF-4AFA-B9DC-B9FA6BA4C800}.Debug|x86.ActiveCfg = Debug|Any CPU
		{DAF74A1B-60FF-4AFA-B9DC-B9FA6BA4C800}.Release|Any CPU.ActiveCfg = Release|Any CPU
		{DAF74A1B-60FF-4AFA-B9DC-B9FA6BA4C800}.Release|Any CPU.Build.0 = Release|Any CPU
		{DAF74A1B-60FF-4AFA-B9DC-B9FA6BA4C800}.Release|x64.ActiveCfg = Release|Any CPU
		{DAF74A1B-60FF-4AFA-B9DC-B9FA6BA4C800}.Release|x86.ActiveCfg = Release|Any CPU
		{DAF74A1B-60FF-4AFA-B9DC-B9FA6BA4C800}.Release|x86.Build.0 = Release|Any CPU
		{8C8575CE-8C60-48F0-B268-6101E46987C1}.Debug|Any CPU.ActiveCfg = Debug|Any CPU
		{8C8575CE-8C60-48F0-B268-6101E46987C1}.Debug|Any CPU.Build.0 = Debug|Any CPU
		{8C8575CE-8C60-48F0-B268-6101E46987C1}.Debug|x64.ActiveCfg = Debug|x86
		{8C8575CE-8C60-48F0-B268-6101E46987C1}.Debug|x86.ActiveCfg = Debug|Any CPU
		{8C8575CE-8C60-48F0-B268-6101E46987C1}.Release|Any CPU.ActiveCfg = Release|Any CPU
		{8C8575CE-8C60-48F0-B268-6101E46987C1}.Release|Any CPU.Build.0 = Release|Any CPU
		{8C8575CE-8C60-48F0-B268-6101E46987C1}.Release|x64.ActiveCfg = Release|x86
		{8C8575CE-8C60-48F0-B268-6101E46987C1}.Release|x86.ActiveCfg = Release|x86
		{8C8575CE-8C60-48F0-B268-6101E46987C1}.Release|x86.Build.0 = Release|x86
		{C8161D66-B4B8-4D10-B64A-0034AA7FB6F6}.Debug|Any CPU.ActiveCfg = Debug|Any CPU
		{C8161D66-B4B8-4D10-B64A-0034AA7FB6F6}.Debug|Any CPU.Build.0 = Debug|Any CPU
		{C8161D66-B4B8-4D10-B64A-0034AA7FB6F6}.Debug|x64.ActiveCfg = Debug|x86
		{C8161D66-B4B8-4D10-B64A-0034AA7FB6F6}.Debug|x86.ActiveCfg = Debug|Any CPU
		{C8161D66-B4B8-4D10-B64A-0034AA7FB6F6}.Release|Any CPU.ActiveCfg = Release|Any CPU
		{C8161D66-B4B8-4D10-B64A-0034AA7FB6F6}.Release|Any CPU.Build.0 = Release|Any CPU
		{C8161D66-B4B8-4D10-B64A-0034AA7FB6F6}.Release|x64.ActiveCfg = Release|x86
		{C8161D66-B4B8-4D10-B64A-0034AA7FB6F6}.Release|x86.ActiveCfg = Release|x86
		{C8161D66-B4B8-4D10-B64A-0034AA7FB6F6}.Release|x86.Build.0 = Release|x86
		{7EAF288F-C026-4AF5-B7B1-69E4A3BF743F}.Debug|Any CPU.ActiveCfg = Debug|Any CPU
		{7EAF288F-C026-4AF5-B7B1-69E4A3BF743F}.Debug|Any CPU.Build.0 = Debug|Any CPU
		{7EAF288F-C026-4AF5-B7B1-69E4A3BF743F}.Debug|x64.ActiveCfg = Debug|Any CPU
		{7EAF288F-C026-4AF5-B7B1-69E4A3BF743F}.Debug|x86.ActiveCfg = Debug|Any CPU
		{7EAF288F-C026-4AF5-B7B1-69E4A3BF743F}.Release|Any CPU.ActiveCfg = Release|Any CPU
		{7EAF288F-C026-4AF5-B7B1-69E4A3BF743F}.Release|Any CPU.Build.0 = Release|Any CPU
		{7EAF288F-C026-4AF5-B7B1-69E4A3BF743F}.Release|x64.ActiveCfg = Release|Any CPU
		{7EAF288F-C026-4AF5-B7B1-69E4A3BF743F}.Release|x86.ActiveCfg = Release|Any CPU
		{48B6523E-61A6-4063-AA7D-C8AB905238E5}.Debug|Any CPU.ActiveCfg = Debug|Any CPU
		{48B6523E-61A6-4063-AA7D-C8AB905238E5}.Debug|Any CPU.Build.0 = Debug|Any CPU
		{48B6523E-61A6-4063-AA7D-C8AB905238E5}.Debug|x64.ActiveCfg = Debug|x64
		{48B6523E-61A6-4063-AA7D-C8AB905238E5}.Debug|x64.Build.0 = Debug|x64
		{48B6523E-61A6-4063-AA7D-C8AB905238E5}.Debug|x86.ActiveCfg = Debug|x86
		{48B6523E-61A6-4063-AA7D-C8AB905238E5}.Debug|x86.Build.0 = Debug|x86
		{48B6523E-61A6-4063-AA7D-C8AB905238E5}.Release|Any CPU.ActiveCfg = Release|Any CPU
		{48B6523E-61A6-4063-AA7D-C8AB905238E5}.Release|Any CPU.Build.0 = Release|Any CPU
		{48B6523E-61A6-4063-AA7D-C8AB905238E5}.Release|x64.ActiveCfg = Release|x64
		{48B6523E-61A6-4063-AA7D-C8AB905238E5}.Release|x64.Build.0 = Release|x64
		{48B6523E-61A6-4063-AA7D-C8AB905238E5}.Release|x86.ActiveCfg = Release|x86
		{48B6523E-61A6-4063-AA7D-C8AB905238E5}.Release|x86.Build.0 = Release|x86
		{4D507C5E-48B8-4E3F-8DE1-A233C43E97E8}.Debug|Any CPU.ActiveCfg = Debug|Any CPU
		{4D507C5E-48B8-4E3F-8DE1-A233C43E97E8}.Debug|Any CPU.Build.0 = Debug|Any CPU
		{4D507C5E-48B8-4E3F-8DE1-A233C43E97E8}.Debug|x64.ActiveCfg = Debug|x86
		{4D507C5E-48B8-4E3F-8DE1-A233C43E97E8}.Debug|x86.ActiveCfg = Debug|Any CPU
		{4D507C5E-48B8-4E3F-8DE1-A233C43E97E8}.Release|Any CPU.ActiveCfg = Release|Any CPU
		{4D507C5E-48B8-4E3F-8DE1-A233C43E97E8}.Release|Any CPU.Build.0 = Release|Any CPU
		{4D507C5E-48B8-4E3F-8DE1-A233C43E97E8}.Release|x64.ActiveCfg = Release|x86
		{4D507C5E-48B8-4E3F-8DE1-A233C43E97E8}.Release|x86.ActiveCfg = Release|x86
		{4D507C5E-48B8-4E3F-8DE1-A233C43E97E8}.Release|x86.Build.0 = Release|x86
		{C4F3AC89-4EBE-461D-82B3-0F7850A5A41B}.Debug|Any CPU.ActiveCfg = Debug|Any CPU
		{C4F3AC89-4EBE-461D-82B3-0F7850A5A41B}.Debug|Any CPU.Build.0 = Debug|Any CPU
		{C4F3AC89-4EBE-461D-82B3-0F7850A5A41B}.Debug|x64.ActiveCfg = Debug|x64
		{C4F3AC89-4EBE-461D-82B3-0F7850A5A41B}.Debug|x64.Build.0 = Debug|x64
		{C4F3AC89-4EBE-461D-82B3-0F7850A5A41B}.Debug|x86.ActiveCfg = Debug|Any CPU
		{C4F3AC89-4EBE-461D-82B3-0F7850A5A41B}.Release|Any CPU.ActiveCfg = Release|Any CPU
		{C4F3AC89-4EBE-461D-82B3-0F7850A5A41B}.Release|Any CPU.Build.0 = Release|Any CPU
		{C4F3AC89-4EBE-461D-82B3-0F7850A5A41B}.Release|x64.ActiveCfg = Release|x64
		{C4F3AC89-4EBE-461D-82B3-0F7850A5A41B}.Release|x64.Build.0 = Release|x64
		{C4F3AC89-4EBE-461D-82B3-0F7850A5A41B}.Release|x86.ActiveCfg = Release|x86
		{C4F3AC89-4EBE-461D-82B3-0F7850A5A41B}.Release|x86.Build.0 = Release|x86
		{71855481-D14B-470A-86AE-466991820B2E}.Debug|Any CPU.ActiveCfg = Debug|Any CPU
		{71855481-D14B-470A-86AE-466991820B2E}.Debug|Any CPU.Build.0 = Debug|Any CPU
		{71855481-D14B-470A-86AE-466991820B2E}.Debug|x64.ActiveCfg = Debug|x64
		{71855481-D14B-470A-86AE-466991820B2E}.Debug|x64.Build.0 = Debug|x64
		{71855481-D14B-470A-86AE-466991820B2E}.Debug|x86.ActiveCfg = Debug|Any CPU
		{71855481-D14B-470A-86AE-466991820B2E}.Release|Any CPU.ActiveCfg = Release|Any CPU
		{71855481-D14B-470A-86AE-466991820B2E}.Release|Any CPU.Build.0 = Release|Any CPU
		{71855481-D14B-470A-86AE-466991820B2E}.Release|x64.ActiveCfg = Release|x64
		{71855481-D14B-470A-86AE-466991820B2E}.Release|x64.Build.0 = Release|x64
		{71855481-D14B-470A-86AE-466991820B2E}.Release|x86.ActiveCfg = Release|Any CPU
		{53304E7F-B3E7-41CE-B142-A26861E8F3C0}.Debug|Any CPU.ActiveCfg = Debug|Any CPU
		{53304E7F-B3E7-41CE-B142-A26861E8F3C0}.Debug|Any CPU.Build.0 = Debug|Any CPU
		{53304E7F-B3E7-41CE-B142-A26861E8F3C0}.Debug|x64.ActiveCfg = Debug|x64
		{53304E7F-B3E7-41CE-B142-A26861E8F3C0}.Debug|x64.Build.0 = Debug|x64
		{53304E7F-B3E7-41CE-B142-A26861E8F3C0}.Debug|x86.ActiveCfg = Debug|Any CPU
		{53304E7F-B3E7-41CE-B142-A26861E8F3C0}.Release|Any CPU.ActiveCfg = Release|Any CPU
		{53304E7F-B3E7-41CE-B142-A26861E8F3C0}.Release|Any CPU.Build.0 = Release|Any CPU
		{53304E7F-B3E7-41CE-B142-A26861E8F3C0}.Release|x64.ActiveCfg = Release|x64
		{53304E7F-B3E7-41CE-B142-A26861E8F3C0}.Release|x64.Build.0 = Release|x64
		{53304E7F-B3E7-41CE-B142-A26861E8F3C0}.Release|x86.ActiveCfg = Release|Any CPU
		{EC202CEA-39A4-468F-B1F4-AB38C6D76011}.Debug|Any CPU.ActiveCfg = Debug|Any CPU
		{EC202CEA-39A4-468F-B1F4-AB38C6D76011}.Debug|Any CPU.Build.0 = Debug|Any CPU
		{EC202CEA-39A4-468F-B1F4-AB38C6D76011}.Debug|x64.ActiveCfg = Debug|x64
		{EC202CEA-39A4-468F-B1F4-AB38C6D76011}.Debug|x64.Build.0 = Debug|x64
		{EC202CEA-39A4-468F-B1F4-AB38C6D76011}.Debug|x86.ActiveCfg = Debug|x86
		{EC202CEA-39A4-468F-B1F4-AB38C6D76011}.Debug|x86.Build.0 = Debug|x86
		{EC202CEA-39A4-468F-B1F4-AB38C6D76011}.Release|Any CPU.ActiveCfg = Release|Any CPU
		{EC202CEA-39A4-468F-B1F4-AB38C6D76011}.Release|Any CPU.Build.0 = Release|Any CPU
		{EC202CEA-39A4-468F-B1F4-AB38C6D76011}.Release|x64.ActiveCfg = Release|x64
		{EC202CEA-39A4-468F-B1F4-AB38C6D76011}.Release|x64.Build.0 = Release|x64
		{EC202CEA-39A4-468F-B1F4-AB38C6D76011}.Release|x86.ActiveCfg = Release|x86
		{EC202CEA-39A4-468F-B1F4-AB38C6D76011}.Release|x86.Build.0 = Release|x86
		{C55F8EA3-AF28-48FD-ADFE-534117600677}.Debug|Any CPU.ActiveCfg = Debug|Any CPU
		{C55F8EA3-AF28-48FD-ADFE-534117600677}.Debug|Any CPU.Build.0 = Debug|Any CPU
		{C55F8EA3-AF28-48FD-ADFE-534117600677}.Debug|x64.ActiveCfg = Debug|x64
		{C55F8EA3-AF28-48FD-ADFE-534117600677}.Debug|x64.Build.0 = Debug|x64
		{C55F8EA3-AF28-48FD-ADFE-534117600677}.Debug|x86.ActiveCfg = Debug|x86
		{C55F8EA3-AF28-48FD-ADFE-534117600677}.Debug|x86.Build.0 = Debug|x86
		{C55F8EA3-AF28-48FD-ADFE-534117600677}.Release|Any CPU.ActiveCfg = Release|Any CPU
		{C55F8EA3-AF28-48FD-ADFE-534117600677}.Release|Any CPU.Build.0 = Release|Any CPU
		{C55F8EA3-AF28-48FD-ADFE-534117600677}.Release|x64.ActiveCfg = Release|x64
		{C55F8EA3-AF28-48FD-ADFE-534117600677}.Release|x64.Build.0 = Release|x64
		{C55F8EA3-AF28-48FD-ADFE-534117600677}.Release|x86.ActiveCfg = Release|x86
		{C55F8EA3-AF28-48FD-ADFE-534117600677}.Release|x86.Build.0 = Release|x86
		{D2A9F84A-6802-44AC-94E7-80078D25032E}.Debug|Any CPU.ActiveCfg = Debug|Any CPU
		{D2A9F84A-6802-44AC-94E7-80078D25032E}.Debug|Any CPU.Build.0 = Debug|Any CPU
		{D2A9F84A-6802-44AC-94E7-80078D25032E}.Debug|x64.ActiveCfg = Debug|x64
		{D2A9F84A-6802-44AC-94E7-80078D25032E}.Debug|x64.Build.0 = Debug|x64
		{D2A9F84A-6802-44AC-94E7-80078D25032E}.Debug|x86.ActiveCfg = Debug|Any CPU
		{D2A9F84A-6802-44AC-94E7-80078D25032E}.Release|Any CPU.ActiveCfg = Release|Any CPU
		{D2A9F84A-6802-44AC-94E7-80078D25032E}.Release|Any CPU.Build.0 = Release|Any CPU
		{D2A9F84A-6802-44AC-94E7-80078D25032E}.Release|x64.ActiveCfg = Release|x64
		{D2A9F84A-6802-44AC-94E7-80078D25032E}.Release|x64.Build.0 = Release|x64
		{D2A9F84A-6802-44AC-94E7-80078D25032E}.Release|x86.ActiveCfg = Release|x86
		{D2A9F84A-6802-44AC-94E7-80078D25032E}.Release|x86.Build.0 = Release|x86
		{9CCC92BD-6595-4E79-80D3-CF7E0E1662B0}.Debug|Any CPU.ActiveCfg = Debug|Any CPU
		{9CCC92BD-6595-4E79-80D3-CF7E0E1662B0}.Debug|Any CPU.Build.0 = Debug|Any CPU
		{9CCC92BD-6595-4E79-80D3-CF7E0E1662B0}.Debug|x64.ActiveCfg = Debug|x64
		{9CCC92BD-6595-4E79-80D3-CF7E0E1662B0}.Debug|x64.Build.0 = Debug|x64
		{9CCC92BD-6595-4E79-80D3-CF7E0E1662B0}.Debug|x86.ActiveCfg = Debug|Any CPU
		{9CCC92BD-6595-4E79-80D3-CF7E0E1662B0}.Release|Any CPU.ActiveCfg = Release|Any CPU
		{9CCC92BD-6595-4E79-80D3-CF7E0E1662B0}.Release|Any CPU.Build.0 = Release|Any CPU
		{9CCC92BD-6595-4E79-80D3-CF7E0E1662B0}.Release|x64.ActiveCfg = Release|x64
		{9CCC92BD-6595-4E79-80D3-CF7E0E1662B0}.Release|x64.Build.0 = Release|x64
		{9CCC92BD-6595-4E79-80D3-CF7E0E1662B0}.Release|x86.ActiveCfg = Release|x86
		{9CCC92BD-6595-4E79-80D3-CF7E0E1662B0}.Release|x86.Build.0 = Release|x86
		{CA65745D-44CB-431A-BF12-1E47E753FF93}.Debug|Any CPU.ActiveCfg = Debug|Any CPU
		{CA65745D-44CB-431A-BF12-1E47E753FF93}.Debug|Any CPU.Build.0 = Debug|Any CPU
		{CA65745D-44CB-431A-BF12-1E47E753FF93}.Debug|x64.ActiveCfg = Debug|x64
		{CA65745D-44CB-431A-BF12-1E47E753FF93}.Debug|x64.Build.0 = Debug|x64
		{CA65745D-44CB-431A-BF12-1E47E753FF93}.Debug|x86.ActiveCfg = Debug|Any CPU
		{CA65745D-44CB-431A-BF12-1E47E753FF93}.Release|Any CPU.ActiveCfg = Release|Any CPU
		{CA65745D-44CB-431A-BF12-1E47E753FF93}.Release|Any CPU.Build.0 = Release|Any CPU
		{CA65745D-44CB-431A-BF12-1E47E753FF93}.Release|x64.ActiveCfg = Release|x64
		{CA65745D-44CB-431A-BF12-1E47E753FF93}.Release|x64.Build.0 = Release|x64
		{CA65745D-44CB-431A-BF12-1E47E753FF93}.Release|x86.ActiveCfg = Release|x86
		{CA65745D-44CB-431A-BF12-1E47E753FF93}.Release|x86.Build.0 = Release|x86
		{8461ED48-3CD6-422C-9C27-133E58A16D29}.Debug|Any CPU.ActiveCfg = Debug|Any CPU
		{8461ED48-3CD6-422C-9C27-133E58A16D29}.Debug|Any CPU.Build.0 = Debug|Any CPU
		{8461ED48-3CD6-422C-9C27-133E58A16D29}.Debug|x64.ActiveCfg = Debug|x64
		{8461ED48-3CD6-422C-9C27-133E58A16D29}.Debug|x64.Build.0 = Debug|x64
		{8461ED48-3CD6-422C-9C27-133E58A16D29}.Debug|x86.ActiveCfg = Debug|x86
		{8461ED48-3CD6-422C-9C27-133E58A16D29}.Debug|x86.Build.0 = Debug|x86
		{8461ED48-3CD6-422C-9C27-133E58A16D29}.Release|Any CPU.ActiveCfg = Release|Any CPU
		{8461ED48-3CD6-422C-9C27-133E58A16D29}.Release|Any CPU.Build.0 = Release|Any CPU
		{8461ED48-3CD6-422C-9C27-133E58A16D29}.Release|x64.ActiveCfg = Release|x64
		{8461ED48-3CD6-422C-9C27-133E58A16D29}.Release|x64.Build.0 = Release|x64
		{8461ED48-3CD6-422C-9C27-133E58A16D29}.Release|x86.ActiveCfg = Release|x86
		{8461ED48-3CD6-422C-9C27-133E58A16D29}.Release|x86.Build.0 = Release|x86
		{529450F3-0C27-4312-AD58-6B74A1910FFD}.Debug|Any CPU.ActiveCfg = Debug|Any CPU
		{529450F3-0C27-4312-AD58-6B74A1910FFD}.Debug|Any CPU.Build.0 = Debug|Any CPU
		{529450F3-0C27-4312-AD58-6B74A1910FFD}.Debug|x64.ActiveCfg = Debug|x64
		{529450F3-0C27-4312-AD58-6B74A1910FFD}.Debug|x64.Build.0 = Debug|x64
		{529450F3-0C27-4312-AD58-6B74A1910FFD}.Debug|x86.ActiveCfg = Debug|x86
		{529450F3-0C27-4312-AD58-6B74A1910FFD}.Debug|x86.Build.0 = Debug|x86
		{529450F3-0C27-4312-AD58-6B74A1910FFD}.Release|Any CPU.ActiveCfg = Release|Any CPU
		{529450F3-0C27-4312-AD58-6B74A1910FFD}.Release|Any CPU.Build.0 = Release|Any CPU
		{529450F3-0C27-4312-AD58-6B74A1910FFD}.Release|x64.ActiveCfg = Release|x64
		{529450F3-0C27-4312-AD58-6B74A1910FFD}.Release|x64.Build.0 = Release|x64
		{529450F3-0C27-4312-AD58-6B74A1910FFD}.Release|x86.ActiveCfg = Release|x86
		{529450F3-0C27-4312-AD58-6B74A1910FFD}.Release|x86.Build.0 = Release|x86
		{CD3E8F84-E7B8-4175-B3E1-B00BCB96ACAA}.Debug|Any CPU.ActiveCfg = Debug|Any CPU
		{CD3E8F84-E7B8-4175-B3E1-B00BCB96ACAA}.Debug|Any CPU.Build.0 = Debug|Any CPU
		{CD3E8F84-E7B8-4175-B3E1-B00BCB96ACAA}.Debug|x64.ActiveCfg = Debug|x64
		{CD3E8F84-E7B8-4175-B3E1-B00BCB96ACAA}.Debug|x64.Build.0 = Debug|x64
		{CD3E8F84-E7B8-4175-B3E1-B00BCB96ACAA}.Debug|x86.ActiveCfg = Debug|Any CPU
		{CD3E8F84-E7B8-4175-B3E1-B00BCB96ACAA}.Release|Any CPU.ActiveCfg = Release|Any CPU
		{CD3E8F84-E7B8-4175-B3E1-B00BCB96ACAA}.Release|Any CPU.Build.0 = Release|Any CPU
		{CD3E8F84-E7B8-4175-B3E1-B00BCB96ACAA}.Release|x64.ActiveCfg = Release|x64
		{CD3E8F84-E7B8-4175-B3E1-B00BCB96ACAA}.Release|x64.Build.0 = Release|x64
		{CD3E8F84-E7B8-4175-B3E1-B00BCB96ACAA}.Release|x86.ActiveCfg = Release|Any CPU
	EndGlobalSection
	GlobalSection(SolutionProperties) = preSolution
		HideSolutionNode = FALSE
	EndGlobalSection
EndGlobal
