
Microsoft Visual Studio Solution File, Format Version 12.00
# Visual Studio 2012
Project("{2150E333-8FDC-42A3-9474-1A3956D46DE8}") = "Hosting", "Hosting", "{CA7C17D6-7D60-41FE-A129-B9C2ABCAF25B}"
EndProject
Project("{2150E333-8FDC-42A3-9474-1A3956D46DE8}") = "_Common", "_Common", "{6D80C80B-F252-4404-90B2-7F64DF4F9925}"
EndProject
Project("{FAE04EC0-301F-11D3-BF4B-00C04F79EFBC}") = "BMC.Common", "..\..\Common\BMC.Common\BMC.Common.csproj", "{4D507C5E-48B8-4E3F-8DE1-A233C43E97E8}"
EndProject
Project("{FAE04EC0-301F-11D3-BF4B-00C04F79EFBC}") = "BMC.CoreLib", "..\..\Common\BMC.CoreLib\BMC.CoreLib.csproj", "{8BD66A0A-49F9-497F-914C-BF8926336848}"
EndProject
Project("{2150E333-8FDC-42A3-9474-1A3956D46DE8}") = "DataLayer", "DataLayer", "{459EAF7B-1AB5-4C7C-9774-497AB082B850}"
EndProject
Project("{FAE04EC0-301F-11D3-BF4B-00C04F79EFBC}") = "BMC.SQLite", "..\..\Common\BMC.SQLite\BMC.SQLite.csproj", "{B79E5285-6972-40A6-B946-26F1F6032671}"
EndProject
Project("{FAE04EC0-301F-11D3-BF4B-00C04F79EFBC}") = "BMC.ExComms.DataLayer", "BMC.ExComms.DataLayer\BMC.ExComms.DataLayer.csproj", "{BB812B74-4D34-40FB-BB16-5BCA5E701EEC}"
EndProject
Project("{FAE04EC0-301F-11D3-BF4B-00C04F79EFBC}") = "BMC.ExComms.Hosting", "BMC.ExComms.Hosting\BMC.ExComms.Hosting.csproj", "{391E1E16-6123-490D-B871-B989A4D5C8AD}"
EndProject
Project("{2150E333-8FDC-42A3-9474-1A3956D46DE8}") = "Business", "Business", "{378B670A-E108-431B-AEF1-F6D9B9C69539}"
EndProject
Project("{2150E333-8FDC-42A3-9474-1A3956D46DE8}") = "Contracts", "Contracts", "{BDEBEF50-B122-49AD-86A8-A3F5867C8E76}"
EndProject
Project("{FAE04EC0-301F-11D3-BF4B-00C04F79EFBC}") = "BMC.ExComms.Contracts", "BMC.ExComms.Contracts\BMC.ExComms.Contracts.csproj", "{ADD1395A-60A3-42E0-B231-81F1BADFC28A}"
EndProject
Project("{2150E333-8FDC-42A3-9474-1A3956D46DE8}") = "Servers", "Servers", "{92917991-6923-4383-89C5-A195AACB77B6}"
EndProject
Project("{FAE04EC0-301F-11D3-BF4B-00C04F79EFBC}") = "BMC.ExComms.Server", "BMC.ExComms.Server\BMC.ExComms.Server.csproj", "{D477C22C-1B3E-4C86-A61A-3DA4CED7DDF4}"
EndProject
Project("{FAE04EC0-301F-11D3-BF4B-00C04F79EFBC}") = "BMC.ExMonitor.Server", "BMC.ExMonitor.Server\BMC.ExMonitor.Server.csproj", "{3D34855A-B2C7-40A4-BCCD-A4CD38C19CE1}"
EndProject
Project("{2150E333-8FDC-42A3-9474-1A3956D46DE8}") = "CMP", "CMP", "{E00B4A27-2A60-4AFD-BEF7-08CE2CCBC6A8}"
EndProject
Project("{FAE04EC0-301F-11D3-BF4B-00C04F79EFBC}") = "BMC.PlayerGateway", "..\MSMQ\BMC.PlayerGateway\BMC.PlayerGateway\BMC.PlayerGateway.csproj", "{01E1F132-B8DD-42C5-8160-094ECD839B70}"
EndProject
Project("{FAE04EC0-301F-11D3-BF4B-00C04F79EFBC}") = "BMC.Crypto", "..\MSMQ\BMC.Crypto\BMC.Crypto.csproj", "{85BD4210-4DD7-4E32-9B64-A0B93BEA8CED}"
EndProject
Project("{2150E333-8FDC-42A3-9474-1A3956D46DE8}") = "Testing", "Testing", "{78122730-02DE-461F-98F7-4A28E0002261}"
EndProject
Project("{FAE04EC0-301F-11D3-BF4B-00C04F79EFBC}") = "FFEntityTests", "Testing\FFEntityTests\FFEntityTests.csproj", "{A79DC49F-2263-4DF3-9D97-BE884BBE0F67}"
EndProject
Project("{2150E333-8FDC-42A3-9474-1A3956D46DE8}") = "Simulator", "Simulator", "{51A76341-0851-4B8A-A784-341F37756247}"
EndProject
Project("{FAE04EC0-301F-11D3-BF4B-00C04F79EFBC}") = "BMC.ExComms.Simulator", "Simulator\BMC.ExComms.Simulator\BMC.ExComms.Simulator.csproj", "{245EE6E2-195F-4A3A-98C2-CDD4060CE402}"
EndProject
Project("{FAE04EC0-301F-11D3-BF4B-00C04F79EFBC}") = "ConsoleTesting", "Testing\ConsoleTesting\ConsoleTesting.csproj", "{12BAFB88-4116-4EA0-939A-EC4ACD01B85B}"
EndProject
Project("{FAE04EC0-301F-11D3-BF4B-00C04F79EFBC}") = "MonitorServerTesting", "Testing\MonitorServerTesting\MonitorServerTesting.csproj", "{32347675-814C-477E-94B1-71D390E8475D}"
	ProjectSection(ProjectDependencies) = postProject
		{3D34855A-B2C7-40A4-BCCD-A4CD38C19CE1} = {3D34855A-B2C7-40A4-BCCD-A4CD38C19CE1}
	EndProjectSection
EndProject
Project("{FAE04EC0-301F-11D3-BF4B-00C04F79EFBC}") = "CommsServerTesting", "CommsServerTesting\CommsServerTesting.csproj", "{E0B18EDB-893A-42E1-80EC-3FC9F27E4E64}"
EndProject
Project("{2150E333-8FDC-42A3-9474-1A3956D46DE8}") = "Others", "Others", "{3C39AD5A-A70D-48C3-A62E-4DC0FB8290AF}"
EndProject
Project("{FAE04EC0-301F-11D3-BF4B-00C04F79EFBC}") = "TicketingCOM", "..\Comms\TicketingCOM\TicketingCOM\TicketingCOM.csproj", "{3CC3E051-D2CF-4E07-99F7-7ACA0AD2DE00}"
EndProject
Project("{FAE04EC0-301F-11D3-BF4B-00C04F79EFBC}") = "BMC.DataAccess.Comms", "..\Comms\BMC.DataAccess.Comms\BMC.DataAccess.Comms.csproj", "{C4F3AC89-4EBE-461D-82B3-0F7850A5A41B}"
EndProject
Project("{FAE04EC0-301F-11D3-BF4B-00C04F79EFBC}") = "Audit.Transport", "..\AuditViewer\Audit.Transport\Audit.Transport.csproj", "{CA65745D-44CB-431A-BF12-1E47E753FF93}"
EndProject
Project("{FAE04EC0-301F-11D3-BF4B-00C04F79EFBC}") = "Audit.BusinessClasses", "..\AuditViewer\AuditBusiness\Audit.BusinessClasses.csproj", "{9CCC92BD-6595-4E79-80D3-CF7E0E1662B0}"
EndProject
Project("{FAE04EC0-301F-11D3-BF4B-00C04F79EFBC}") = "Audit.DBBuilder", "..\AuditViewer\Audit.DBBuilder\Audit.DBBuilder.csproj", "{529450F3-0C27-4312-AD58-6B74A1910FFD}"
EndProject
Project("{FAE04EC0-301F-11D3-BF4B-00C04F79EFBC}") = "BMC.Security", "..\..\Common\BMC.Security\BMC.Security.csproj", "{71855481-D14B-470A-86AE-466991820B2E}"
EndProject
Project("{FAE04EC0-301F-11D3-BF4B-00C04F79EFBC}") = "SampleTesting", "Testing\SampleTesting\SampleTesting.csproj", "{9AAFD958-E970-4568-BADF-9DA6E3C55EF3}"
EndProject
Global
	GlobalSection(SolutionConfigurationPlatforms) = preSolution
		Debug|Any CPU = Debug|Any CPU
		Debug|x64 = Debug|x64
		Debug|x86 = Debug|x86
		Debug86|Any CPU = Debug86|Any CPU
		Debug86|x64 = Debug86|x64
		Debug86|x86 = Debug86|x86
		Release|Any CPU = Release|Any CPU
		Release|x64 = Release|x64
		Release|x86 = Release|x86
	EndGlobalSection
	GlobalSection(ProjectConfigurationPlatforms) = postSolution
		{4D507C5E-48B8-4E3F-8DE1-A233C43E97E8}.Debug|Any CPU.ActiveCfg = Debug|Any CPU
		{4D507C5E-48B8-4E3F-8DE1-A233C43E97E8}.Debug|Any CPU.Build.0 = Debug|Any CPU
		{4D507C5E-48B8-4E3F-8DE1-A233C43E97E8}.Debug|x64.ActiveCfg = Debug|x64
		{4D507C5E-48B8-4E3F-8DE1-A233C43E97E8}.Debug|x64.Build.0 = Debug|x64
		{4D507C5E-48B8-4E3F-8DE1-A233C43E97E8}.Debug|x86.ActiveCfg = Debug|x86
		{4D507C5E-48B8-4E3F-8DE1-A233C43E97E8}.Debug|x86.Build.0 = Debug|x86
		{4D507C5E-48B8-4E3F-8DE1-A233C43E97E8}.Debug86|Any CPU.ActiveCfg = Debug|Any CPU
		{4D507C5E-48B8-4E3F-8DE1-A233C43E97E8}.Debug86|Any CPU.Build.0 = Debug|Any CPU
		{4D507C5E-48B8-4E3F-8DE1-A233C43E97E8}.Debug86|x64.ActiveCfg = Debug|x64
		{4D507C5E-48B8-4E3F-8DE1-A233C43E97E8}.Debug86|x64.Build.0 = Debug|x64
		{4D507C5E-48B8-4E3F-8DE1-A233C43E97E8}.Debug86|x86.ActiveCfg = Debug|x86
		{4D507C5E-48B8-4E3F-8DE1-A233C43E97E8}.Debug86|x86.Build.0 = Debug|x86
		{4D507C5E-48B8-4E3F-8DE1-A233C43E97E8}.Release|Any CPU.ActiveCfg = Release|Any CPU
		{4D507C5E-48B8-4E3F-8DE1-A233C43E97E8}.Release|Any CPU.Build.0 = Release|Any CPU
		{4D507C5E-48B8-4E3F-8DE1-A233C43E97E8}.Release|x64.ActiveCfg = Release|x64
		{4D507C5E-48B8-4E3F-8DE1-A233C43E97E8}.Release|x64.Build.0 = Release|x64
		{4D507C5E-48B8-4E3F-8DE1-A233C43E97E8}.Release|x86.ActiveCfg = Release|x86
		{4D507C5E-48B8-4E3F-8DE1-A233C43E97E8}.Release|x86.Build.0 = Release|x86
		{8BD66A0A-49F9-497F-914C-BF8926336848}.Debug|Any CPU.ActiveCfg = Debug|Any CPU
		{8BD66A0A-49F9-497F-914C-BF8926336848}.Debug|Any CPU.Build.0 = Debug|Any CPU
		{8BD66A0A-49F9-497F-914C-BF8926336848}.Debug|x64.ActiveCfg = Debug|x64
		{8BD66A0A-49F9-497F-914C-BF8926336848}.Debug|x64.Build.0 = Debug|x64
		{8BD66A0A-49F9-497F-914C-BF8926336848}.Debug|x86.ActiveCfg = Debug|x86
		{8BD66A0A-49F9-497F-914C-BF8926336848}.Debug|x86.Build.0 = Debug|x86
		{8BD66A0A-49F9-497F-914C-BF8926336848}.Debug86|Any CPU.ActiveCfg = Debug86|Any CPU
		{8BD66A0A-49F9-497F-914C-BF8926336848}.Debug86|Any CPU.Build.0 = Debug86|Any CPU
		{8BD66A0A-49F9-497F-914C-BF8926336848}.Debug86|x64.ActiveCfg = Debug86|x64
		{8BD66A0A-49F9-497F-914C-BF8926336848}.Debug86|x64.Build.0 = Debug86|x64
		{8BD66A0A-49F9-497F-914C-BF8926336848}.Debug86|x86.ActiveCfg = Debug86|x86
		{8BD66A0A-49F9-497F-914C-BF8926336848}.Debug86|x86.Build.0 = Debug86|x86
		{8BD66A0A-49F9-497F-914C-BF8926336848}.Release|Any CPU.ActiveCfg = Release|Any CPU
		{8BD66A0A-49F9-497F-914C-BF8926336848}.Release|Any CPU.Build.0 = Release|Any CPU
		{8BD66A0A-49F9-497F-914C-BF8926336848}.Release|x64.ActiveCfg = Release|x64
		{8BD66A0A-49F9-497F-914C-BF8926336848}.Release|x64.Build.0 = Release|x64
		{8BD66A0A-49F9-497F-914C-BF8926336848}.Release|x86.ActiveCfg = Release|x86
		{8BD66A0A-49F9-497F-914C-BF8926336848}.Release|x86.Build.0 = Release|x86
		{B79E5285-6972-40A6-B946-26F1F6032671}.Debug|Any CPU.ActiveCfg = Debug|Any CPU
		{B79E5285-6972-40A6-B946-26F1F6032671}.Debug|Any CPU.Build.0 = Debug|Any CPU
		{B79E5285-6972-40A6-B946-26F1F6032671}.Debug|x64.ActiveCfg = Debug|x64
		{B79E5285-6972-40A6-B946-26F1F6032671}.Debug|x64.Build.0 = Debug|x64
		{B79E5285-6972-40A6-B946-26F1F6032671}.Debug|x86.ActiveCfg = Debug|x86
		{B79E5285-6972-40A6-B946-26F1F6032671}.Debug|x86.Build.0 = Debug|x86
		{B79E5285-6972-40A6-B946-26F1F6032671}.Debug86|Any CPU.ActiveCfg = Debug|Any CPU
		{B79E5285-6972-40A6-B946-26F1F6032671}.Debug86|Any CPU.Build.0 = Debug|Any CPU
		{B79E5285-6972-40A6-B946-26F1F6032671}.Debug86|x64.ActiveCfg = Debug|x64
		{B79E5285-6972-40A6-B946-26F1F6032671}.Debug86|x64.Build.0 = Debug|x64
		{B79E5285-6972-40A6-B946-26F1F6032671}.Debug86|x86.ActiveCfg = Debug|x86
		{B79E5285-6972-40A6-B946-26F1F6032671}.Debug86|x86.Build.0 = Debug|x86
		{B79E5285-6972-40A6-B946-26F1F6032671}.Release|Any CPU.ActiveCfg = Release|Any CPU
		{B79E5285-6972-40A6-B946-26F1F6032671}.Release|Any CPU.Build.0 = Release|Any CPU
		{B79E5285-6972-40A6-B946-26F1F6032671}.Release|x64.ActiveCfg = Release|x64
		{B79E5285-6972-40A6-B946-26F1F6032671}.Release|x64.Build.0 = Release|x64
		{B79E5285-6972-40A6-B946-26F1F6032671}.Release|x86.ActiveCfg = Release|x86
		{B79E5285-6972-40A6-B946-26F1F6032671}.Release|x86.Build.0 = Release|x86
		{BB812B74-4D34-40FB-BB16-5BCA5E701EEC}.Debug|Any CPU.ActiveCfg = Debug|Any CPU
		{BB812B74-4D34-40FB-BB16-5BCA5E701EEC}.Debug|Any CPU.Build.0 = Debug|Any CPU
		{BB812B74-4D34-40FB-BB16-5BCA5E701EEC}.Debug|x64.ActiveCfg = Debug|Any CPU
		{BB812B74-4D34-40FB-BB16-5BCA5E701EEC}.Debug|x86.ActiveCfg = Debug|Any CPU
		{BB812B74-4D34-40FB-BB16-5BCA5E701EEC}.Debug86|Any CPU.ActiveCfg = Debug|Any CPU
		{BB812B74-4D34-40FB-BB16-5BCA5E701EEC}.Debug86|Any CPU.Build.0 = Debug|Any CPU
		{BB812B74-4D34-40FB-BB16-5BCA5E701EEC}.Debug86|x64.ActiveCfg = Debug|Any CPU
		{BB812B74-4D34-40FB-BB16-5BCA5E701EEC}.Debug86|x86.ActiveCfg = Debug|Any CPU
		{BB812B74-4D34-40FB-BB16-5BCA5E701EEC}.Release|Any CPU.ActiveCfg = Release|Any CPU
		{BB812B74-4D34-40FB-BB16-5BCA5E701EEC}.Release|Any CPU.Build.0 = Release|Any CPU
		{BB812B74-4D34-40FB-BB16-5BCA5E701EEC}.Release|x64.ActiveCfg = Release|Any CPU
		{BB812B74-4D34-40FB-BB16-5BCA5E701EEC}.Release|x86.ActiveCfg = Release|x86
		{BB812B74-4D34-40FB-BB16-5BCA5E701EEC}.Release|x86.Build.0 = Release|x86
		{391E1E16-6123-490D-B871-B989A4D5C8AD}.Debug|Any CPU.ActiveCfg = Debug|Any CPU
		{391E1E16-6123-490D-B871-B989A4D5C8AD}.Debug|Any CPU.Build.0 = Debug|Any CPU
		{391E1E16-6123-490D-B871-B989A4D5C8AD}.Debug|x64.ActiveCfg = Debug|Any CPU
		{391E1E16-6123-490D-B871-B989A4D5C8AD}.Debug|x86.ActiveCfg = Debug|Any CPU
		{391E1E16-6123-490D-B871-B989A4D5C8AD}.Debug86|Any CPU.ActiveCfg = Debug|Any CPU
		{391E1E16-6123-490D-B871-B989A4D5C8AD}.Debug86|Any CPU.Build.0 = Debug|Any CPU
		{391E1E16-6123-490D-B871-B989A4D5C8AD}.Debug86|x64.ActiveCfg = Debug|Any CPU
		{391E1E16-6123-490D-B871-B989A4D5C8AD}.Debug86|x86.ActiveCfg = Debug|Any CPU
		{391E1E16-6123-490D-B871-B989A4D5C8AD}.Release|Any CPU.ActiveCfg = Release|Any CPU
		{391E1E16-6123-490D-B871-B989A4D5C8AD}.Release|Any CPU.Build.0 = Release|Any CPU
		{391E1E16-6123-490D-B871-B989A4D5C8AD}.Release|x64.ActiveCfg = Release|Any CPU
		{391E1E16-6123-490D-B871-B989A4D5C8AD}.Release|x86.ActiveCfg = Release|x86
		{391E1E16-6123-490D-B871-B989A4D5C8AD}.Release|x86.Build.0 = Release|x86
		{ADD1395A-60A3-42E0-B231-81F1BADFC28A}.Debug|Any CPU.ActiveCfg = Debug|Any CPU
		{ADD1395A-60A3-42E0-B231-81F1BADFC28A}.Debug|Any CPU.Build.0 = Debug|Any CPU
		{ADD1395A-60A3-42E0-B231-81F1BADFC28A}.Debug|x64.ActiveCfg = Debug|Any CPU
		{ADD1395A-60A3-42E0-B231-81F1BADFC28A}.Debug|x86.ActiveCfg = Debug|Any CPU
		{ADD1395A-60A3-42E0-B231-81F1BADFC28A}.Debug86|Any CPU.ActiveCfg = Debug|Any CPU
		{ADD1395A-60A3-42E0-B231-81F1BADFC28A}.Debug86|Any CPU.Build.0 = Debug|Any CPU
		{ADD1395A-60A3-42E0-B231-81F1BADFC28A}.Debug86|x64.ActiveCfg = Debug|Any CPU
		{ADD1395A-60A3-42E0-B231-81F1BADFC28A}.Debug86|x86.ActiveCfg = Debug|Any CPU
		{ADD1395A-60A3-42E0-B231-81F1BADFC28A}.Release|Any CPU.ActiveCfg = Release|Any CPU
		{ADD1395A-60A3-42E0-B231-81F1BADFC28A}.Release|Any CPU.Build.0 = Release|Any CPU
		{ADD1395A-60A3-42E0-B231-81F1BADFC28A}.Release|x64.ActiveCfg = Release|Any CPU
		{ADD1395A-60A3-42E0-B231-81F1BADFC28A}.Release|x86.ActiveCfg = Release|x86
		{ADD1395A-60A3-42E0-B231-81F1BADFC28A}.Release|x86.Build.0 = Release|x86
		{D477C22C-1B3E-4C86-A61A-3DA4CED7DDF4}.Debug|Any CPU.ActiveCfg = Debug|Any CPU
		{D477C22C-1B3E-4C86-A61A-3DA4CED7DDF4}.Debug|Any CPU.Build.0 = Debug|Any CPU
		{D477C22C-1B3E-4C86-A61A-3DA4CED7DDF4}.Debug|x64.ActiveCfg = Debug|Any CPU
		{D477C22C-1B3E-4C86-A61A-3DA4CED7DDF4}.Debug|x86.ActiveCfg = Debug|Any CPU
		{D477C22C-1B3E-4C86-A61A-3DA4CED7DDF4}.Debug86|Any CPU.ActiveCfg = Debug|Any CPU
		{D477C22C-1B3E-4C86-A61A-3DA4CED7DDF4}.Debug86|Any CPU.Build.0 = Debug|Any CPU
		{D477C22C-1B3E-4C86-A61A-3DA4CED7DDF4}.Debug86|x64.ActiveCfg = Debug|Any CPU
		{D477C22C-1B3E-4C86-A61A-3DA4CED7DDF4}.Debug86|x86.ActiveCfg = Debug|Any CPU
		{D477C22C-1B3E-4C86-A61A-3DA4CED7DDF4}.Release|Any CPU.ActiveCfg = Release|Any CPU
		{D477C22C-1B3E-4C86-A61A-3DA4CED7DDF4}.Release|Any CPU.Build.0 = Release|Any CPU
		{D477C22C-1B3E-4C86-A61A-3DA4CED7DDF4}.Release|x64.ActiveCfg = Release|Any CPU
		{D477C22C-1B3E-4C86-A61A-3DA4CED7DDF4}.Release|x86.ActiveCfg = Release|x86
		{D477C22C-1B3E-4C86-A61A-3DA4CED7DDF4}.Release|x86.Build.0 = Release|x86
		{3D34855A-B2C7-40A4-BCCD-A4CD38C19CE1}.Debug|Any CPU.ActiveCfg = Debug|Any CPU
		{3D34855A-B2C7-40A4-BCCD-A4CD38C19CE1}.Debug|Any CPU.Build.0 = Debug|Any CPU
		{3D34855A-B2C7-40A4-BCCD-A4CD38C19CE1}.Debug|x64.ActiveCfg = Debug|Any CPU
		{3D34855A-B2C7-40A4-BCCD-A4CD38C19CE1}.Debug|x86.ActiveCfg = Debug|Any CPU
		{3D34855A-B2C7-40A4-BCCD-A4CD38C19CE1}.Debug86|Any CPU.ActiveCfg = Debug|Any CPU
		{3D34855A-B2C7-40A4-BCCD-A4CD38C19CE1}.Debug86|Any CPU.Build.0 = Debug|Any CPU
		{3D34855A-B2C7-40A4-BCCD-A4CD38C19CE1}.Debug86|x64.ActiveCfg = Debug|Any CPU
		{3D34855A-B2C7-40A4-BCCD-A4CD38C19CE1}.Debug86|x86.ActiveCfg = Debug|Any CPU
		{3D34855A-B2C7-40A4-BCCD-A4CD38C19CE1}.Release|Any CPU.ActiveCfg = Release|Any CPU
		{3D34855A-B2C7-40A4-BCCD-A4CD38C19CE1}.Release|Any CPU.Build.0 = Release|Any CPU
		{3D34855A-B2C7-40A4-BCCD-A4CD38C19CE1}.Release|x64.ActiveCfg = Release|Any CPU
		{3D34855A-B2C7-40A4-BCCD-A4CD38C19CE1}.Release|x86.ActiveCfg = Release|x86
		{3D34855A-B2C7-40A4-BCCD-A4CD38C19CE1}.Release|x86.Build.0 = Release|x86
		{01E1F132-B8DD-42C5-8160-094ECD839B70}.Debug|Any CPU.ActiveCfg = Debug|Any CPU
		{01E1F132-B8DD-42C5-8160-094ECD839B70}.Debug|Any CPU.Build.0 = Debug|Any CPU
		{01E1F132-B8DD-42C5-8160-094ECD839B70}.Debug|x64.ActiveCfg = Debug|x64
		{01E1F132-B8DD-42C5-8160-094ECD839B70}.Debug|x64.Build.0 = Debug|x64
		{01E1F132-B8DD-42C5-8160-094ECD839B70}.Debug|x86.ActiveCfg = Debug|x86
		{01E1F132-B8DD-42C5-8160-094ECD839B70}.Debug|x86.Build.0 = Debug|x86
		{01E1F132-B8DD-42C5-8160-094ECD839B70}.Debug86|Any CPU.ActiveCfg = Debug|Any CPU
		{01E1F132-B8DD-42C5-8160-094ECD839B70}.Debug86|Any CPU.Build.0 = Debug|Any CPU
		{01E1F132-B8DD-42C5-8160-094ECD839B70}.Debug86|x64.ActiveCfg = Debug|x64
		{01E1F132-B8DD-42C5-8160-094ECD839B70}.Debug86|x64.Build.0 = Debug|x64
		{01E1F132-B8DD-42C5-8160-094ECD839B70}.Debug86|x86.ActiveCfg = Debug|x86
		{01E1F132-B8DD-42C5-8160-094ECD839B70}.Debug86|x86.Build.0 = Debug|x86
		{01E1F132-B8DD-42C5-8160-094ECD839B70}.Release|Any CPU.ActiveCfg = Release|Any CPU
		{01E1F132-B8DD-42C5-8160-094ECD839B70}.Release|Any CPU.Build.0 = Release|Any CPU
		{01E1F132-B8DD-42C5-8160-094ECD839B70}.Release|x64.ActiveCfg = Release|x64
		{01E1F132-B8DD-42C5-8160-094ECD839B70}.Release|x64.Build.0 = Release|x64
		{01E1F132-B8DD-42C5-8160-094ECD839B70}.Release|x86.ActiveCfg = Release|x86
		{01E1F132-B8DD-42C5-8160-094ECD839B70}.Release|x86.Build.0 = Release|x86
		{85BD4210-4DD7-4E32-9B64-A0B93BEA8CED}.Debug|Any CPU.ActiveCfg = Debug|Any CPU
		{85BD4210-4DD7-4E32-9B64-A0B93BEA8CED}.Debug|Any CPU.Build.0 = Debug|Any CPU
		{85BD4210-4DD7-4E32-9B64-A0B93BEA8CED}.Debug|x64.ActiveCfg = Debug|x64
		{85BD4210-4DD7-4E32-9B64-A0B93BEA8CED}.Debug|x64.Build.0 = Debug|x64
		{85BD4210-4DD7-4E32-9B64-A0B93BEA8CED}.Debug|x86.ActiveCfg = Debug|x86
		{85BD4210-4DD7-4E32-9B64-A0B93BEA8CED}.Debug|x86.Build.0 = Debug|x86
		{85BD4210-4DD7-4E32-9B64-A0B93BEA8CED}.Debug86|Any CPU.ActiveCfg = Debug|Any CPU
		{85BD4210-4DD7-4E32-9B64-A0B93BEA8CED}.Debug86|Any CPU.Build.0 = Debug|Any CPU
		{85BD4210-4DD7-4E32-9B64-A0B93BEA8CED}.Debug86|x64.ActiveCfg = Debug|x64
		{85BD4210-4DD7-4E32-9B64-A0B93BEA8CED}.Debug86|x64.Build.0 = Debug|x64
		{85BD4210-4DD7-4E32-9B64-A0B93BEA8CED}.Debug86|x86.ActiveCfg = Debug|x86
		{85BD4210-4DD7-4E32-9B64-A0B93BEA8CED}.Debug86|x86.Build.0 = Debug|x86
		{85BD4210-4DD7-4E32-9B64-A0B93BEA8CED}.Release|Any CPU.ActiveCfg = Release|Any CPU
		{85BD4210-4DD7-4E32-9B64-A0B93BEA8CED}.Release|Any CPU.Build.0 = Release|Any CPU
		{85BD4210-4DD7-4E32-9B64-A0B93BEA8CED}.Release|x64.ActiveCfg = Release|x64
		{85BD4210-4DD7-4E32-9B64-A0B93BEA8CED}.Release|x64.Build.0 = Release|x64
		{85BD4210-4DD7-4E32-9B64-A0B93BEA8CED}.Release|x86.ActiveCfg = Release|x86
		{85BD4210-4DD7-4E32-9B64-A0B93BEA8CED}.Release|x86.Build.0 = Release|x86
		{A79DC49F-2263-4DF3-9D97-BE884BBE0F67}.Debug|Any CPU.ActiveCfg = Debug|Any CPU
		{A79DC49F-2263-4DF3-9D97-BE884BBE0F67}.Debug|Any CPU.Build.0 = Debug|Any CPU
		{A79DC49F-2263-4DF3-9D97-BE884BBE0F67}.Debug|x64.ActiveCfg = Debug|Any CPU
		{A79DC49F-2263-4DF3-9D97-BE884BBE0F67}.Debug|x86.ActiveCfg = Debug|Any CPU
		{A79DC49F-2263-4DF3-9D97-BE884BBE0F67}.Debug86|Any CPU.ActiveCfg = Debug|Any CPU
		{A79DC49F-2263-4DF3-9D97-BE884BBE0F67}.Debug86|Any CPU.Build.0 = Debug|Any CPU
		{A79DC49F-2263-4DF3-9D97-BE884BBE0F67}.Debug86|x64.ActiveCfg = Debug|Any CPU
		{A79DC49F-2263-4DF3-9D97-BE884BBE0F67}.Debug86|x86.ActiveCfg = Debug|Any CPU
		{A79DC49F-2263-4DF3-9D97-BE884BBE0F67}.Release|Any CPU.ActiveCfg = Release|Any CPU
		{A79DC49F-2263-4DF3-9D97-BE884BBE0F67}.Release|Any CPU.Build.0 = Release|Any CPU
		{A79DC49F-2263-4DF3-9D97-BE884BBE0F67}.Release|x64.ActiveCfg = Release|Any CPU
		{A79DC49F-2263-4DF3-9D97-BE884BBE0F67}.Release|x86.ActiveCfg = Release|x86
		{A79DC49F-2263-4DF3-9D97-BE884BBE0F67}.Release|x86.Build.0 = Release|x86
		{245EE6E2-195F-4A3A-98C2-CDD4060CE402}.Debug|Any CPU.ActiveCfg = Debug|Any CPU
		{245EE6E2-195F-4A3A-98C2-CDD4060CE402}.Debug|x64.ActiveCfg = Debug|Any CPU
		{245EE6E2-195F-4A3A-98C2-CDD4060CE402}.Debug|x86.ActiveCfg = Debug|Any CPU
		{245EE6E2-195F-4A3A-98C2-CDD4060CE402}.Debug86|Any CPU.ActiveCfg = Debug|Any CPU
		{245EE6E2-195F-4A3A-98C2-CDD4060CE402}.Debug86|Any CPU.Build.0 = Debug|Any CPU
		{245EE6E2-195F-4A3A-98C2-CDD4060CE402}.Debug86|x64.ActiveCfg = Debug|Any CPU
		{245EE6E2-195F-4A3A-98C2-CDD4060CE402}.Debug86|x86.ActiveCfg = Debug|Any CPU
		{245EE6E2-195F-4A3A-98C2-CDD4060CE402}.Release|Any CPU.ActiveCfg = Release|Any CPU
		{245EE6E2-195F-4A3A-98C2-CDD4060CE402}.Release|Any CPU.Build.0 = Release|Any CPU
		{245EE6E2-195F-4A3A-98C2-CDD4060CE402}.Release|x64.ActiveCfg = Release|Any CPU
		{245EE6E2-195F-4A3A-98C2-CDD4060CE402}.Release|x86.ActiveCfg = Release|x86
		{245EE6E2-195F-4A3A-98C2-CDD4060CE402}.Release|x86.Build.0 = Release|x86
		{12BAFB88-4116-4EA0-939A-EC4ACD01B85B}.Debug|Any CPU.ActiveCfg = Debug|Any CPU
		{12BAFB88-4116-4EA0-939A-EC4ACD01B85B}.Debug|Any CPU.Build.0 = Debug|Any CPU
		{12BAFB88-4116-4EA0-939A-EC4ACD01B85B}.Debug|x64.ActiveCfg = Debug|Any CPU
		{12BAFB88-4116-4EA0-939A-EC4ACD01B85B}.Debug|x86.ActiveCfg = Debug|Any CPU
		{12BAFB88-4116-4EA0-939A-EC4ACD01B85B}.Debug86|Any CPU.ActiveCfg = Debug|Any CPU
		{12BAFB88-4116-4EA0-939A-EC4ACD01B85B}.Debug86|Any CPU.Build.0 = Debug|Any CPU
		{12BAFB88-4116-4EA0-939A-EC4ACD01B85B}.Debug86|x64.ActiveCfg = Debug|Any CPU
		{12BAFB88-4116-4EA0-939A-EC4ACD01B85B}.Debug86|x86.ActiveCfg = Debug|Any CPU
		{12BAFB88-4116-4EA0-939A-EC4ACD01B85B}.Release|Any CPU.ActiveCfg = Release|Any CPU
		{12BAFB88-4116-4EA0-939A-EC4ACD01B85B}.Release|Any CPU.Build.0 = Release|Any CPU
		{12BAFB88-4116-4EA0-939A-EC4ACD01B85B}.Release|x64.ActiveCfg = Release|Any CPU
		{12BAFB88-4116-4EA0-939A-EC4ACD01B85B}.Release|x86.ActiveCfg = Release|x86
		{12BAFB88-4116-4EA0-939A-EC4ACD01B85B}.Release|x86.Build.0 = Release|x86
		{32347675-814C-477E-94B1-71D390E8475D}.Debug|Any CPU.ActiveCfg = Debug|Any CPU
		{32347675-814C-477E-94B1-71D390E8475D}.Debug|Any CPU.Build.0 = Debug|Any CPU
		{32347675-814C-477E-94B1-71D390E8475D}.Debug|x64.ActiveCfg = Debug|Any CPU
		{32347675-814C-477E-94B1-71D390E8475D}.Debug|x86.ActiveCfg = Debug|Any CPU
		{32347675-814C-477E-94B1-71D390E8475D}.Debug86|Any CPU.ActiveCfg = Debug|Any CPU
		{32347675-814C-477E-94B1-71D390E8475D}.Debug86|Any CPU.Build.0 = Debug|Any CPU
		{32347675-814C-477E-94B1-71D390E8475D}.Debug86|x64.ActiveCfg = Debug|Any CPU
		{32347675-814C-477E-94B1-71D390E8475D}.Debug86|x86.ActiveCfg = Debug|Any CPU
		{32347675-814C-477E-94B1-71D390E8475D}.Release|Any CPU.ActiveCfg = Release|Any CPU
		{32347675-814C-477E-94B1-71D390E8475D}.Release|Any CPU.Build.0 = Release|Any CPU
		{32347675-814C-477E-94B1-71D390E8475D}.Release|x64.ActiveCfg = Release|Any CPU
		{32347675-814C-477E-94B1-71D390E8475D}.Release|x86.ActiveCfg = Release|x86
		{32347675-814C-477E-94B1-71D390E8475D}.Release|x86.Build.0 = Release|x86
		{E0B18EDB-893A-42E1-80EC-3FC9F27E4E64}.Debug|Any CPU.ActiveCfg = Debug|Any CPU
		{E0B18EDB-893A-42E1-80EC-3FC9F27E4E64}.Debug|Any CPU.Build.0 = Debug|Any CPU
		{E0B18EDB-893A-42E1-80EC-3FC9F27E4E64}.Debug|x64.ActiveCfg = Debug|Any CPU
		{E0B18EDB-893A-42E1-80EC-3FC9F27E4E64}.Debug|x86.ActiveCfg = Debug|Any CPU
		{E0B18EDB-893A-42E1-80EC-3FC9F27E4E64}.Debug86|Any CPU.ActiveCfg = Debug|Any CPU
		{E0B18EDB-893A-42E1-80EC-3FC9F27E4E64}.Debug86|Any CPU.Build.0 = Debug|Any CPU
		{E0B18EDB-893A-42E1-80EC-3FC9F27E4E64}.Debug86|x64.ActiveCfg = Debug|Any CPU
		{E0B18EDB-893A-42E1-80EC-3FC9F27E4E64}.Debug86|x86.ActiveCfg = Debug|Any CPU
		{E0B18EDB-893A-42E1-80EC-3FC9F27E4E64}.Release|Any CPU.ActiveCfg = Release|Any CPU
		{E0B18EDB-893A-42E1-80EC-3FC9F27E4E64}.Release|Any CPU.Build.0 = Release|Any CPU
		{E0B18EDB-893A-42E1-80EC-3FC9F27E4E64}.Release|x64.ActiveCfg = Release|Any CPU
		{E0B18EDB-893A-42E1-80EC-3FC9F27E4E64}.Release|x86.ActiveCfg = Release|Any CPU
		{3CC3E051-D2CF-4E07-99F7-7ACA0AD2DE00}.Debug|Any CPU.ActiveCfg = Debug|Any CPU
		{3CC3E051-D2CF-4E07-99F7-7ACA0AD2DE00}.Debug|Any CPU.Build.0 = Debug|Any CPU
		{3CC3E051-D2CF-4E07-99F7-7ACA0AD2DE00}.Debug|x64.ActiveCfg = Debug|x64
		{3CC3E051-D2CF-4E07-99F7-7ACA0AD2DE00}.Debug|x64.Build.0 = Debug|x64
		{3CC3E051-D2CF-4E07-99F7-7ACA0AD2DE00}.Debug|x86.ActiveCfg = Debug|x86
		{3CC3E051-D2CF-4E07-99F7-7ACA0AD2DE00}.Debug|x86.Build.0 = Debug|x86
		{3CC3E051-D2CF-4E07-99F7-7ACA0AD2DE00}.Debug86|Any CPU.ActiveCfg = Debug|Any CPU
		{3CC3E051-D2CF-4E07-99F7-7ACA0AD2DE00}.Debug86|Any CPU.Build.0 = Debug|Any CPU
		{3CC3E051-D2CF-4E07-99F7-7ACA0AD2DE00}.Debug86|x64.ActiveCfg = Debug|x64
		{3CC3E051-D2CF-4E07-99F7-7ACA0AD2DE00}.Debug86|x64.Build.0 = Debug|x64
		{3CC3E051-D2CF-4E07-99F7-7ACA0AD2DE00}.Debug86|x86.ActiveCfg = Debug|x86
		{3CC3E051-D2CF-4E07-99F7-7ACA0AD2DE00}.Debug86|x86.Build.0 = Debug|x86
		{3CC3E051-D2CF-4E07-99F7-7ACA0AD2DE00}.Release|Any CPU.ActiveCfg = Release|Any CPU
		{3CC3E051-D2CF-4E07-99F7-7ACA0AD2DE00}.Release|Any CPU.Build.0 = Release|Any CPU
		{3CC3E051-D2CF-4E07-99F7-7ACA0AD2DE00}.Release|x64.ActiveCfg = Release|x64
		{3CC3E051-D2CF-4E07-99F7-7ACA0AD2DE00}.Release|x64.Build.0 = Release|x64
		{3CC3E051-D2CF-4E07-99F7-7ACA0AD2DE00}.Release|x86.ActiveCfg = Release|x86
		{3CC3E051-D2CF-4E07-99F7-7ACA0AD2DE00}.Release|x86.Build.0 = Release|x86
		{C4F3AC89-4EBE-461D-82B3-0F7850A5A41B}.Debug|Any CPU.ActiveCfg = Debug|Any CPU
		{C4F3AC89-4EBE-461D-82B3-0F7850A5A41B}.Debug|Any CPU.Build.0 = Debug|Any CPU
		{C4F3AC89-4EBE-461D-82B3-0F7850A5A41B}.Debug|x64.ActiveCfg = Debug|x64
		{C4F3AC89-4EBE-461D-82B3-0F7850A5A41B}.Debug|x64.Build.0 = Debug|x64
		{C4F3AC89-4EBE-461D-82B3-0F7850A5A41B}.Debug|x86.ActiveCfg = Debug|x86
		{C4F3AC89-4EBE-461D-82B3-0F7850A5A41B}.Debug|x86.Build.0 = Debug|x86
		{C4F3AC89-4EBE-461D-82B3-0F7850A5A41B}.Debug86|Any CPU.ActiveCfg = Debug|Any CPU
		{C4F3AC89-4EBE-461D-82B3-0F7850A5A41B}.Debug86|Any CPU.Build.0 = Debug|Any CPU
		{C4F3AC89-4EBE-461D-82B3-0F7850A5A41B}.Debug86|x64.ActiveCfg = Debug|x64
		{C4F3AC89-4EBE-461D-82B3-0F7850A5A41B}.Debug86|x64.Build.0 = Debug|x64
		{C4F3AC89-4EBE-461D-82B3-0F7850A5A41B}.Debug86|x86.ActiveCfg = Debug|x86
		{C4F3AC89-4EBE-461D-82B3-0F7850A5A41B}.Debug86|x86.Build.0 = Debug|x86
		{C4F3AC89-4EBE-461D-82B3-0F7850A5A41B}.Release|Any CPU.ActiveCfg = Release|Any CPU
		{C4F3AC89-4EBE-461D-82B3-0F7850A5A41B}.Release|Any CPU.Build.0 = Release|Any CPU
		{C4F3AC89-4EBE-461D-82B3-0F7850A5A41B}.Release|x64.ActiveCfg = Release|x64
		{C4F3AC89-4EBE-461D-82B3-0F7850A5A41B}.Release|x64.Build.0 = Release|x64
		{C4F3AC89-4EBE-461D-82B3-0F7850A5A41B}.Release|x86.ActiveCfg = Release|x86
		{C4F3AC89-4EBE-461D-82B3-0F7850A5A41B}.Release|x86.Build.0 = Release|x86
		{CA65745D-44CB-431A-BF12-1E47E753FF93}.Debug|Any CPU.ActiveCfg = Debug|Any CPU
		{CA65745D-44CB-431A-BF12-1E47E753FF93}.Debug|Any CPU.Build.0 = Debug|Any CPU
		{CA65745D-44CB-431A-BF12-1E47E753FF93}.Debug|x64.ActiveCfg = Debug|x64
		{CA65745D-44CB-431A-BF12-1E47E753FF93}.Debug|x64.Build.0 = Debug|x64
		{CA65745D-44CB-431A-BF12-1E47E753FF93}.Debug|x86.ActiveCfg = Debug|x86
		{CA65745D-44CB-431A-BF12-1E47E753FF93}.Debug|x86.Build.0 = Debug|x86
		{CA65745D-44CB-431A-BF12-1E47E753FF93}.Debug86|Any CPU.ActiveCfg = Debug|Any CPU
		{CA65745D-44CB-431A-BF12-1E47E753FF93}.Debug86|Any CPU.Build.0 = Debug|Any CPU
		{CA65745D-44CB-431A-BF12-1E47E753FF93}.Debug86|x64.ActiveCfg = Debug|x64
		{CA65745D-44CB-431A-BF12-1E47E753FF93}.Debug86|x64.Build.0 = Debug|x64
		{CA65745D-44CB-431A-BF12-1E47E753FF93}.Debug86|x86.ActiveCfg = Debug|x86
		{CA65745D-44CB-431A-BF12-1E47E753FF93}.Debug86|x86.Build.0 = Debug|x86
		{CA65745D-44CB-431A-BF12-1E47E753FF93}.Release|Any CPU.ActiveCfg = Release|Any CPU
		{CA65745D-44CB-431A-BF12-1E47E753FF93}.Release|Any CPU.Build.0 = Release|Any CPU
		{CA65745D-44CB-431A-BF12-1E47E753FF93}.Release|x64.ActiveCfg = Release|x64
		{CA65745D-44CB-431A-BF12-1E47E753FF93}.Release|x64.Build.0 = Release|x64
		{CA65745D-44CB-431A-BF12-1E47E753FF93}.Release|x86.ActiveCfg = Release|x86
		{CA65745D-44CB-431A-BF12-1E47E753FF93}.Release|x86.Build.0 = Release|x86
		{9CCC92BD-6595-4E79-80D3-CF7E0E1662B0}.Debug|Any CPU.ActiveCfg = Debug|Any CPU
		{9CCC92BD-6595-4E79-80D3-CF7E0E1662B0}.Debug|Any CPU.Build.0 = Debug|Any CPU
		{9CCC92BD-6595-4E79-80D3-CF7E0E1662B0}.Debug|x64.ActiveCfg = Debug|x64
		{9CCC92BD-6595-4E79-80D3-CF7E0E1662B0}.Debug|x64.Build.0 = Debug|x64
		{9CCC92BD-6595-4E79-80D3-CF7E0E1662B0}.Debug|x86.ActiveCfg = Debug|x86
		{9CCC92BD-6595-4E79-80D3-CF7E0E1662B0}.Debug|x86.Build.0 = Debug|x86
		{9CCC92BD-6595-4E79-80D3-CF7E0E1662B0}.Debug86|Any CPU.ActiveCfg = Debug|Any CPU
		{9CCC92BD-6595-4E79-80D3-CF7E0E1662B0}.Debug86|Any CPU.Build.0 = Debug|Any CPU
		{9CCC92BD-6595-4E79-80D3-CF7E0E1662B0}.Debug86|x64.ActiveCfg = Debug|x64
		{9CCC92BD-6595-4E79-80D3-CF7E0E1662B0}.Debug86|x64.Build.0 = Debug|x64
		{9CCC92BD-6595-4E79-80D3-CF7E0E1662B0}.Debug86|x86.ActiveCfg = Debug|x86
		{9CCC92BD-6595-4E79-80D3-CF7E0E1662B0}.Debug86|x86.Build.0 = Debug|x86
		{9CCC92BD-6595-4E79-80D3-CF7E0E1662B0}.Release|Any CPU.ActiveCfg = Release|Any CPU
		{9CCC92BD-6595-4E79-80D3-CF7E0E1662B0}.Release|Any CPU.Build.0 = Release|Any CPU
		{9CCC92BD-6595-4E79-80D3-CF7E0E1662B0}.Release|x64.ActiveCfg = Release|x64
		{9CCC92BD-6595-4E79-80D3-CF7E0E1662B0}.Release|x64.Build.0 = Release|x64
		{9CCC92BD-6595-4E79-80D3-CF7E0E1662B0}.Release|x86.ActiveCfg = Release|x86
		{9CCC92BD-6595-4E79-80D3-CF7E0E1662B0}.Release|x86.Build.0 = Release|x86
		{529450F3-0C27-4312-AD58-6B74A1910FFD}.Debug|Any CPU.ActiveCfg = Debug|Any CPU
		{529450F3-0C27-4312-AD58-6B74A1910FFD}.Debug|Any CPU.Build.0 = Debug|Any CPU
		{529450F3-0C27-4312-AD58-6B74A1910FFD}.Debug|x64.ActiveCfg = Debug|x64
		{529450F3-0C27-4312-AD58-6B74A1910FFD}.Debug|x64.Build.0 = Debug|x64
		{529450F3-0C27-4312-AD58-6B74A1910FFD}.Debug|x86.ActiveCfg = Debug|x86
		{529450F3-0C27-4312-AD58-6B74A1910FFD}.Debug|x86.Build.0 = Debug|x86
		{529450F3-0C27-4312-AD58-6B74A1910FFD}.Debug86|Any CPU.ActiveCfg = Debug|Any CPU
		{529450F3-0C27-4312-AD58-6B74A1910FFD}.Debug86|Any CPU.Build.0 = Debug|Any CPU
		{529450F3-0C27-4312-AD58-6B74A1910FFD}.Debug86|x64.ActiveCfg = Debug|x64
		{529450F3-0C27-4312-AD58-6B74A1910FFD}.Debug86|x64.Build.0 = Debug|x64
		{529450F3-0C27-4312-AD58-6B74A1910FFD}.Debug86|x86.ActiveCfg = Debug|x86
		{529450F3-0C27-4312-AD58-6B74A1910FFD}.Debug86|x86.Build.0 = Debug|x86
		{529450F3-0C27-4312-AD58-6B74A1910FFD}.Release|Any CPU.ActiveCfg = Release|Any CPU
		{529450F3-0C27-4312-AD58-6B74A1910FFD}.Release|Any CPU.Build.0 = Release|Any CPU
		{529450F3-0C27-4312-AD58-6B74A1910FFD}.Release|x64.ActiveCfg = Release|x64
		{529450F3-0C27-4312-AD58-6B74A1910FFD}.Release|x64.Build.0 = Release|x64
		{529450F3-0C27-4312-AD58-6B74A1910FFD}.Release|x86.ActiveCfg = Release|x86
		{529450F3-0C27-4312-AD58-6B74A1910FFD}.Release|x86.Build.0 = Release|x86
		{71855481-D14B-470A-86AE-466991820B2E}.Debug|Any CPU.ActiveCfg = Debug|Any CPU
		{71855481-D14B-470A-86AE-466991820B2E}.Debug|Any CPU.Build.0 = Debug|Any CPU
		{71855481-D14B-470A-86AE-466991820B2E}.Debug|x64.ActiveCfg = Debug|x64
		{71855481-D14B-470A-86AE-466991820B2E}.Debug|x64.Build.0 = Debug|x64
		{71855481-D14B-470A-86AE-466991820B2E}.Debug|x86.ActiveCfg = Debug|x86
		{71855481-D14B-470A-86AE-466991820B2E}.Debug|x86.Build.0 = Debug|x86
		{71855481-D14B-470A-86AE-466991820B2E}.Debug86|Any CPU.ActiveCfg = Debug|Any CPU
		{71855481-D14B-470A-86AE-466991820B2E}.Debug86|Any CPU.Build.0 = Debug|Any CPU
		{71855481-D14B-470A-86AE-466991820B2E}.Debug86|x64.ActiveCfg = Debug|x64
		{71855481-D14B-470A-86AE-466991820B2E}.Debug86|x64.Build.0 = Debug|x64
		{71855481-D14B-470A-86AE-466991820B2E}.Debug86|x86.ActiveCfg = Debug|x86
		{71855481-D14B-470A-86AE-466991820B2E}.Debug86|x86.Build.0 = Debug|x86
		{71855481-D14B-470A-86AE-466991820B2E}.Release|Any CPU.ActiveCfg = Release|Any CPU
		{71855481-D14B-470A-86AE-466991820B2E}.Release|Any CPU.Build.0 = Release|Any CPU
		{71855481-D14B-470A-86AE-466991820B2E}.Release|x64.ActiveCfg = Release|x64
		{71855481-D14B-470A-86AE-466991820B2E}.Release|x64.Build.0 = Release|x64
		{71855481-D14B-470A-86AE-466991820B2E}.Release|x86.ActiveCfg = Release|x86
		{71855481-D14B-470A-86AE-466991820B2E}.Release|x86.Build.0 = Release|x86
		{9AAFD958-E970-4568-BADF-9DA6E3C55EF3}.Debug|Any CPU.ActiveCfg = Debug|Any CPU
		{9AAFD958-E970-4568-BADF-9DA6E3C55EF3}.Debug|Any CPU.Build.0 = Debug|Any CPU
		{9AAFD958-E970-4568-BADF-9DA6E3C55EF3}.Debug|x64.ActiveCfg = Debug|Any CPU
		{9AAFD958-E970-4568-BADF-9DA6E3C55EF3}.Debug|x86.ActiveCfg = Debug|Any CPU
		{9AAFD958-E970-4568-BADF-9DA6E3C55EF3}.Debug86|Any CPU.ActiveCfg = Debug|Any CPU
		{9AAFD958-E970-4568-BADF-9DA6E3C55EF3}.Debug86|Any CPU.Build.0 = Debug|Any CPU
		{9AAFD958-E970-4568-BADF-9DA6E3C55EF3}.Debug86|x64.ActiveCfg = Debug|Any CPU
		{9AAFD958-E970-4568-BADF-9DA6E3C55EF3}.Debug86|x86.ActiveCfg = Debug|Any CPU
		{9AAFD958-E970-4568-BADF-9DA6E3C55EF3}.Release|Any CPU.ActiveCfg = Release|Any CPU
		{9AAFD958-E970-4568-BADF-9DA6E3C55EF3}.Release|Any CPU.Build.0 = Release|Any CPU
		{9AAFD958-E970-4568-BADF-9DA6E3C55EF3}.Release|x64.ActiveCfg = Release|Any CPU
		{9AAFD958-E970-4568-BADF-9DA6E3C55EF3}.Release|x86.ActiveCfg = Release|Any CPU
	EndGlobalSection
	GlobalSection(SolutionProperties) = preSolution
		HideSolutionNode = FALSE
	EndGlobalSection
	GlobalSection(NestedProjects) = preSolution
		{391E1E16-6123-490D-B871-B989A4D5C8AD} = {CA7C17D6-7D60-41FE-A129-B9C2ABCAF25B}
		{4D507C5E-48B8-4E3F-8DE1-A233C43E97E8} = {6D80C80B-F252-4404-90B2-7F64DF4F9925}
		{8BD66A0A-49F9-497F-914C-BF8926336848} = {6D80C80B-F252-4404-90B2-7F64DF4F9925}
		{71855481-D14B-470A-86AE-466991820B2E} = {6D80C80B-F252-4404-90B2-7F64DF4F9925}
		{B79E5285-6972-40A6-B946-26F1F6032671} = {459EAF7B-1AB5-4C7C-9774-497AB082B850}
		{BB812B74-4D34-40FB-BB16-5BCA5E701EEC} = {459EAF7B-1AB5-4C7C-9774-497AB082B850}
		{BDEBEF50-B122-49AD-86A8-A3F5867C8E76} = {378B670A-E108-431B-AEF1-F6D9B9C69539}
		{92917991-6923-4383-89C5-A195AACB77B6} = {378B670A-E108-431B-AEF1-F6D9B9C69539}
		{E00B4A27-2A60-4AFD-BEF7-08CE2CCBC6A8} = {378B670A-E108-431B-AEF1-F6D9B9C69539}
		{3C39AD5A-A70D-48C3-A62E-4DC0FB8290AF} = {378B670A-E108-431B-AEF1-F6D9B9C69539}
		{ADD1395A-60A3-42E0-B231-81F1BADFC28A} = {BDEBEF50-B122-49AD-86A8-A3F5867C8E76}
		{D477C22C-1B3E-4C86-A61A-3DA4CED7DDF4} = {92917991-6923-4383-89C5-A195AACB77B6}
		{3D34855A-B2C7-40A4-BCCD-A4CD38C19CE1} = {92917991-6923-4383-89C5-A195AACB77B6}
		{01E1F132-B8DD-42C5-8160-094ECD839B70} = {E00B4A27-2A60-4AFD-BEF7-08CE2CCBC6A8}
		{85BD4210-4DD7-4E32-9B64-A0B93BEA8CED} = {E00B4A27-2A60-4AFD-BEF7-08CE2CCBC6A8}
		{A79DC49F-2263-4DF3-9D97-BE884BBE0F67} = {78122730-02DE-461F-98F7-4A28E0002261}
		{12BAFB88-4116-4EA0-939A-EC4ACD01B85B} = {78122730-02DE-461F-98F7-4A28E0002261}
		{32347675-814C-477E-94B1-71D390E8475D} = {78122730-02DE-461F-98F7-4A28E0002261}
		{E0B18EDB-893A-42E1-80EC-3FC9F27E4E64} = {78122730-02DE-461F-98F7-4A28E0002261}
		{9AAFD958-E970-4568-BADF-9DA6E3C55EF3} = {78122730-02DE-461F-98F7-4A28E0002261}
		{245EE6E2-195F-4A3A-98C2-CDD4060CE402} = {51A76341-0851-4B8A-A784-341F37756247}
		{3CC3E051-D2CF-4E07-99F7-7ACA0AD2DE00} = {3C39AD5A-A70D-48C3-A62E-4DC0FB8290AF}
		{C4F3AC89-4EBE-461D-82B3-0F7850A5A41B} = {3C39AD5A-A70D-48C3-A62E-4DC0FB8290AF}
		{CA65745D-44CB-431A-BF12-1E47E753FF93} = {3C39AD5A-A70D-48C3-A62E-4DC0FB8290AF}
		{9CCC92BD-6595-4E79-80D3-CF7E0E1662B0} = {3C39AD5A-A70D-48C3-A62E-4DC0FB8290AF}
		{529450F3-0C27-4312-AD58-6B74A1910FFD} = {3C39AD5A-A70D-48C3-A62E-4DC0FB8290AF}
	EndGlobalSection
EndGlobal
