
Microsoft Visual Studio Solution File, Format Version 12.00
# Visual Studio 2012
Project("{F184B08F-C81C-45F6-A57F-5ABD9991F28F}") = "BMC.SecurityVB", "BMC.SecurityVB.vbproj", "{57FB7DFB-23A6-46E4-9828-ECF970695413}"
EndProject
Project("{FAE04EC0-301F-11D3-BF4B-00C04F79EFBC}") = "proxyAssembly", "proxyAssembly\proxyAssembly.csproj", "{2A5A6428-1776-477B-B2F6-D4F9F5F51A5F}"
EndProject
Project("{FAE04EC0-301F-11D3-BF4B-00C04F79EFBC}") = "BMC.Common", "..\..\Common\BMC.Common\BMC.Common.csproj", "{B67464F4-37CC-48D6-8A17-204F6E7A18C5}"
EndProject
Project("{FAE04EC0-301F-11D3-BF4B-00C04F79EFBC}") = "BMC.Security", "..\..\Common\BMC.Security\BMC.Security.csproj", "{71855481-D14B-470A-86AE-466991820B2E}"
EndProject
Project("{FAE04EC0-301F-11D3-BF4B-00C04F79EFBC}") = "BMC.DataAccess", "..\..\Common\BMC.DataAccess\BMC.DataAccess.csproj", "{317E2989-A347-4692-BB42-948ACD470599}"
EndProject
Global
	GlobalSection(SolutionConfigurationPlatforms) = preSolution
		Debug|Any CPU = Debug|Any CPU
		Debug|x64 = Debug|x64
		Debug|x86 = Debug|x86
		Release|Any CPU = Release|Any CPU
		Release|x64 = Release|x64
		Release|x86 = Release|x86
	EndGlobalSection
	GlobalSection(ProjectConfigurationPlatforms) = postSolution
		{57FB7DFB-23A6-46E4-9828-ECF970695413}.Debug|Any CPU.ActiveCfg = Debug|Any CPU
		{57FB7DFB-23A6-46E4-9828-ECF970695413}.Debug|Any CPU.Build.0 = Debug|Any CPU
		{57FB7DFB-23A6-46E4-9828-ECF970695413}.Debug|x64.ActiveCfg = Debug|Any CPU
		{57FB7DFB-23A6-46E4-9828-ECF970695413}.Debug|x64.Build.0 = Debug|Any CPU
		{57FB7DFB-23A6-46E4-9828-ECF970695413}.Debug|x86.ActiveCfg = Debug|Any CPU
		{57FB7DFB-23A6-46E4-9828-ECF970695413}.Debug|x86.Build.0 = Debug|Any CPU
		{57FB7DFB-23A6-46E4-9828-ECF970695413}.Release|Any CPU.ActiveCfg = Release|Any CPU
		{57FB7DFB-23A6-46E4-9828-ECF970695413}.Release|Any CPU.Build.0 = Release|Any CPU
		{57FB7DFB-23A6-46E4-9828-ECF970695413}.Release|x64.ActiveCfg = Release|x64
		{57FB7DFB-23A6-46E4-9828-ECF970695413}.Release|x64.Build.0 = Release|x64
		{57FB7DFB-23A6-46E4-9828-ECF970695413}.Release|x86.ActiveCfg = Release|x86
		{57FB7DFB-23A6-46E4-9828-ECF970695413}.Release|x86.Build.0 = Release|x86
		{2A5A6428-1776-477B-B2F6-D4F9F5F51A5F}.Debug|Any CPU.ActiveCfg = Debug|Any CPU
		{2A5A6428-1776-477B-B2F6-D4F9F5F51A5F}.Debug|Any CPU.Build.0 = Debug|Any CPU
		{2A5A6428-1776-477B-B2F6-D4F9F5F51A5F}.Debug|x64.ActiveCfg = Debug|Any CPU
		{2A5A6428-1776-477B-B2F6-D4F9F5F51A5F}.Debug|x64.Build.0 = Debug|Any CPU
		{2A5A6428-1776-477B-B2F6-D4F9F5F51A5F}.Debug|x86.ActiveCfg = Debug|Any CPU
		{2A5A6428-1776-477B-B2F6-D4F9F5F51A5F}.Debug|x86.Build.0 = Debug|Any CPU
		{2A5A6428-1776-477B-B2F6-D4F9F5F51A5F}.Release|Any CPU.ActiveCfg = Release|Any CPU
		{2A5A6428-1776-477B-B2F6-D4F9F5F51A5F}.Release|Any CPU.Build.0 = Release|Any CPU
		{2A5A6428-1776-477B-B2F6-D4F9F5F51A5F}.Release|x64.ActiveCfg = Release|x64
		{2A5A6428-1776-477B-B2F6-D4F9F5F51A5F}.Release|x64.Build.0 = Release|x64
		{2A5A6428-1776-477B-B2F6-D4F9F5F51A5F}.Release|x86.ActiveCfg = Release|x86
		{2A5A6428-1776-477B-B2F6-D4F9F5F51A5F}.Release|x86.Build.0 = Release|x86
		{B67464F4-37CC-48D6-8A17-204F6E7A18C5}.Debug|Any CPU.ActiveCfg = Debug|Any CPU
		{B67464F4-37CC-48D6-8A17-204F6E7A18C5}.Debug|Any CPU.Build.0 = Debug|Any CPU
		{B67464F4-37CC-48D6-8A17-204F6E7A18C5}.Debug|x64.ActiveCfg = Debug|Any CPU
		{B67464F4-37CC-48D6-8A17-204F6E7A18C5}.Debug|x64.Build.0 = Debug|Any CPU
		{B67464F4-37CC-48D6-8A17-204F6E7A18C5}.Debug|x86.ActiveCfg = Debug|Any CPU
		{B67464F4-37CC-48D6-8A17-204F6E7A18C5}.Debug|x86.Build.0 = Debug|Any CPU
		{B67464F4-37CC-48D6-8A17-204F6E7A18C5}.Release|Any CPU.ActiveCfg = Release|Any CPU
		{B67464F4-37CC-48D6-8A17-204F6E7A18C5}.Release|Any CPU.Build.0 = Release|Any CPU
		{B67464F4-37CC-48D6-8A17-204F6E7A18C5}.Release|x64.ActiveCfg = Release|x64
		{B67464F4-37CC-48D6-8A17-204F6E7A18C5}.Release|x64.Build.0 = Release|x64
		{B67464F4-37CC-48D6-8A17-204F6E7A18C5}.Release|x86.ActiveCfg = Release|x86
		{B67464F4-37CC-48D6-8A17-204F6E7A18C5}.Release|x86.Build.0 = Release|x86
		{71855481-D14B-470A-86AE-466991820B2E}.Debug|Any CPU.ActiveCfg = Debug|Any CPU
		{71855481-D14B-470A-86AE-466991820B2E}.Debug|Any CPU.Build.0 = Debug|Any CPU
		{71855481-D14B-470A-86AE-466991820B2E}.Debug|x64.ActiveCfg = Debug|Any CPU
		{71855481-D14B-470A-86AE-466991820B2E}.Debug|x64.Build.0 = Debug|Any CPU
		{71855481-D14B-470A-86AE-466991820B2E}.Debug|x86.ActiveCfg = Debug|Any CPU
		{71855481-D14B-470A-86AE-466991820B2E}.Debug|x86.Build.0 = Debug|Any CPU
		{71855481-D14B-470A-86AE-466991820B2E}.Release|Any CPU.ActiveCfg = Release|Any CPU
		{71855481-D14B-470A-86AE-466991820B2E}.Release|Any CPU.Build.0 = Release|Any CPU
		{71855481-D14B-470A-86AE-466991820B2E}.Release|x64.ActiveCfg = Release|x64
		{71855481-D14B-470A-86AE-466991820B2E}.Release|x64.Build.0 = Release|x64
		{71855481-D14B-470A-86AE-466991820B2E}.Release|x86.ActiveCfg = Release|x86
		{71855481-D14B-470A-86AE-466991820B2E}.Release|x86.Build.0 = Release|x86
		{317E2989-A347-4692-BB42-948ACD470599}.Debug|Any CPU.ActiveCfg = Debug|Any CPU
		{317E2989-A347-4692-BB42-948ACD470599}.Debug|Any CPU.Build.0 = Debug|Any CPU
		{317E2989-A347-4692-BB42-948ACD470599}.Debug|x64.ActiveCfg = Debug|Any CPU
		{317E2989-A347-4692-BB42-948ACD470599}.Debug|x64.Build.0 = Debug|Any CPU
		{317E2989-A347-4692-BB42-948ACD470599}.Debug|x86.ActiveCfg = Debug|Any CPU
		{317E2989-A347-4692-BB42-948ACD470599}.Debug|x86.Build.0 = Debug|Any CPU
		{317E2989-A347-4692-BB42-948ACD470599}.Release|Any CPU.ActiveCfg = Release|Any CPU
		{317E2989-A347-4692-BB42-948ACD470599}.Release|Any CPU.Build.0 = Release|Any CPU
		{317E2989-A347-4692-BB42-948ACD470599}.Release|x64.ActiveCfg = Release|x64
		{317E2989-A347-4692-BB42-948ACD470599}.Release|x64.Build.0 = Release|x64
		{317E2989-A347-4692-BB42-948ACD470599}.Release|x86.ActiveCfg = Release|x86
		{317E2989-A347-4692-BB42-948ACD470599}.Release|x86.Build.0 = Release|x86
	EndGlobalSection
	GlobalSection(SolutionProperties) = preSolution
		HideSolutionNode = FALSE
	EndGlobalSection
EndGlobal
