Microsoft Visual Studio Solution File, Format Version 12.00
# Visual Studio 2012
Project("{2150E333-8FDC-42A3-9474-1A3956D46DE8}") = "Common", "Common", "{6302C639-FF9C-462C-8137-638C53DC700F}"
EndProject
Project("{2150E333-8FDC-42A3-9474-1A3956D46DE8}") = "Business", "Business", "{6229E7BA-75BB-44C2-85BD-BB84187C9B37}"
EndProject
Project("{2150E333-8FDC-42A3-9474-1A3956D46DE8}") = "DataAccess", "DataAccess", "{BE0C5EFE-BE71-41A6-9FD6-B56005C9FD38}"
EndProject
Project("{2150E333-8FDC-42A3-9474-1A3956D46DE8}") = "View", "View", "{15003B17-8CC8-40F5-9C6B-16AA7D05F470}"
EndProject
Project("{2150E333-8FDC-42A3-9474-1A3956D46DE8}") = "Others", "Others", "{1099C655-C348-4FF3-BC41-A5B22A22D53E}"
EndProject
Project("{2150E333-8FDC-42A3-9474-1A3956D46DE8}") = "Utilities", "Utilities", "{B1538A4D-B3CE-41F6-BB54-EFA3980F4A80}"
EndProject
Project("{FAE04EC0-301F-11D3-BF4B-00C04F79EFBC}") = "BMC.EnterpriseClient", "BMC.EnterpriseClient.csproj", "{59440B93-CD63-446E-B6BA-F5D9B99BB664}"
	ProjectSection(ProjectDependencies) = postProject
		{2A5A6428-1776-477B-B2F6-D4F9F5F51A5F} = {2A5A6428-1776-477B-B2F6-D4F9F5F51A5F}
		{71855481-D14B-470A-86AE-466991820B2E} = {71855481-D14B-470A-86AE-466991820B2E}
		{317E2989-A347-4692-BB42-948ACD470599} = {317E2989-A347-4692-BB42-948ACD470599}
		{529450F3-0C27-4312-AD58-6B74A1910FFD} = {529450F3-0C27-4312-AD58-6B74A1910FFD}
	EndProjectSection
EndProject
Project("{FAE04EC0-301F-11D3-BF4B-00C04F79EFBC}") = "BMC.Common", "..\..\..\Common\BMC.Common\BMC.Common.csproj", "{B67464F4-37CC-48D6-8A17-204F6E7A18C5}"
EndProject
Project("{FAE04EC0-301F-11D3-BF4B-00C04F79EFBC}") = "BMC.EnterpriseDataAccess", "..\BMC.EnterpriseDataAccess\BMC.EnterpriseDataAccess.csproj", "{D2178B4D-F501-4FB0-96C9-B888C8843761}"
EndProject
Project("{FAE04EC0-301F-11D3-BF4B-00C04F79EFBC}") = "BMC.EnterpriseBusiness", "..\BMC.EnterpriseBusiness\BMC.EnterpriseBusiness.csproj", "{14DD989A-C3E5-4001-BBFE-AA43229950B3}"
	ProjectSection(ProjectDependencies) = postProject
		{CA65745D-44CB-431A-BF12-1E47E753FF93} = {CA65745D-44CB-431A-BF12-1E47E753FF93}
	EndProjectSection
EndProject
Project("{FAE04EC0-301F-11D3-BF4B-00C04F79EFBC}") = "EnterpriseClientTest", "..\EnterpriseClientTest\EnterpriseClientTest.csproj", "{F576F05E-0EFB-4682-BBFE-EA178C3DC838}"
EndProject
Project("{FAE04EC0-301F-11D3-BF4B-00C04F79EFBC}") = "BMC.CoreLib", "..\..\..\Common\BMC.CoreLib\BMC.CoreLib.csproj", "{8BD66A0A-49F9-497F-914C-BF8926336848}"
EndProject
Project("{F184B08F-C81C-45F6-A57F-5ABD9991F28F}") = "BMC.SecurityVB", "..\..\BMCSecurityVB\BMC.SecurityVB.vbproj", "{57FB7DFB-23A6-46E4-9828-ECF970695413}"
EndProject
Project("{FAE04EC0-301F-11D3-BF4B-00C04F79EFBC}") = "Audit.BusinessClasses", "..\..\..\Site Controller\AuditViewer\AuditBusiness\Audit.BusinessClasses.csproj", "{9CCC92BD-6595-4E79-80D3-CF7E0E1662B0}"
EndProject
Project("{FAE04EC0-301F-11D3-BF4B-00C04F79EFBC}") = "Audit.Transport", "..\..\..\Site Controller\AuditViewer\Audit.Transport\Audit.Transport.csproj", "{CA65745D-44CB-431A-BF12-1E47E753FF93}"
EndProject
Project("{FAE04EC0-301F-11D3-BF4B-00C04F79EFBC}") = "Audit.DBBuilder", "..\..\..\Site Controller\AuditViewer\Audit.DBBuilder\Audit.DBBuilder.csproj", "{529450F3-0C27-4312-AD58-6B74A1910FFD}"
EndProject
Project("{FAE04EC0-301F-11D3-BF4B-00C04F79EFBC}") = "BMC.Security", "..\..\..\Common\BMC.Security\BMC.Security.csproj", "{71855481-D14B-470A-86AE-466991820B2E}"
EndProject
Project("{FAE04EC0-301F-11D3-BF4B-00C04F79EFBC}") = "proxyAssembly", "..\..\BMCSecurityVB\proxyAssembly\proxyAssembly.csproj", "{2A5A6428-1776-477B-B2F6-D4F9F5F51A5F}"
EndProject
Project("{FAE04EC0-301F-11D3-BF4B-00C04F79EFBC}") = "BMC.DataAccess", "..\..\..\Common\BMC.DataAccess\BMC.DataAccess.csproj", "{317E2989-A347-4692-BB42-948ACD470599}"
EndProject
Project("{FAE04EC0-301F-11D3-BF4B-00C04F79EFBC}") = "BMC.CommonLiquidation", "..\..\..\Common\BMC.CommonLiquidation\BMC.CommonLiquidation.csproj", "{CD3E8F84-E7B8-4175-B3E1-B00BCB96ACAA}"
EndProject
Project("{FAE04EC0-301F-11D3-BF4B-00C04F79EFBC}") = "CombineProcedures", "..\CombineProcedures\CombineProcedures.csproj", "{00B20469-F17A-43D4-96B5-B2A222D2E14F}"
EndProject
Project("{FAE04EC0-301F-11D3-BF4B-00C04F79EFBC}") = "BMC.ExcelLibrary", "..\..\..\Common\BMC.ExcelLibrary\BMC.ExcelLibrary.csproj", "{7D28EB59-7198-4429-97F3-49A97544C134}"
EndProject
Project("{FAE04EC0-301F-11D3-BF4B-00C04F79EFBC}") = "ClosedXML", "..\..\..\Common\ClosedXML\ClosedXML.csproj", "{BD5E6BFE-E837-4A35-BCA9-39667D873A20}"
EndProject
Project("{FAE04EC0-301F-11D3-BF4B-00C04F79EFBC}") = "BMC.Resources", "..\..\BMC.Resources\BMC.Resources.csproj", "{F323D0FC-AC6E-4E17-84F7-91440BA59C61}"
EndProject
Project("{FAE04EC0-301F-11D3-BF4B-00C04F79EFBC}") = "BMC.EnterpriseReportsBusiness", "..\..\BMC.Reports\EnterpriseReports\EnterpriseReportsBusiness\BMC.EnterpriseReportsBusiness.csproj", "{ECE7C148-84C2-43A1-A968-FB6627B985E0}"
EndProject
Project("{FAE04EC0-301F-11D3-BF4B-00C04F79EFBC}") = "BMC.EnterpriseReportsDataAccess", "..\..\BMC.Reports\EnterpriseReports\EnterpriseReportsDataAccess\BMC.EnterpriseReportsDataAccess.csproj", "{B854C390-9668-4DA9-BA48-890919F692BA}"
EndProject
Project("{FAE04EC0-301F-11D3-BF4B-00C04F79EFBC}") = "BMC.EnterpriseReportsTransport", "..\..\BMC.Reports\EnterpriseReports\EnterpriseReportsTransport\BMC.EnterpriseReportsTransport.csproj", "{E980D881-BB8C-4205-A355-89032D99A1CA}"
EndProject
Project("{FAE04EC0-301F-11D3-BF4B-00C04F79EFBC}") = "ReportViewer", "..\..\BMC.Reports\EnterpriseReports\ReportViewer\ReportViewer.csproj", "{7EA79F57-E1D5-4095-8C9A-6C902758C03D}"
EndProject
Global
	GlobalSection(SolutionConfigurationPlatforms) = preSolution
		Debug|Any CPU = Debug|Any CPU
		Debug|Mixed Platforms = Debug|Mixed Platforms
		Debug|x64 = Debug|x64
		Debug|x86 = Debug|x86
		Release|Any CPU = Release|Any CPU
		Release|Mixed Platforms = Release|Mixed Platforms
		Release|x64 = Release|x64
		Release|x86 = Release|x86
	EndGlobalSection
	GlobalSection(ProjectConfigurationPlatforms) = postSolution
		{59440B93-CD63-446E-B6BA-F5D9B99BB664}.Debug|Any CPU.ActiveCfg = Debug|Any CPU
		{59440B93-CD63-446E-B6BA-F5D9B99BB664}.Debug|Any CPU.Build.0 = Debug|Any CPU
		{59440B93-CD63-446E-B6BA-F5D9B99BB664}.Debug|Mixed Platforms.ActiveCfg = Debug|x86
		{59440B93-CD63-446E-B6BA-F5D9B99BB664}.Debug|Mixed Platforms.Build.0 = Debug|x86
		{59440B93-CD63-446E-B6BA-F5D9B99BB664}.Debug|x64.ActiveCfg = Debug|Any CPU
		{59440B93-CD63-446E-B6BA-F5D9B99BB664}.Debug|x86.ActiveCfg = Debug|x86
		{59440B93-CD63-446E-B6BA-F5D9B99BB664}.Debug|x86.Build.0 = Debug|x86
		{59440B93-CD63-446E-B6BA-F5D9B99BB664}.Release|Any CPU.ActiveCfg = Release|Any CPU
		{59440B93-CD63-446E-B6BA-F5D9B99BB664}.Release|Any CPU.Build.0 = Release|Any CPU
		{59440B93-CD63-446E-B6BA-F5D9B99BB664}.Release|Mixed Platforms.ActiveCfg = Release|x86
		{59440B93-CD63-446E-B6BA-F5D9B99BB664}.Release|Mixed Platforms.Build.0 = Release|x86
		{59440B93-CD63-446E-B6BA-F5D9B99BB664}.Release|x64.ActiveCfg = Release|x64
		{59440B93-CD63-446E-B6BA-F5D9B99BB664}.Release|x64.Build.0 = Release|x64
		{59440B93-CD63-446E-B6BA-F5D9B99BB664}.Release|x86.ActiveCfg = Release|x86
		{59440B93-CD63-446E-B6BA-F5D9B99BB664}.Release|x86.Build.0 = Release|x86
		{B67464F4-37CC-48D6-8A17-204F6E7A18C5}.Debug|Any CPU.ActiveCfg = Debug|Any CPU
		{B67464F4-37CC-48D6-8A17-204F6E7A18C5}.Debug|Any CPU.Build.0 = Debug|Any CPU
		{B67464F4-37CC-48D6-8A17-204F6E7A18C5}.Debug|Mixed Platforms.ActiveCfg = Debug|x86
		{B67464F4-37CC-48D6-8A17-204F6E7A18C5}.Debug|Mixed Platforms.Build.0 = Debug|x86
		{B67464F4-37CC-48D6-8A17-204F6E7A18C5}.Debug|x64.ActiveCfg = Debug|Any CPU
		{B67464F4-37CC-48D6-8A17-204F6E7A18C5}.Debug|x86.ActiveCfg = Debug|x86
		{B67464F4-37CC-48D6-8A17-204F6E7A18C5}.Debug|x86.Build.0 = Debug|x86
		{B67464F4-37CC-48D6-8A17-204F6E7A18C5}.Release|Any CPU.ActiveCfg = Release|Any CPU
		{B67464F4-37CC-48D6-8A17-204F6E7A18C5}.Release|Any CPU.Build.0 = Release|Any CPU
		{B67464F4-37CC-48D6-8A17-204F6E7A18C5}.Release|Mixed Platforms.ActiveCfg = Release|x86
		{B67464F4-37CC-48D6-8A17-204F6E7A18C5}.Release|Mixed Platforms.Build.0 = Release|x86
		{B67464F4-37CC-48D6-8A17-204F6E7A18C5}.Release|x64.ActiveCfg = Release|x64
		{B67464F4-37CC-48D6-8A17-204F6E7A18C5}.Release|x64.Build.0 = Release|x64
		{B67464F4-37CC-48D6-8A17-204F6E7A18C5}.Release|x86.ActiveCfg = Release|x86
		{B67464F4-37CC-48D6-8A17-204F6E7A18C5}.Release|x86.Build.0 = Release|x86
		{D2178B4D-F501-4FB0-96C9-B888C8843761}.Debug|Any CPU.ActiveCfg = Debug|Any CPU
		{D2178B4D-F501-4FB0-96C9-B888C8843761}.Debug|Any CPU.Build.0 = Debug|Any CPU
		{D2178B4D-F501-4FB0-96C9-B888C8843761}.Debug|Mixed Platforms.ActiveCfg = Debug|x86
		{D2178B4D-F501-4FB0-96C9-B888C8843761}.Debug|Mixed Platforms.Build.0 = Debug|x86
		{D2178B4D-F501-4FB0-96C9-B888C8843761}.Debug|x64.ActiveCfg = Debug|Any CPU
		{D2178B4D-F501-4FB0-96C9-B888C8843761}.Debug|x86.ActiveCfg = Debug|x86
		{D2178B4D-F501-4FB0-96C9-B888C8843761}.Debug|x86.Build.0 = Debug|x86
		{D2178B4D-F501-4FB0-96C9-B888C8843761}.Release|Any CPU.ActiveCfg = Release|Any CPU
		{D2178B4D-F501-4FB0-96C9-B888C8843761}.Release|Any CPU.Build.0 = Release|Any CPU
		{D2178B4D-F501-4FB0-96C9-B888C8843761}.Release|Mixed Platforms.ActiveCfg = Release|x86
		{D2178B4D-F501-4FB0-96C9-B888C8843761}.Release|Mixed Platforms.Build.0 = Release|x86
		{D2178B4D-F501-4FB0-96C9-B888C8843761}.Release|x64.ActiveCfg = Release|x64
		{D2178B4D-F501-4FB0-96C9-B888C8843761}.Release|x64.Build.0 = Release|x64
		{D2178B4D-F501-4FB0-96C9-B888C8843761}.Release|x86.ActiveCfg = Release|x86
		{D2178B4D-F501-4FB0-96C9-B888C8843761}.Release|x86.Build.0 = Release|x86
		{14DD989A-C3E5-4001-BBFE-AA43229950B3}.Debug|Any CPU.ActiveCfg = Debug|Any CPU
		{14DD989A-C3E5-4001-BBFE-AA43229950B3}.Debug|Any CPU.Build.0 = Debug|Any CPU
		{14DD989A-C3E5-4001-BBFE-AA43229950B3}.Debug|Mixed Platforms.ActiveCfg = Debug|x86
		{14DD989A-C3E5-4001-BBFE-AA43229950B3}.Debug|Mixed Platforms.Build.0 = Debug|x86
		{14DD989A-C3E5-4001-BBFE-AA43229950B3}.Debug|x64.ActiveCfg = Debug|Any CPU
		{14DD989A-C3E5-4001-BBFE-AA43229950B3}.Debug|x86.ActiveCfg = Debug|x86
		{14DD989A-C3E5-4001-BBFE-AA43229950B3}.Debug|x86.Build.0 = Debug|x86
		{14DD989A-C3E5-4001-BBFE-AA43229950B3}.Release|Any CPU.ActiveCfg = Release|Any CPU
		{14DD989A-C3E5-4001-BBFE-AA43229950B3}.Release|Any CPU.Build.0 = Release|Any CPU
		{14DD989A-C3E5-4001-BBFE-AA43229950B3}.Release|Mixed Platforms.ActiveCfg = Release|x86
		{14DD989A-C3E5-4001-BBFE-AA43229950B3}.Release|Mixed Platforms.Build.0 = Release|x86
		{14DD989A-C3E5-4001-BBFE-AA43229950B3}.Release|x64.ActiveCfg = Release|x64
		{14DD989A-C3E5-4001-BBFE-AA43229950B3}.Release|x64.Build.0 = Release|x64
		{14DD989A-C3E5-4001-BBFE-AA43229950B3}.Release|x86.ActiveCfg = Release|x86
		{14DD989A-C3E5-4001-BBFE-AA43229950B3}.Release|x86.Build.0 = Release|x86
		{F576F05E-0EFB-4682-BBFE-EA178C3DC838}.Debug|Any CPU.ActiveCfg = Debug|Any CPU
		{F576F05E-0EFB-4682-BBFE-EA178C3DC838}.Debug|Any CPU.Build.0 = Debug|Any CPU
		{F576F05E-0EFB-4682-BBFE-EA178C3DC838}.Debug|Mixed Platforms.ActiveCfg = Debug|x86
		{F576F05E-0EFB-4682-BBFE-EA178C3DC838}.Debug|Mixed Platforms.Build.0 = Debug|x86
		{F576F05E-0EFB-4682-BBFE-EA178C3DC838}.Debug|x64.ActiveCfg = Debug|Any CPU
		{F576F05E-0EFB-4682-BBFE-EA178C3DC838}.Debug|x86.ActiveCfg = Debug|x86
		{F576F05E-0EFB-4682-BBFE-EA178C3DC838}.Debug|x86.Build.0 = Debug|x86
		{F576F05E-0EFB-4682-BBFE-EA178C3DC838}.Release|Any CPU.ActiveCfg = Release|Any CPU
		{F576F05E-0EFB-4682-BBFE-EA178C3DC838}.Release|Any CPU.Build.0 = Release|Any CPU
		{F576F05E-0EFB-4682-BBFE-EA178C3DC838}.Release|Mixed Platforms.ActiveCfg = Release|x86
		{F576F05E-0EFB-4682-BBFE-EA178C3DC838}.Release|Mixed Platforms.Build.0 = Release|x86
		{F576F05E-0EFB-4682-BBFE-EA178C3DC838}.Release|x64.ActiveCfg = Release|x64
		{F576F05E-0EFB-4682-BBFE-EA178C3DC838}.Release|x64.Build.0 = Release|x64
		{F576F05E-0EFB-4682-BBFE-EA178C3DC838}.Release|x86.ActiveCfg = Release|x86
		{F576F05E-0EFB-4682-BBFE-EA178C3DC838}.Release|x86.Build.0 = Release|x86
		{8BD66A0A-49F9-497F-914C-BF8926336848}.Debug|Any CPU.ActiveCfg = Debug|Any CPU
		{8BD66A0A-49F9-497F-914C-BF8926336848}.Debug|Any CPU.Build.0 = Debug|Any CPU
		{8BD66A0A-49F9-497F-914C-BF8926336848}.Debug|Mixed Platforms.ActiveCfg = Debug|x86
		{8BD66A0A-49F9-497F-914C-BF8926336848}.Debug|Mixed Platforms.Build.0 = Debug|x86
		{8BD66A0A-49F9-497F-914C-BF8926336848}.Debug|x64.ActiveCfg = Debug|x64
		{8BD66A0A-49F9-497F-914C-BF8926336848}.Debug|x64.Build.0 = Debug|x64
		{8BD66A0A-49F9-497F-914C-BF8926336848}.Debug|x86.ActiveCfg = Debug|x86
		{8BD66A0A-49F9-497F-914C-BF8926336848}.Debug|x86.Build.0 = Debug|x86
		{8BD66A0A-49F9-497F-914C-BF8926336848}.Release|Any CPU.ActiveCfg = Release|Any CPU
		{8BD66A0A-49F9-497F-914C-BF8926336848}.Release|Any CPU.Build.0 = Release|Any CPU
		{8BD66A0A-49F9-497F-914C-BF8926336848}.Release|Mixed Platforms.ActiveCfg = Release|x86
		{8BD66A0A-49F9-497F-914C-BF8926336848}.Release|Mixed Platforms.Build.0 = Release|x86
		{8BD66A0A-49F9-497F-914C-BF8926336848}.Release|x64.ActiveCfg = Release|x64
		{8BD66A0A-49F9-497F-914C-BF8926336848}.Release|x64.Build.0 = Release|x64
		{8BD66A0A-49F9-497F-914C-BF8926336848}.Release|x86.ActiveCfg = Release|x86
		{8BD66A0A-49F9-497F-914C-BF8926336848}.Release|x86.Build.0 = Release|x86
		{57FB7DFB-23A6-46E4-9828-ECF970695413}.Debug|Any CPU.ActiveCfg = Debug|Any CPU
		{57FB7DFB-23A6-46E4-9828-ECF970695413}.Debug|Any CPU.Build.0 = Debug|Any CPU
		{57FB7DFB-23A6-46E4-9828-ECF970695413}.Debug|Mixed Platforms.ActiveCfg = Debug|x86
		{57FB7DFB-23A6-46E4-9828-ECF970695413}.Debug|Mixed Platforms.Build.0 = Debug|x86
		{57FB7DFB-23A6-46E4-9828-ECF970695413}.Debug|x64.ActiveCfg = Debug|Any CPU
		{57FB7DFB-23A6-46E4-9828-ECF970695413}.Debug|x86.ActiveCfg = Debug|x86
		{57FB7DFB-23A6-46E4-9828-ECF970695413}.Debug|x86.Build.0 = Debug|x86
		{57FB7DFB-23A6-46E4-9828-ECF970695413}.Release|Any CPU.ActiveCfg = Release|Any CPU
		{57FB7DFB-23A6-46E4-9828-ECF970695413}.Release|Any CPU.Build.0 = Release|Any CPU
		{57FB7DFB-23A6-46E4-9828-ECF970695413}.Release|Mixed Platforms.ActiveCfg = Release|x86
		{57FB7DFB-23A6-46E4-9828-ECF970695413}.Release|Mixed Platforms.Build.0 = Release|x86
		{57FB7DFB-23A6-46E4-9828-ECF970695413}.Release|x64.ActiveCfg = Release|x64
		{57FB7DFB-23A6-46E4-9828-ECF970695413}.Release|x64.Build.0 = Release|x64
		{57FB7DFB-23A6-46E4-9828-ECF970695413}.Release|x86.ActiveCfg = Release|x86
		{57FB7DFB-23A6-46E4-9828-ECF970695413}.Release|x86.Build.0 = Release|x86
		{9CCC92BD-6595-4E79-80D3-CF7E0E1662B0}.Debug|Any CPU.ActiveCfg = Debug|Any CPU
		{9CCC92BD-6595-4E79-80D3-CF7E0E1662B0}.Debug|Any CPU.Build.0 = Debug|Any CPU
		{9CCC92BD-6595-4E79-80D3-CF7E0E1662B0}.Debug|Mixed Platforms.ActiveCfg = Debug|x86
		{9CCC92BD-6595-4E79-80D3-CF7E0E1662B0}.Debug|Mixed Platforms.Build.0 = Debug|x86
		{9CCC92BD-6595-4E79-80D3-CF7E0E1662B0}.Debug|x64.ActiveCfg = Debug|x64
		{9CCC92BD-6595-4E79-80D3-CF7E0E1662B0}.Debug|x64.Build.0 = Debug|x64
		{9CCC92BD-6595-4E79-80D3-CF7E0E1662B0}.Debug|x86.ActiveCfg = Debug|x86
		{9CCC92BD-6595-4E79-80D3-CF7E0E1662B0}.Debug|x86.Build.0 = Debug|x86
		{9CCC92BD-6595-4E79-80D3-CF7E0E1662B0}.Release|Any CPU.ActiveCfg = Release|Any CPU
		{9CCC92BD-6595-4E79-80D3-CF7E0E1662B0}.Release|Any CPU.Build.0 = Release|Any CPU
		{9CCC92BD-6595-4E79-80D3-CF7E0E1662B0}.Release|Mixed Platforms.ActiveCfg = Release|x86
		{9CCC92BD-6595-4E79-80D3-CF7E0E1662B0}.Release|Mixed Platforms.Build.0 = Release|x86
		{9CCC92BD-6595-4E79-80D3-CF7E0E1662B0}.Release|x64.ActiveCfg = Release|x64
		{9CCC92BD-6595-4E79-80D3-CF7E0E1662B0}.Release|x64.Build.0 = Release|x64
		{9CCC92BD-6595-4E79-80D3-CF7E0E1662B0}.Release|x86.ActiveCfg = Release|x86
		{9CCC92BD-6595-4E79-80D3-CF7E0E1662B0}.Release|x86.Build.0 = Release|x86
		{CA65745D-44CB-431A-BF12-1E47E753FF93}.Debug|Any CPU.ActiveCfg = Debug|Any CPU
		{CA65745D-44CB-431A-BF12-1E47E753FF93}.Debug|Any CPU.Build.0 = Debug|Any CPU
		{CA65745D-44CB-431A-BF12-1E47E753FF93}.Debug|Mixed Platforms.ActiveCfg = Debug|x86
		{CA65745D-44CB-431A-BF12-1E47E753FF93}.Debug|Mixed Platforms.Build.0 = Debug|x86
		{CA65745D-44CB-431A-BF12-1E47E753FF93}.Debug|x64.ActiveCfg = Debug|x64
		{CA65745D-44CB-431A-BF12-1E47E753FF93}.Debug|x64.Build.0 = Debug|x64
		{CA65745D-44CB-431A-BF12-1E47E753FF93}.Debug|x86.ActiveCfg = Debug|x86
		{CA65745D-44CB-431A-BF12-1E47E753FF93}.Debug|x86.Build.0 = Debug|x86
		{CA65745D-44CB-431A-BF12-1E47E753FF93}.Release|Any CPU.ActiveCfg = Release|Any CPU
		{CA65745D-44CB-431A-BF12-1E47E753FF93}.Release|Any CPU.Build.0 = Release|Any CPU
		{CA65745D-44CB-431A-BF12-1E47E753FF93}.Release|Mixed Platforms.ActiveCfg = Release|x86
		{CA65745D-44CB-431A-BF12-1E47E753FF93}.Release|Mixed Platforms.Build.0 = Release|x86
		{CA65745D-44CB-431A-BF12-1E47E753FF93}.Release|x64.ActiveCfg = Release|x64
		{CA65745D-44CB-431A-BF12-1E47E753FF93}.Release|x64.Build.0 = Release|x64
		{CA65745D-44CB-431A-BF12-1E47E753FF93}.Release|x86.ActiveCfg = Release|x86
		{CA65745D-44CB-431A-BF12-1E47E753FF93}.Release|x86.Build.0 = Release|x86
		{529450F3-0C27-4312-AD58-6B74A1910FFD}.Debug|Any CPU.ActiveCfg = Debug|Any CPU
		{529450F3-0C27-4312-AD58-6B74A1910FFD}.Debug|Any CPU.Build.0 = Debug|Any CPU
		{529450F3-0C27-4312-AD58-6B74A1910FFD}.Debug|Mixed Platforms.ActiveCfg = Debug|x86
		{529450F3-0C27-4312-AD58-6B74A1910FFD}.Debug|Mixed Platforms.Build.0 = Debug|x86
		{529450F3-0C27-4312-AD58-6B74A1910FFD}.Debug|x64.ActiveCfg = Debug|x64
		{529450F3-0C27-4312-AD58-6B74A1910FFD}.Debug|x64.Build.0 = Debug|x64
		{529450F3-0C27-4312-AD58-6B74A1910FFD}.Debug|x86.ActiveCfg = Debug|x86
		{529450F3-0C27-4312-AD58-6B74A1910FFD}.Debug|x86.Build.0 = Debug|x86
		{529450F3-0C27-4312-AD58-6B74A1910FFD}.Release|Any CPU.ActiveCfg = Release|Any CPU
		{529450F3-0C27-4312-AD58-6B74A1910FFD}.Release|Any CPU.Build.0 = Release|Any CPU
		{529450F3-0C27-4312-AD58-6B74A1910FFD}.Release|Mixed Platforms.ActiveCfg = Release|x86
		{529450F3-0C27-4312-AD58-6B74A1910FFD}.Release|Mixed Platforms.Build.0 = Release|x86
		{529450F3-0C27-4312-AD58-6B74A1910FFD}.Release|x64.ActiveCfg = Release|x64
		{529450F3-0C27-4312-AD58-6B74A1910FFD}.Release|x64.Build.0 = Release|x64
		{529450F3-0C27-4312-AD58-6B74A1910FFD}.Release|x86.ActiveCfg = Release|x86
		{529450F3-0C27-4312-AD58-6B74A1910FFD}.Release|x86.Build.0 = Release|x86
		{71855481-D14B-470A-86AE-466991820B2E}.Debug|Any CPU.ActiveCfg = Debug|Any CPU
		{71855481-D14B-470A-86AE-466991820B2E}.Debug|Any CPU.Build.0 = Debug|Any CPU
		{71855481-D14B-470A-86AE-466991820B2E}.Debug|Mixed Platforms.ActiveCfg = Debug|x86
		{71855481-D14B-470A-86AE-466991820B2E}.Debug|Mixed Platforms.Build.0 = Debug|x86
		{71855481-D14B-470A-86AE-466991820B2E}.Debug|x64.ActiveCfg = Debug|x64
		{71855481-D14B-470A-86AE-466991820B2E}.Debug|x64.Build.0 = Debug|x64
		{71855481-D14B-470A-86AE-466991820B2E}.Debug|x86.ActiveCfg = Debug|x86
		{71855481-D14B-470A-86AE-466991820B2E}.Debug|x86.Build.0 = Debug|x86
		{71855481-D14B-470A-86AE-466991820B2E}.Release|Any CPU.ActiveCfg = Release|Any CPU
		{71855481-D14B-470A-86AE-466991820B2E}.Release|Any CPU.Build.0 = Release|Any CPU
		{71855481-D14B-470A-86AE-466991820B2E}.Release|Mixed Platforms.ActiveCfg = Release|x86
		{71855481-D14B-470A-86AE-466991820B2E}.Release|Mixed Platforms.Build.0 = Release|x86
		{71855481-D14B-470A-86AE-466991820B2E}.Release|x64.ActiveCfg = Release|x64
		{71855481-D14B-470A-86AE-466991820B2E}.Release|x64.Build.0 = Release|x64
		{71855481-D14B-470A-86AE-466991820B2E}.Release|x86.ActiveCfg = Release|x86
		{71855481-D14B-470A-86AE-466991820B2E}.Release|x86.Build.0 = Release|x86
		{2A5A6428-1776-477B-B2F6-D4F9F5F51A5F}.Debug|Any CPU.ActiveCfg = Debug|Any CPU
		{2A5A6428-1776-477B-B2F6-D4F9F5F51A5F}.Debug|Any CPU.Build.0 = Debug|Any CPU
		{2A5A6428-1776-477B-B2F6-D4F9F5F51A5F}.Debug|Mixed Platforms.ActiveCfg = Debug|x86
		{2A5A6428-1776-477B-B2F6-D4F9F5F51A5F}.Debug|Mixed Platforms.Build.0 = Debug|x86
		{2A5A6428-1776-477B-B2F6-D4F9F5F51A5F}.Debug|x64.ActiveCfg = Debug|Any CPU
		{2A5A6428-1776-477B-B2F6-D4F9F5F51A5F}.Debug|x86.ActiveCfg = Debug|x86
		{2A5A6428-1776-477B-B2F6-D4F9F5F51A5F}.Debug|x86.Build.0 = Debug|x86
		{2A5A6428-1776-477B-B2F6-D4F9F5F51A5F}.Release|Any CPU.ActiveCfg = Release|Any CPU
		{2A5A6428-1776-477B-B2F6-D4F9F5F51A5F}.Release|Any CPU.Build.0 = Release|Any CPU
		{2A5A6428-1776-477B-B2F6-D4F9F5F51A5F}.Release|Mixed Platforms.ActiveCfg = Release|x86
		{2A5A6428-1776-477B-B2F6-D4F9F5F51A5F}.Release|Mixed Platforms.Build.0 = Release|x86
		{2A5A6428-1776-477B-B2F6-D4F9F5F51A5F}.Release|x64.ActiveCfg = Release|x64
		{2A5A6428-1776-477B-B2F6-D4F9F5F51A5F}.Release|x64.Build.0 = Release|x64
		{2A5A6428-1776-477B-B2F6-D4F9F5F51A5F}.Release|x86.ActiveCfg = Release|x86
		{2A5A6428-1776-477B-B2F6-D4F9F5F51A5F}.Release|x86.Build.0 = Release|x86
		{317E2989-A347-4692-BB42-948ACD470599}.Debug|Any CPU.ActiveCfg = Debug|Any CPU
		{317E2989-A347-4692-BB42-948ACD470599}.Debug|Any CPU.Build.0 = Debug|Any CPU
		{317E2989-A347-4692-BB42-948ACD470599}.Debug|Mixed Platforms.ActiveCfg = Debug|x86
		{317E2989-A347-4692-BB42-948ACD470599}.Debug|Mixed Platforms.Build.0 = Debug|x86
		{317E2989-A347-4692-BB42-948ACD470599}.Debug|x64.ActiveCfg = Debug|x64
		{317E2989-A347-4692-BB42-948ACD470599}.Debug|x64.Build.0 = Debug|x64
		{317E2989-A347-4692-BB42-948ACD470599}.Debug|x86.ActiveCfg = Debug|x86
		{317E2989-A347-4692-BB42-948ACD470599}.Debug|x86.Build.0 = Debug|x86
		{317E2989-A347-4692-BB42-948ACD470599}.Release|Any CPU.ActiveCfg = Release|Any CPU
		{317E2989-A347-4692-BB42-948ACD470599}.Release|Any CPU.Build.0 = Release|Any CPU
		{317E2989-A347-4692-BB42-948ACD470599}.Release|Mixed Platforms.ActiveCfg = Release|x86
		{317E2989-A347-4692-BB42-948ACD470599}.Release|Mixed Platforms.Build.0 = Release|x86
		{317E2989-A347-4692-BB42-948ACD470599}.Release|x64.ActiveCfg = Release|x64
		{317E2989-A347-4692-BB42-948ACD470599}.Release|x64.Build.0 = Release|x64
		{317E2989-A347-4692-BB42-948ACD470599}.Release|x86.ActiveCfg = Release|x86
		{317E2989-A347-4692-BB42-948ACD470599}.Release|x86.Build.0 = Release|x86
		{CD3E8F84-E7B8-4175-B3E1-B00BCB96ACAA}.Debug|Any CPU.ActiveCfg = Debug|Any CPU
		{CD3E8F84-E7B8-4175-B3E1-B00BCB96ACAA}.Debug|Any CPU.Build.0 = Debug|Any CPU
		{CD3E8F84-E7B8-4175-B3E1-B00BCB96ACAA}.Debug|Mixed Platforms.ActiveCfg = Debug|x86
		{CD3E8F84-E7B8-4175-B3E1-B00BCB96ACAA}.Debug|Mixed Platforms.Build.0 = Debug|x86
		{CD3E8F84-E7B8-4175-B3E1-B00BCB96ACAA}.Debug|x64.ActiveCfg = Debug|x64
		{CD3E8F84-E7B8-4175-B3E1-B00BCB96ACAA}.Debug|x64.Build.0 = Debug|x64
		{CD3E8F84-E7B8-4175-B3E1-B00BCB96ACAA}.Debug|x86.ActiveCfg = Debug|x86
		{CD3E8F84-E7B8-4175-B3E1-B00BCB96ACAA}.Debug|x86.Build.0 = Debug|x86
		{CD3E8F84-E7B8-4175-B3E1-B00BCB96ACAA}.Release|Any CPU.ActiveCfg = Release|Any CPU
		{CD3E8F84-E7B8-4175-B3E1-B00BCB96ACAA}.Release|Any CPU.Build.0 = Release|Any CPU
		{CD3E8F84-E7B8-4175-B3E1-B00BCB96ACAA}.Release|Mixed Platforms.ActiveCfg = Release|x86
		{CD3E8F84-E7B8-4175-B3E1-B00BCB96ACAA}.Release|Mixed Platforms.Build.0 = Release|x86
		{CD3E8F84-E7B8-4175-B3E1-B00BCB96ACAA}.Release|x64.ActiveCfg = Release|x64
		{CD3E8F84-E7B8-4175-B3E1-B00BCB96ACAA}.Release|x64.Build.0 = Release|x64
		{CD3E8F84-E7B8-4175-B3E1-B00BCB96ACAA}.Release|x86.ActiveCfg = Release|x86
		{CD3E8F84-E7B8-4175-B3E1-B00BCB96ACAA}.Release|x86.Build.0 = Release|x86
		{00B20469-F17A-43D4-96B5-B2A222D2E14F}.Debug|Any CPU.ActiveCfg = Debug|Any CPU
		{00B20469-F17A-43D4-96B5-B2A222D2E14F}.Debug|Any CPU.Build.0 = Debug|Any CPU
		{00B20469-F17A-43D4-96B5-B2A222D2E14F}.Debug|Mixed Platforms.ActiveCfg = Debug|x86
		{00B20469-F17A-43D4-96B5-B2A222D2E14F}.Debug|Mixed Platforms.Build.0 = Debug|x86
		{00B20469-F17A-43D4-96B5-B2A222D2E14F}.Debug|x64.ActiveCfg = Debug|Any CPU
		{00B20469-F17A-43D4-96B5-B2A222D2E14F}.Debug|x86.ActiveCfg = Debug|x86
		{00B20469-F17A-43D4-96B5-B2A222D2E14F}.Debug|x86.Build.0 = Debug|x86
		{00B20469-F17A-43D4-96B5-B2A222D2E14F}.Release|Any CPU.ActiveCfg = Release|Any CPU
		{00B20469-F17A-43D4-96B5-B2A222D2E14F}.Release|Any CPU.Build.0 = Release|Any CPU
		{00B20469-F17A-43D4-96B5-B2A222D2E14F}.Release|Mixed Platforms.ActiveCfg = Release|x86
		{00B20469-F17A-43D4-96B5-B2A222D2E14F}.Release|Mixed Platforms.Build.0 = Release|x86
		{00B20469-F17A-43D4-96B5-B2A222D2E14F}.Release|x64.ActiveCfg = Release|x64
		{00B20469-F17A-43D4-96B5-B2A222D2E14F}.Release|x64.Build.0 = Release|x64
		{00B20469-F17A-43D4-96B5-B2A222D2E14F}.Release|x86.ActiveCfg = Release|x86
		{00B20469-F17A-43D4-96B5-B2A222D2E14F}.Release|x86.Build.0 = Release|x86
		{7D28EB59-7198-4429-97F3-49A97544C134}.Debug|Any CPU.ActiveCfg = Debug|Any CPU
		{7D28EB59-7198-4429-97F3-49A97544C134}.Debug|Any CPU.Build.0 = Debug|Any CPU
		{7D28EB59-7198-4429-97F3-49A97544C134}.Debug|Mixed Platforms.ActiveCfg = Debug|x86
		{7D28EB59-7198-4429-97F3-49A97544C134}.Debug|Mixed Platforms.Build.0 = Debug|x86
		{7D28EB59-7198-4429-97F3-49A97544C134}.Debug|x64.ActiveCfg = Debug|Any CPU
		{7D28EB59-7198-4429-97F3-49A97544C134}.Debug|x86.ActiveCfg = Debug|x86
		{7D28EB59-7198-4429-97F3-49A97544C134}.Debug|x86.Build.0 = Debug|x86
		{7D28EB59-7198-4429-97F3-49A97544C134}.Release|Any CPU.ActiveCfg = Release|Any CPU
		{7D28EB59-7198-4429-97F3-49A97544C134}.Release|Any CPU.Build.0 = Release|Any CPU
		{7D28EB59-7198-4429-97F3-49A97544C134}.Release|Mixed Platforms.ActiveCfg = Release|x86
		{7D28EB59-7198-4429-97F3-49A97544C134}.Release|Mixed Platforms.Build.0 = Release|x86
		{7D28EB59-7198-4429-97F3-49A97544C134}.Release|x64.ActiveCfg = Release|Any CPU
		{7D28EB59-7198-4429-97F3-49A97544C134}.Release|x86.ActiveCfg = Release|x86
		{7D28EB59-7198-4429-97F3-49A97544C134}.Release|x86.Build.0 = Release|x86
		{BD5E6BFE-E837-4A35-BCA9-39667D873A20}.Debug|Any CPU.ActiveCfg = Debug|Any CPU
		{BD5E6BFE-E837-4A35-BCA9-39667D873A20}.Debug|Any CPU.Build.0 = Debug|Any CPU
		{BD5E6BFE-E837-4A35-BCA9-39667D873A20}.Debug|Mixed Platforms.ActiveCfg = Debug|x86
		{BD5E6BFE-E837-4A35-BCA9-39667D873A20}.Debug|Mixed Platforms.Build.0 = Debug|x86
		{BD5E6BFE-E837-4A35-BCA9-39667D873A20}.Debug|x64.ActiveCfg = Debug|x64
		{BD5E6BFE-E837-4A35-BCA9-39667D873A20}.Debug|x64.Build.0 = Debug|x64
		{BD5E6BFE-E837-4A35-BCA9-39667D873A20}.Debug|x86.ActiveCfg = Debug|x86
		{BD5E6BFE-E837-4A35-BCA9-39667D873A20}.Debug|x86.Build.0 = Debug|x86
		{BD5E6BFE-E837-4A35-BCA9-39667D873A20}.Release|Any CPU.ActiveCfg = Release|Any CPU
		{BD5E6BFE-E837-4A35-BCA9-39667D873A20}.Release|Any CPU.Build.0 = Release|Any CPU
		{BD5E6BFE-E837-4A35-BCA9-39667D873A20}.Release|Mixed Platforms.ActiveCfg = Release|x86
		{BD5E6BFE-E837-4A35-BCA9-39667D873A20}.Release|Mixed Platforms.Build.0 = Release|x86
		{BD5E6BFE-E837-4A35-BCA9-39667D873A20}.Release|x64.ActiveCfg = Release|x64
		{BD5E6BFE-E837-4A35-BCA9-39667D873A20}.Release|x64.Build.0 = Release|x64
		{BD5E6BFE-E837-4A35-BCA9-39667D873A20}.Release|x86.ActiveCfg = Release|x86
		{BD5E6BFE-E837-4A35-BCA9-39667D873A20}.Release|x86.Build.0 = Release|x86
		{F323D0FC-AC6E-4E17-84F7-91440BA59C61}.Debug|Any CPU.ActiveCfg = Debug|Any CPU
		{F323D0FC-AC6E-4E17-84F7-91440BA59C61}.Debug|Any CPU.Build.0 = Debug|Any CPU
		{F323D0FC-AC6E-4E17-84F7-91440BA59C61}.Debug|Mixed Platforms.ActiveCfg = Debug|x86
		{F323D0FC-AC6E-4E17-84F7-91440BA59C61}.Debug|Mixed Platforms.Build.0 = Debug|x86
		{F323D0FC-AC6E-4E17-84F7-91440BA59C61}.Debug|x64.ActiveCfg = Debug|x64
		{F323D0FC-AC6E-4E17-84F7-91440BA59C61}.Debug|x64.Build.0 = Debug|x64
		{F323D0FC-AC6E-4E17-84F7-91440BA59C61}.Debug|x86.ActiveCfg = Debug|x86
		{F323D0FC-AC6E-4E17-84F7-91440BA59C61}.Debug|x86.Build.0 = Debug|x86
		{F323D0FC-AC6E-4E17-84F7-91440BA59C61}.Release|Any CPU.ActiveCfg = Release|Any CPU
		{F323D0FC-AC6E-4E17-84F7-91440BA59C61}.Release|Any CPU.Build.0 = Release|Any CPU
		{F323D0FC-AC6E-4E17-84F7-91440BA59C61}.Release|Mixed Platforms.ActiveCfg = Release|x86
		{F323D0FC-AC6E-4E17-84F7-91440BA59C61}.Release|Mixed Platforms.Build.0 = Release|x86
		{F323D0FC-AC6E-4E17-84F7-91440BA59C61}.Release|x64.ActiveCfg = Release|x64
		{F323D0FC-AC6E-4E17-84F7-91440BA59C61}.Release|x64.Build.0 = Release|x64
		{F323D0FC-AC6E-4E17-84F7-91440BA59C61}.Release|x86.ActiveCfg = Release|x86
		{F323D0FC-AC6E-4E17-84F7-91440BA59C61}.Release|x86.Build.0 = Release|x86
		{ECE7C148-84C2-43A1-A968-FB6627B985E0}.Debug|Any CPU.ActiveCfg = Debug|Any CPU
		{ECE7C148-84C2-43A1-A968-FB6627B985E0}.Debug|Any CPU.Build.0 = Debug|Any CPU
		{ECE7C148-84C2-43A1-A968-FB6627B985E0}.Debug|Mixed Platforms.ActiveCfg = Debug|x86
		{ECE7C148-84C2-43A1-A968-FB6627B985E0}.Debug|Mixed Platforms.Build.0 = Debug|x86
		{ECE7C148-84C2-43A1-A968-FB6627B985E0}.Debug|x64.ActiveCfg = Debug|Any CPU
		{ECE7C148-84C2-43A1-A968-FB6627B985E0}.Debug|x86.ActiveCfg = Debug|x86
		{ECE7C148-84C2-43A1-A968-FB6627B985E0}.Debug|x86.Build.0 = Debug|x86
		{ECE7C148-84C2-43A1-A968-FB6627B985E0}.Release|Any CPU.ActiveCfg = Release|Any CPU
		{ECE7C148-84C2-43A1-A968-FB6627B985E0}.Release|Any CPU.Build.0 = Release|Any CPU
		{ECE7C148-84C2-43A1-A968-FB6627B985E0}.Release|Mixed Platforms.ActiveCfg = Release|x86
		{ECE7C148-84C2-43A1-A968-FB6627B985E0}.Release|Mixed Platforms.Build.0 = Release|x86
		{ECE7C148-84C2-43A1-A968-FB6627B985E0}.Release|x64.ActiveCfg = Release|Any CPU
		{ECE7C148-84C2-43A1-A968-FB6627B985E0}.Release|x86.ActiveCfg = Release|x86
		{ECE7C148-84C2-43A1-A968-FB6627B985E0}.Release|x86.Build.0 = Release|x86
		{B854C390-9668-4DA9-BA48-890919F692BA}.Debug|Any CPU.ActiveCfg = Debug|Any CPU
		{B854C390-9668-4DA9-BA48-890919F692BA}.Debug|Any CPU.Build.0 = Debug|Any CPU
		{B854C390-9668-4DA9-BA48-890919F692BA}.Debug|Mixed Platforms.ActiveCfg = Debug|x86
		{B854C390-9668-4DA9-BA48-890919F692BA}.Debug|Mixed Platforms.Build.0 = Debug|x86
		{B854C390-9668-4DA9-BA48-890919F692BA}.Debug|x64.ActiveCfg = Debug|Any CPU
		{B854C390-9668-4DA9-BA48-890919F692BA}.Debug|x86.ActiveCfg = Debug|x86
		{B854C390-9668-4DA9-BA48-890919F692BA}.Debug|x86.Build.0 = Debug|x86
		{B854C390-9668-4DA9-BA48-890919F692BA}.Release|Any CPU.ActiveCfg = Release|Any CPU
		{B854C390-9668-4DA9-BA48-890919F692BA}.Release|Any CPU.Build.0 = Release|Any CPU
		{B854C390-9668-4DA9-BA48-890919F692BA}.Release|Mixed Platforms.ActiveCfg = Release|x86
		{B854C390-9668-4DA9-BA48-890919F692BA}.Release|Mixed Platforms.Build.0 = Release|x86
		{B854C390-9668-4DA9-BA48-890919F692BA}.Release|x64.ActiveCfg = Release|Any CPU
		{B854C390-9668-4DA9-BA48-890919F692BA}.Release|x86.ActiveCfg = Release|x86
		{B854C390-9668-4DA9-BA48-890919F692BA}.Release|x86.Build.0 = Release|x86
		{E980D881-BB8C-4205-A355-89032D99A1CA}.Debug|Any CPU.ActiveCfg = Debug|Any CPU
		{E980D881-BB8C-4205-A355-89032D99A1CA}.Debug|Any CPU.Build.0 = Debug|Any CPU
		{E980D881-BB8C-4205-A355-89032D99A1CA}.Debug|Mixed Platforms.ActiveCfg = Debug|x86
		{E980D881-BB8C-4205-A355-89032D99A1CA}.Debug|Mixed Platforms.Build.0 = Debug|x86
		{E980D881-BB8C-4205-A355-89032D99A1CA}.Debug|x64.ActiveCfg = Debug|Any CPU
		{E980D881-BB8C-4205-A355-89032D99A1CA}.Debug|x86.ActiveCfg = Debug|x86
		{E980D881-BB8C-4205-A355-89032D99A1CA}.Debug|x86.Build.0 = Debug|x86
		{E980D881-BB8C-4205-A355-89032D99A1CA}.Release|Any CPU.ActiveCfg = Release|Any CPU
		{E980D881-BB8C-4205-A355-89032D99A1CA}.Release|Any CPU.Build.0 = Release|Any CPU
		{E980D881-BB8C-4205-A355-89032D99A1CA}.Release|Mixed Platforms.ActiveCfg = Release|x86
		{E980D881-BB8C-4205-A355-89032D99A1CA}.Release|Mixed Platforms.Build.0 = Release|x86
		{E980D881-BB8C-4205-A355-89032D99A1CA}.Release|x64.ActiveCfg = Release|Any CPU
		{E980D881-BB8C-4205-A355-89032D99A1CA}.Release|x86.ActiveCfg = Release|x86
		{E980D881-BB8C-4205-A355-89032D99A1CA}.Release|x86.Build.0 = Release|x86
		{7EA79F57-E1D5-4095-8C9A-6C902758C03D}.Debug|Any CPU.ActiveCfg = Debug|Any CPU
		{7EA79F57-E1D5-4095-8C9A-6C902758C03D}.Debug|Any CPU.Build.0 = Debug|Any CPU
		{7EA79F57-E1D5-4095-8C9A-6C902758C03D}.Debug|Mixed Platforms.ActiveCfg = Debug|Any CPU
		{7EA79F57-E1D5-4095-8C9A-6C902758C03D}.Debug|Mixed Platforms.Build.0 = Debug|Any CPU
		{7EA79F57-E1D5-4095-8C9A-6C902758C03D}.Debug|x64.ActiveCfg = Debug|Any CPU
		{7EA79F57-E1D5-4095-8C9A-6C902758C03D}.Debug|x86.ActiveCfg = Debug|x86
		{7EA79F57-E1D5-4095-8C9A-6C902758C03D}.Debug|x86.Build.0 = Debug|x86
		{7EA79F57-E1D5-4095-8C9A-6C902758C03D}.Release|Any CPU.ActiveCfg = Release|Any CPU
		{7EA79F57-E1D5-4095-8C9A-6C902758C03D}.Release|Any CPU.Build.0 = Release|Any CPU
		{7EA79F57-E1D5-4095-8C9A-6C902758C03D}.Release|Mixed Platforms.ActiveCfg = Release|Any CPU
		{7EA79F57-E1D5-4095-8C9A-6C902758C03D}.Release|Mixed Platforms.Build.0 = Release|Any CPU
		{7EA79F57-E1D5-4095-8C9A-6C902758C03D}.Release|x64.ActiveCfg = Release|Any CPU
		{7EA79F57-E1D5-4095-8C9A-6C902758C03D}.Release|x86.ActiveCfg = Release|Any CPU
	EndGlobalSection
	GlobalSection(SolutionProperties) = preSolution
		HideSolutionNode = FALSE
	EndGlobalSection
	GlobalSection(NestedProjects) = preSolution
		{B67464F4-37CC-48D6-8A17-204F6E7A18C5} = {6302C639-FF9C-462C-8137-638C53DC700F}
		{7D28EB59-7198-4429-97F3-49A97544C134} = {6302C639-FF9C-462C-8137-638C53DC700F}
		{BD5E6BFE-E837-4A35-BCA9-39667D873A20} = {6302C639-FF9C-462C-8137-638C53DC700F}
		{14DD989A-C3E5-4001-BBFE-AA43229950B3} = {6229E7BA-75BB-44C2-85BD-BB84187C9B37}
		{8BD66A0A-49F9-497F-914C-BF8926336848} = {6229E7BA-75BB-44C2-85BD-BB84187C9B37}
		{D2178B4D-F501-4FB0-96C9-B888C8843761} = {BE0C5EFE-BE71-41A6-9FD6-B56005C9FD38}
		{317E2989-A347-4692-BB42-948ACD470599} = {BE0C5EFE-BE71-41A6-9FD6-B56005C9FD38}
		{59440B93-CD63-446E-B6BA-F5D9B99BB664} = {15003B17-8CC8-40F5-9C6B-16AA7D05F470}
		{F576F05E-0EFB-4682-BBFE-EA178C3DC838} = {15003B17-8CC8-40F5-9C6B-16AA7D05F470}
		{57FB7DFB-23A6-46E4-9828-ECF970695413} = {1099C655-C348-4FF3-BC41-A5B22A22D53E}
		{9CCC92BD-6595-4E79-80D3-CF7E0E1662B0} = {1099C655-C348-4FF3-BC41-A5B22A22D53E}
		{CA65745D-44CB-431A-BF12-1E47E753FF93} = {1099C655-C348-4FF3-BC41-A5B22A22D53E}
		{529450F3-0C27-4312-AD58-6B74A1910FFD} = {1099C655-C348-4FF3-BC41-A5B22A22D53E}
		{71855481-D14B-470A-86AE-466991820B2E} = {1099C655-C348-4FF3-BC41-A5B22A22D53E}
		{2A5A6428-1776-477B-B2F6-D4F9F5F51A5F} = {1099C655-C348-4FF3-BC41-A5B22A22D53E}
		{CD3E8F84-E7B8-4175-B3E1-B00BCB96ACAA} = {1099C655-C348-4FF3-BC41-A5B22A22D53E}
		{F323D0FC-AC6E-4E17-84F7-91440BA59C61} = {1099C655-C348-4FF3-BC41-A5B22A22D53E}
		{00B20469-F17A-43D4-96B5-B2A222D2E14F} = {B1538A4D-B3CE-41F6-BB54-EFA3980F4A80}
	EndGlobalSection
EndGlobal
