
Microsoft Visual Studio Solution File, Format Version 12.00
# Visual Studio 2012
Project("{FAE04EC0-301F-11D3-BF4B-00C04F79EFBC}") = "BMC.EnterpriseReportsUI", "BMC.EnterpriseReportsUI.csproj", "{8FF3BD77-4AAC-45FF-8971-BC6A598EE606}"
EndProject
Project("{FAE04EC0-301F-11D3-BF4B-00C04F79EFBC}") = "BMC.Common", "..\..\..\..\Common\BMC.Common\BMC.Common.csproj", "{4D507C5E-48B8-4E3F-8DE1-A233C43E97E8}"
EndProject
Project("{FAE04EC0-301F-11D3-BF4B-00C04F79EFBC}") = "BMC.DataAccess", "..\..\..\..\Common\BMC.DataAccess\BMC.DataAccess.csproj", "{317E2989-A347-4692-BB42-948ACD470599}"
EndProject
Project("{FAE04EC0-301F-11D3-BF4B-00C04F79EFBC}") = "BMC.EnterpriseReportsDataAccess", "..\EnterpriseReportsDataAccess\BMC.EnterpriseReportsDataAccess.csproj", "{B854C390-9668-4DA9-BA48-890919F692BA}"
EndProject
Project("{FAE04EC0-301F-11D3-BF4B-00C04F79EFBC}") = "BMC.EnterpriseReportsTransport", "..\EnterpriseReportsTransport\BMC.EnterpriseReportsTransport.csproj", "{E980D881-BB8C-4205-A355-89032D99A1CA}"
EndProject
Project("{FAE04EC0-301F-11D3-BF4B-00C04F79EFBC}") = "BMC.EnterpriseReportsBusiness", "..\EnterpriseReportsBusiness\BMC.EnterpriseReportsBusiness.csproj", "{ECE7C148-84C2-43A1-A968-FB6627B985E0}"
EndProject
Project("{FAE04EC0-301F-11D3-BF4B-00C04F79EFBC}") = "BMC.Security", "..\..\..\..\Common\BMC.Security\BMC.Security.csproj", "{71855481-D14B-470A-86AE-466991820B2E}"
EndProject
Project("{FAE04EC0-301F-11D3-BF4B-00C04F79EFBC}") = "BMC.CoreLib", "..\..\..\..\Common\BMC.CoreLib\BMC.CoreLib.csproj", "{8BD66A0A-49F9-497F-914C-BF8926336848}"
EndProject
Project("{FAE04EC0-301F-11D3-BF4B-00C04F79EFBC}") = "BMC.ExcelLibrary", "..\..\..\..\Common\BMC.ExcelLibrary\BMC.ExcelLibrary.csproj", "{7D28EB59-7198-4429-97F3-49A97544C134}"
EndProject
Project("{FAE04EC0-301F-11D3-BF4B-00C04F79EFBC}") = "BMC.Resources", "..\..\..\BMC.Resources\BMC.Resources.csproj", "{F323D0FC-AC6E-4E17-84F7-91440BA59C61}"
EndProject
Project("{FAE04EC0-301F-11D3-BF4B-00C04F79EFBC}") = "ReportViewer", "..\ReportViewer\ReportViewer.csproj", "{7EA79F57-E1D5-4095-8C9A-6C902758C03D}"
EndProject
Global
	GlobalSection(SolutionConfigurationPlatforms) = preSolution
		Debug|Any CPU = Debug|Any CPU
		Debug|x64 = Debug|x64
		Debug|x86 = Debug|x86
		Debug86|Any CPU = Debug86|Any CPU
		Debug86|x64 = Debug86|x64
		Debug86|x86 = Debug86|x86
		Release|Any CPU = Release|Any CPU
		Release|x64 = Release|x64
		Release|x86 = Release|x86
	EndGlobalSection
	GlobalSection(ProjectConfigurationPlatforms) = postSolution
		{8FF3BD77-4AAC-45FF-8971-BC6A598EE606}.Debug|Any CPU.ActiveCfg = Debug|Any CPU
		{8FF3BD77-4AAC-45FF-8971-BC6A598EE606}.Debug|Any CPU.Build.0 = Debug|Any CPU
		{8FF3BD77-4AAC-45FF-8971-BC6A598EE606}.Debug|x64.ActiveCfg = Debug|Any CPU
		{8FF3BD77-4AAC-45FF-8971-BC6A598EE606}.Debug|x64.Build.0 = Debug|Any CPU
		{8FF3BD77-4AAC-45FF-8971-BC6A598EE606}.Debug|x86.ActiveCfg = Debug|x86
		{8FF3BD77-4AAC-45FF-8971-BC6A598EE606}.Debug|x86.Build.0 = Debug|x86
		{8FF3BD77-4AAC-45FF-8971-BC6A598EE606}.Debug86|Any CPU.ActiveCfg = Debug|Any CPU
		{8FF3BD77-4AAC-45FF-8971-BC6A598EE606}.Debug86|Any CPU.Build.0 = Debug|Any CPU
		{8FF3BD77-4AAC-45FF-8971-BC6A598EE606}.Debug86|x64.ActiveCfg = Debug|Any CPU
		{8FF3BD77-4AAC-45FF-8971-BC6A598EE606}.Debug86|x86.ActiveCfg = Debug|x86
		{8FF3BD77-4AAC-45FF-8971-BC6A598EE606}.Debug86|x86.Build.0 = Debug|x86
		{8FF3BD77-4AAC-45FF-8971-BC6A598EE606}.Release|Any CPU.ActiveCfg = Release|Any CPU
		{8FF3BD77-4AAC-45FF-8971-BC6A598EE606}.Release|Any CPU.Build.0 = Release|Any CPU
		{8FF3BD77-4AAC-45FF-8971-BC6A598EE606}.Release|x64.ActiveCfg = Release|Any CPU
		{8FF3BD77-4AAC-45FF-8971-BC6A598EE606}.Release|x86.ActiveCfg = Release|x86
		{8FF3BD77-4AAC-45FF-8971-BC6A598EE606}.Release|x86.Build.0 = Release|x86
		{4D507C5E-48B8-4E3F-8DE1-A233C43E97E8}.Debug|Any CPU.ActiveCfg = Debug|Any CPU
		{4D507C5E-48B8-4E3F-8DE1-A233C43E97E8}.Debug|Any CPU.Build.0 = Debug|Any CPU
		{4D507C5E-48B8-4E3F-8DE1-A233C43E97E8}.Debug|x64.ActiveCfg = Debug|Any CPU
		{4D507C5E-48B8-4E3F-8DE1-A233C43E97E8}.Debug|x64.Build.0 = Debug|Any CPU
		{4D507C5E-48B8-4E3F-8DE1-A233C43E97E8}.Debug|x86.ActiveCfg = Debug|x86
		{4D507C5E-48B8-4E3F-8DE1-A233C43E97E8}.Debug|x86.Build.0 = Debug|x86
		{4D507C5E-48B8-4E3F-8DE1-A233C43E97E8}.Debug86|Any CPU.ActiveCfg = Debug|Any CPU
		{4D507C5E-48B8-4E3F-8DE1-A233C43E97E8}.Debug86|Any CPU.Build.0 = Debug|Any CPU
		{4D507C5E-48B8-4E3F-8DE1-A233C43E97E8}.Debug86|x64.ActiveCfg = Debug|x64
		{4D507C5E-48B8-4E3F-8DE1-A233C43E97E8}.Debug86|x64.Build.0 = Debug|x64
		{4D507C5E-48B8-4E3F-8DE1-A233C43E97E8}.Debug86|x86.ActiveCfg = Debug|x86
		{4D507C5E-48B8-4E3F-8DE1-A233C43E97E8}.Debug86|x86.Build.0 = Debug|x86
		{4D507C5E-48B8-4E3F-8DE1-A233C43E97E8}.Release|Any CPU.ActiveCfg = Release|Any CPU
		{4D507C5E-48B8-4E3F-8DE1-A233C43E97E8}.Release|Any CPU.Build.0 = Release|Any CPU
		{4D507C5E-48B8-4E3F-8DE1-A233C43E97E8}.Release|x64.ActiveCfg = Release|x64
		{4D507C5E-48B8-4E3F-8DE1-A233C43E97E8}.Release|x64.Build.0 = Release|x64
		{4D507C5E-48B8-4E3F-8DE1-A233C43E97E8}.Release|x86.ActiveCfg = Release|x86
		{4D507C5E-48B8-4E3F-8DE1-A233C43E97E8}.Release|x86.Build.0 = Release|x86
		{317E2989-A347-4692-BB42-948ACD470599}.Debug|Any CPU.ActiveCfg = Debug|Any CPU
		{317E2989-A347-4692-BB42-948ACD470599}.Debug|Any CPU.Build.0 = Debug|Any CPU
		{317E2989-A347-4692-BB42-948ACD470599}.Debug|x64.ActiveCfg = Debug|Any CPU
		{317E2989-A347-4692-BB42-948ACD470599}.Debug|x64.Build.0 = Debug|Any CPU
		{317E2989-A347-4692-BB42-948ACD470599}.Debug|x86.ActiveCfg = Debug|x86
		{317E2989-A347-4692-BB42-948ACD470599}.Debug|x86.Build.0 = Debug|x86
		{317E2989-A347-4692-BB42-948ACD470599}.Debug86|Any CPU.ActiveCfg = Debug|Any CPU
		{317E2989-A347-4692-BB42-948ACD470599}.Debug86|Any CPU.Build.0 = Debug|Any CPU
		{317E2989-A347-4692-BB42-948ACD470599}.Debug86|x64.ActiveCfg = Debug|x64
		{317E2989-A347-4692-BB42-948ACD470599}.Debug86|x64.Build.0 = Debug|x64
		{317E2989-A347-4692-BB42-948ACD470599}.Debug86|x86.ActiveCfg = Debug|x86
		{317E2989-A347-4692-BB42-948ACD470599}.Debug86|x86.Build.0 = Debug|x86
		{317E2989-A347-4692-BB42-948ACD470599}.Release|Any CPU.ActiveCfg = Release|Any CPU
		{317E2989-A347-4692-BB42-948ACD470599}.Release|Any CPU.Build.0 = Release|Any CPU
		{317E2989-A347-4692-BB42-948ACD470599}.Release|x64.ActiveCfg = Release|x64
		{317E2989-A347-4692-BB42-948ACD470599}.Release|x64.Build.0 = Release|x64
		{317E2989-A347-4692-BB42-948ACD470599}.Release|x86.ActiveCfg = Release|x86
		{317E2989-A347-4692-BB42-948ACD470599}.Release|x86.Build.0 = Release|x86
		{B854C390-9668-4DA9-BA48-890919F692BA}.Debug|Any CPU.ActiveCfg = Debug|Any CPU
		{B854C390-9668-4DA9-BA48-890919F692BA}.Debug|Any CPU.Build.0 = Debug|Any CPU
		{B854C390-9668-4DA9-BA48-890919F692BA}.Debug|x64.ActiveCfg = Debug|Any CPU
		{B854C390-9668-4DA9-BA48-890919F692BA}.Debug|x64.Build.0 = Debug|Any CPU
		{B854C390-9668-4DA9-BA48-890919F692BA}.Debug|x86.ActiveCfg = Debug|x86
		{B854C390-9668-4DA9-BA48-890919F692BA}.Debug|x86.Build.0 = Debug|x86
		{B854C390-9668-4DA9-BA48-890919F692BA}.Debug86|Any CPU.ActiveCfg = Debug|Any CPU
		{B854C390-9668-4DA9-BA48-890919F692BA}.Debug86|Any CPU.Build.0 = Debug|Any CPU
		{B854C390-9668-4DA9-BA48-890919F692BA}.Debug86|x64.ActiveCfg = Debug|Any CPU
		{B854C390-9668-4DA9-BA48-890919F692BA}.Debug86|x86.ActiveCfg = Debug|x86
		{B854C390-9668-4DA9-BA48-890919F692BA}.Debug86|x86.Build.0 = Debug|x86
		{B854C390-9668-4DA9-BA48-890919F692BA}.Release|Any CPU.ActiveCfg = Release|Any CPU
		{B854C390-9668-4DA9-BA48-890919F692BA}.Release|Any CPU.Build.0 = Release|Any CPU
		{B854C390-9668-4DA9-BA48-890919F692BA}.Release|x64.ActiveCfg = Release|Any CPU
		{B854C390-9668-4DA9-BA48-890919F692BA}.Release|x86.ActiveCfg = Release|x86
		{B854C390-9668-4DA9-BA48-890919F692BA}.Release|x86.Build.0 = Release|x86
		{E980D881-BB8C-4205-A355-89032D99A1CA}.Debug|Any CPU.ActiveCfg = Debug|Any CPU
		{E980D881-BB8C-4205-A355-89032D99A1CA}.Debug|Any CPU.Build.0 = Debug|Any CPU
		{E980D881-BB8C-4205-A355-89032D99A1CA}.Debug|x64.ActiveCfg = Debug|Any CPU
		{E980D881-BB8C-4205-A355-89032D99A1CA}.Debug|x64.Build.0 = Debug|Any CPU
		{E980D881-BB8C-4205-A355-89032D99A1CA}.Debug|x86.ActiveCfg = Debug|x86
		{E980D881-BB8C-4205-A355-89032D99A1CA}.Debug|x86.Build.0 = Debug|x86
		{E980D881-BB8C-4205-A355-89032D99A1CA}.Debug86|Any CPU.ActiveCfg = Debug|Any CPU
		{E980D881-BB8C-4205-A355-89032D99A1CA}.Debug86|Any CPU.Build.0 = Debug|Any CPU
		{E980D881-BB8C-4205-A355-89032D99A1CA}.Debug86|x64.ActiveCfg = Debug|Any CPU
		{E980D881-BB8C-4205-A355-89032D99A1CA}.Debug86|x86.ActiveCfg = Debug|x86
		{E980D881-BB8C-4205-A355-89032D99A1CA}.Debug86|x86.Build.0 = Debug|x86
		{E980D881-BB8C-4205-A355-89032D99A1CA}.Release|Any CPU.ActiveCfg = Release|Any CPU
		{E980D881-BB8C-4205-A355-89032D99A1CA}.Release|Any CPU.Build.0 = Release|Any CPU
		{E980D881-BB8C-4205-A355-89032D99A1CA}.Release|x64.ActiveCfg = Release|Any CPU
		{E980D881-BB8C-4205-A355-89032D99A1CA}.Release|x86.ActiveCfg = Release|x86
		{E980D881-BB8C-4205-A355-89032D99A1CA}.Release|x86.Build.0 = Release|x86
		{ECE7C148-84C2-43A1-A968-FB6627B985E0}.Debug|Any CPU.ActiveCfg = Debug|Any CPU
		{ECE7C148-84C2-43A1-A968-FB6627B985E0}.Debug|Any CPU.Build.0 = Debug|Any CPU
		{ECE7C148-84C2-43A1-A968-FB6627B985E0}.Debug|x64.ActiveCfg = Debug|Any CPU
		{ECE7C148-84C2-43A1-A968-FB6627B985E0}.Debug|x64.Build.0 = Debug|Any CPU
		{ECE7C148-84C2-43A1-A968-FB6627B985E0}.Debug|x86.ActiveCfg = Debug|x86
		{ECE7C148-84C2-43A1-A968-FB6627B985E0}.Debug|x86.Build.0 = Debug|x86
		{ECE7C148-84C2-43A1-A968-FB6627B985E0}.Debug86|Any CPU.ActiveCfg = Debug|Any CPU
		{ECE7C148-84C2-43A1-A968-FB6627B985E0}.Debug86|Any CPU.Build.0 = Debug|Any CPU
		{ECE7C148-84C2-43A1-A968-FB6627B985E0}.Debug86|x64.ActiveCfg = Debug|Any CPU
		{ECE7C148-84C2-43A1-A968-FB6627B985E0}.Debug86|x86.ActiveCfg = Debug|x86
		{ECE7C148-84C2-43A1-A968-FB6627B985E0}.Debug86|x86.Build.0 = Debug|x86
		{ECE7C148-84C2-43A1-A968-FB6627B985E0}.Release|Any CPU.ActiveCfg = Release|Any CPU
		{ECE7C148-84C2-43A1-A968-FB6627B985E0}.Release|Any CPU.Build.0 = Release|Any CPU
		{ECE7C148-84C2-43A1-A968-FB6627B985E0}.Release|x64.ActiveCfg = Release|Any CPU
		{ECE7C148-84C2-43A1-A968-FB6627B985E0}.Release|x86.ActiveCfg = Release|x86
		{ECE7C148-84C2-43A1-A968-FB6627B985E0}.Release|x86.Build.0 = Release|x86
		{71855481-D14B-470A-86AE-466991820B2E}.Debug|Any CPU.ActiveCfg = Debug|Any CPU
		{71855481-D14B-470A-86AE-466991820B2E}.Debug|Any CPU.Build.0 = Debug|Any CPU
		{71855481-D14B-470A-86AE-466991820B2E}.Debug|x64.ActiveCfg = Debug|Any CPU
		{71855481-D14B-470A-86AE-466991820B2E}.Debug|x64.Build.0 = Debug|Any CPU
		{71855481-D14B-470A-86AE-466991820B2E}.Debug|x86.ActiveCfg = Debug|x86
		{71855481-D14B-470A-86AE-466991820B2E}.Debug|x86.Build.0 = Debug|x86
		{71855481-D14B-470A-86AE-466991820B2E}.Debug86|Any CPU.ActiveCfg = Debug|Any CPU
		{71855481-D14B-470A-86AE-466991820B2E}.Debug86|Any CPU.Build.0 = Debug|Any CPU
		{71855481-D14B-470A-86AE-466991820B2E}.Debug86|x64.ActiveCfg = Debug|x64
		{71855481-D14B-470A-86AE-466991820B2E}.Debug86|x64.Build.0 = Debug|x64
		{71855481-D14B-470A-86AE-466991820B2E}.Debug86|x86.ActiveCfg = Debug|x86
		{71855481-D14B-470A-86AE-466991820B2E}.Debug86|x86.Build.0 = Debug|x86
		{71855481-D14B-470A-86AE-466991820B2E}.Release|Any CPU.ActiveCfg = Release|Any CPU
		{71855481-D14B-470A-86AE-466991820B2E}.Release|Any CPU.Build.0 = Release|Any CPU
		{71855481-D14B-470A-86AE-466991820B2E}.Release|x64.ActiveCfg = Release|x64
		{71855481-D14B-470A-86AE-466991820B2E}.Release|x64.Build.0 = Release|x64
		{71855481-D14B-470A-86AE-466991820B2E}.Release|x86.ActiveCfg = Release|x86
		{71855481-D14B-470A-86AE-466991820B2E}.Release|x86.Build.0 = Release|x86
		{8BD66A0A-49F9-497F-914C-BF8926336848}.Debug|Any CPU.ActiveCfg = Debug|Any CPU
		{8BD66A0A-49F9-497F-914C-BF8926336848}.Debug|Any CPU.Build.0 = Debug|Any CPU
		{8BD66A0A-49F9-497F-914C-BF8926336848}.Debug|x64.ActiveCfg = Debug|x64
		{8BD66A0A-49F9-497F-914C-BF8926336848}.Debug|x64.Build.0 = Debug|x64
		{8BD66A0A-49F9-497F-914C-BF8926336848}.Debug|x86.ActiveCfg = Debug|x86
		{8BD66A0A-49F9-497F-914C-BF8926336848}.Debug|x86.Build.0 = Debug|x86
		{8BD66A0A-49F9-497F-914C-BF8926336848}.Debug86|Any CPU.ActiveCfg = Debug86|Any CPU
		{8BD66A0A-49F9-497F-914C-BF8926336848}.Debug86|Any CPU.Build.0 = Debug86|Any CPU
		{8BD66A0A-49F9-497F-914C-BF8926336848}.Debug86|x64.ActiveCfg = Debug86|x64
		{8BD66A0A-49F9-497F-914C-BF8926336848}.Debug86|x64.Build.0 = Debug86|x64
		{8BD66A0A-49F9-497F-914C-BF8926336848}.Debug86|x86.ActiveCfg = Debug86|x86
		{8BD66A0A-49F9-497F-914C-BF8926336848}.Debug86|x86.Build.0 = Debug86|x86
		{8BD66A0A-49F9-497F-914C-BF8926336848}.Release|Any CPU.ActiveCfg = Release|Any CPU
		{8BD66A0A-49F9-497F-914C-BF8926336848}.Release|Any CPU.Build.0 = Release|Any CPU
		{8BD66A0A-49F9-497F-914C-BF8926336848}.Release|x64.ActiveCfg = Release|x64
		{8BD66A0A-49F9-497F-914C-BF8926336848}.Release|x64.Build.0 = Release|x64
		{8BD66A0A-49F9-497F-914C-BF8926336848}.Release|x86.ActiveCfg = Release|x86
		{8BD66A0A-49F9-497F-914C-BF8926336848}.Release|x86.Build.0 = Release|x86
		{7D28EB59-7198-4429-97F3-49A97544C134}.Debug|Any CPU.ActiveCfg = Debug|Any CPU
		{7D28EB59-7198-4429-97F3-49A97544C134}.Debug|Any CPU.Build.0 = Debug|Any CPU
		{7D28EB59-7198-4429-97F3-49A97544C134}.Debug|x64.ActiveCfg = Debug|Any CPU
		{7D28EB59-7198-4429-97F3-49A97544C134}.Debug|x86.ActiveCfg = Debug|x86
		{7D28EB59-7198-4429-97F3-49A97544C134}.Debug|x86.Build.0 = Debug|x86
		{7D28EB59-7198-4429-97F3-49A97544C134}.Debug86|Any CPU.ActiveCfg = Debug|Any CPU
		{7D28EB59-7198-4429-97F3-49A97544C134}.Debug86|Any CPU.Build.0 = Debug|Any CPU
		{7D28EB59-7198-4429-97F3-49A97544C134}.Debug86|x64.ActiveCfg = Debug|Any CPU
		{7D28EB59-7198-4429-97F3-49A97544C134}.Debug86|x86.ActiveCfg = Debug|x86
		{7D28EB59-7198-4429-97F3-49A97544C134}.Debug86|x86.Build.0 = Debug|x86
		{7D28EB59-7198-4429-97F3-49A97544C134}.Release|Any CPU.ActiveCfg = Release|Any CPU
		{7D28EB59-7198-4429-97F3-49A97544C134}.Release|Any CPU.Build.0 = Release|Any CPU
		{7D28EB59-7198-4429-97F3-49A97544C134}.Release|x64.ActiveCfg = Release|Any CPU
		{7D28EB59-7198-4429-97F3-49A97544C134}.Release|x86.ActiveCfg = Release|x86
		{7D28EB59-7198-4429-97F3-49A97544C134}.Release|x86.Build.0 = Release|x86
		{F323D0FC-AC6E-4E17-84F7-91440BA59C61}.Debug|Any CPU.ActiveCfg = Debug|Any CPU
		{F323D0FC-AC6E-4E17-84F7-91440BA59C61}.Debug|Any CPU.Build.0 = Debug|Any CPU
		{F323D0FC-AC6E-4E17-84F7-91440BA59C61}.Debug|x64.ActiveCfg = Debug|x64
		{F323D0FC-AC6E-4E17-84F7-91440BA59C61}.Debug|x64.Build.0 = Debug|x64
		{F323D0FC-AC6E-4E17-84F7-91440BA59C61}.Debug|x86.ActiveCfg = Debug|x86
		{F323D0FC-AC6E-4E17-84F7-91440BA59C61}.Debug|x86.Build.0 = Debug|x86
		{F323D0FC-AC6E-4E17-84F7-91440BA59C61}.Debug86|Any CPU.ActiveCfg = Debug|Any CPU
		{F323D0FC-AC6E-4E17-84F7-91440BA59C61}.Debug86|Any CPU.Build.0 = Debug|Any CPU
		{F323D0FC-AC6E-4E17-84F7-91440BA59C61}.Debug86|x64.ActiveCfg = Debug|x64
		{F323D0FC-AC6E-4E17-84F7-91440BA59C61}.Debug86|x64.Build.0 = Debug|x64
		{F323D0FC-AC6E-4E17-84F7-91440BA59C61}.Debug86|x86.ActiveCfg = Debug|x86
		{F323D0FC-AC6E-4E17-84F7-91440BA59C61}.Debug86|x86.Build.0 = Debug|x86
		{F323D0FC-AC6E-4E17-84F7-91440BA59C61}.Release|Any CPU.ActiveCfg = Release|Any CPU
		{F323D0FC-AC6E-4E17-84F7-91440BA59C61}.Release|Any CPU.Build.0 = Release|Any CPU
		{F323D0FC-AC6E-4E17-84F7-91440BA59C61}.Release|x64.ActiveCfg = Release|x64
		{F323D0FC-AC6E-4E17-84F7-91440BA59C61}.Release|x64.Build.0 = Release|x64
		{F323D0FC-AC6E-4E17-84F7-91440BA59C61}.Release|x86.ActiveCfg = Release|x86
		{F323D0FC-AC6E-4E17-84F7-91440BA59C61}.Release|x86.Build.0 = Release|x86
		{7EA79F57-E1D5-4095-8C9A-6C902758C03D}.Debug|Any CPU.ActiveCfg = Debug|Any CPU
		{7EA79F57-E1D5-4095-8C9A-6C902758C03D}.Debug|Any CPU.Build.0 = Debug|Any CPU
		{7EA79F57-E1D5-4095-8C9A-6C902758C03D}.Debug|x64.ActiveCfg = Debug|Any CPU
		{7EA79F57-E1D5-4095-8C9A-6C902758C03D}.Debug|x86.ActiveCfg = Debug|Any CPU
		{7EA79F57-E1D5-4095-8C9A-6C902758C03D}.Debug86|Any CPU.ActiveCfg = Debug|Any CPU
		{7EA79F57-E1D5-4095-8C9A-6C902758C03D}.Debug86|Any CPU.Build.0 = Debug|Any CPU
		{7EA79F57-E1D5-4095-8C9A-6C902758C03D}.Debug86|x64.ActiveCfg = Debug|Any CPU
		{7EA79F57-E1D5-4095-8C9A-6C902758C03D}.Debug86|x86.ActiveCfg = Debug|Any CPU
		{7EA79F57-E1D5-4095-8C9A-6C902758C03D}.Release|Any CPU.ActiveCfg = Release|Any CPU
		{7EA79F57-E1D5-4095-8C9A-6C902758C03D}.Release|Any CPU.Build.0 = Release|Any CPU
		{7EA79F57-E1D5-4095-8C9A-6C902758C03D}.Release|x64.ActiveCfg = Release|Any CPU
		{7EA79F57-E1D5-4095-8C9A-6C902758C03D}.Release|x86.ActiveCfg = Release|Any CPU
	EndGlobalSection
	GlobalSection(SolutionProperties) = preSolution
		HideSolutionNode = FALSE
	EndGlobalSection
EndGlobal
