
Microsoft Visual Studio Solution File, Format Version 12.00
# Visual Studio 2012
Project("{FAE04EC0-301F-11D3-BF4B-00C04F79EFBC}") = "BMC.MonitoringService", "BMC.MonitoringService.csproj", "{7B9833CB-D366-4666-B295-98DAD373EE4C}"
EndProject
Project("{FAE04EC0-301F-11D3-BF4B-00C04F79EFBC}") = "BMC.Common", "..\..\Common\BMC.Common\BMC.Common.csproj", "{4D507C5E-48B8-4E3F-8DE1-A233C43E97E8}"
EndProject
Project("{FAE04EC0-301F-11D3-BF4B-00C04F79EFBC}") = "BMC.DataAccess", "..\..\Common\BMC.DataAccess\BMC.DataAccess.csproj", "{317E2989-A347-4692-BB42-948ACD470599}"
EndProject
Project("{FAE04EC0-301F-11D3-BF4B-00C04F79EFBC}") = "BMC.CoreLib", "..\..\Common\BMC.CoreLib\BMC.CoreLib.csproj", "{8BD66A0A-49F9-497F-914C-BF8926336848}"
EndProject
Global
	GlobalSection(SolutionConfigurationPlatforms) = preSolution
		Debug|Any CPU = Debug|Any CPU
		Debug|x64 = Debug|x64
		Debug|x86 = Debug|x86
		Debug86|Any CPU = Debug86|Any CPU
		Debug86|x64 = Debug86|x64
		Debug86|x86 = Debug86|x86
		Release|Any CPU = Release|Any CPU
		Release|x64 = Release|x64
		Release|x86 = Release|x86
	EndGlobalSection
	GlobalSection(ProjectConfigurationPlatforms) = postSolution
		{7B9833CB-D366-4666-B295-98DAD373EE4C}.Debug|Any CPU.ActiveCfg = Debug|Any CPU
		{7B9833CB-D366-4666-B295-98DAD373EE4C}.Debug|Any CPU.Build.0 = Debug|Any CPU
		{7B9833CB-D366-4666-B295-98DAD373EE4C}.Debug|x64.ActiveCfg = Debug|Any CPU
		{7B9833CB-D366-4666-B295-98DAD373EE4C}.Debug|x64.Build.0 = Debug|Any CPU
		{7B9833CB-D366-4666-B295-98DAD373EE4C}.Debug|x86.ActiveCfg = Debug|x86
		{7B9833CB-D366-4666-B295-98DAD373EE4C}.Debug|x86.Build.0 = Debug|x86
		{7B9833CB-D366-4666-B295-98DAD373EE4C}.Debug86|Any CPU.ActiveCfg = Debug|Any CPU
		{7B9833CB-D366-4666-B295-98DAD373EE4C}.Debug86|Any CPU.Build.0 = Debug|Any CPU
		{7B9833CB-D366-4666-B295-98DAD373EE4C}.Debug86|x64.ActiveCfg = Debug|x64
		{7B9833CB-D366-4666-B295-98DAD373EE4C}.Debug86|x64.Build.0 = Debug|x64
		{7B9833CB-D366-4666-B295-98DAD373EE4C}.Debug86|x86.ActiveCfg = Debug|x86
		{7B9833CB-D366-4666-B295-98DAD373EE4C}.Debug86|x86.Build.0 = Debug|x86
		{7B9833CB-D366-4666-B295-98DAD373EE4C}.Release|Any CPU.ActiveCfg = Release|Any CPU
		{7B9833CB-D366-4666-B295-98DAD373EE4C}.Release|Any CPU.Build.0 = Release|Any CPU
		{7B9833CB-D366-4666-B295-98DAD373EE4C}.Release|x64.ActiveCfg = Release|x64
		{7B9833CB-D366-4666-B295-98DAD373EE4C}.Release|x64.Build.0 = Release|x64
		{7B9833CB-D366-4666-B295-98DAD373EE4C}.Release|x86.ActiveCfg = Release|x86
		{7B9833CB-D366-4666-B295-98DAD373EE4C}.Release|x86.Build.0 = Release|x86
		{4D507C5E-48B8-4E3F-8DE1-A233C43E97E8}.Debug|Any CPU.ActiveCfg = Debug|Any CPU
		{4D507C5E-48B8-4E3F-8DE1-A233C43E97E8}.Debug|Any CPU.Build.0 = Debug|Any CPU
		{4D507C5E-48B8-4E3F-8DE1-A233C43E97E8}.Debug|x64.ActiveCfg = Debug|Any CPU
		{4D507C5E-48B8-4E3F-8DE1-A233C43E97E8}.Debug|x64.Build.0 = Debug|Any CPU
		{4D507C5E-48B8-4E3F-8DE1-A233C43E97E8}.Debug|x86.ActiveCfg = Debug|x86
		{4D507C5E-48B8-4E3F-8DE1-A233C43E97E8}.Debug|x86.Build.0 = Debug|x86
		{4D507C5E-48B8-4E3F-8DE1-A233C43E97E8}.Debug86|Any CPU.ActiveCfg = Debug|Any CPU
		{4D507C5E-48B8-4E3F-8DE1-A233C43E97E8}.Debug86|Any CPU.Build.0 = Debug|Any CPU
		{4D507C5E-48B8-4E3F-8DE1-A233C43E97E8}.Debug86|x64.ActiveCfg = Debug|x64
		{4D507C5E-48B8-4E3F-8DE1-A233C43E97E8}.Debug86|x64.Build.0 = Debug|x64
		{4D507C5E-48B8-4E3F-8DE1-A233C43E97E8}.Debug86|x86.ActiveCfg = Debug|x86
		{4D507C5E-48B8-4E3F-8DE1-A233C43E97E8}.Debug86|x86.Build.0 = Debug|x86
		{4D507C5E-48B8-4E3F-8DE1-A233C43E97E8}.Release|Any CPU.ActiveCfg = Release|Any CPU
		{4D507C5E-48B8-4E3F-8DE1-A233C43E97E8}.Release|Any CPU.Build.0 = Release|Any CPU
		{4D507C5E-48B8-4E3F-8DE1-A233C43E97E8}.Release|x64.ActiveCfg = Release|x64
		{4D507C5E-48B8-4E3F-8DE1-A233C43E97E8}.Release|x64.Build.0 = Release|x64
		{4D507C5E-48B8-4E3F-8DE1-A233C43E97E8}.Release|x86.ActiveCfg = Release|x86
		{4D507C5E-48B8-4E3F-8DE1-A233C43E97E8}.Release|x86.Build.0 = Release|x86
		{317E2989-A347-4692-BB42-948ACD470599}.Debug|Any CPU.ActiveCfg = Debug|Any CPU
		{317E2989-A347-4692-BB42-948ACD470599}.Debug|Any CPU.Build.0 = Debug|Any CPU
		{317E2989-A347-4692-BB42-948ACD470599}.Debug|x64.ActiveCfg = Debug|Any CPU
		{317E2989-A347-4692-BB42-948ACD470599}.Debug|x64.Build.0 = Debug|Any CPU
		{317E2989-A347-4692-BB42-948ACD470599}.Debug|x86.ActiveCfg = Debug|x86
		{317E2989-A347-4692-BB42-948ACD470599}.Debug|x86.Build.0 = Debug|x86
		{317E2989-A347-4692-BB42-948ACD470599}.Debug86|Any CPU.ActiveCfg = Debug|Any CPU
		{317E2989-A347-4692-BB42-948ACD470599}.Debug86|Any CPU.Build.0 = Debug|Any CPU
		{317E2989-A347-4692-BB42-948ACD470599}.Debug86|x64.ActiveCfg = Debug|x64
		{317E2989-A347-4692-BB42-948ACD470599}.Debug86|x64.Build.0 = Debug|x64
		{317E2989-A347-4692-BB42-948ACD470599}.Debug86|x86.ActiveCfg = Debug|x86
		{317E2989-A347-4692-BB42-948ACD470599}.Debug86|x86.Build.0 = Debug|x86
		{317E2989-A347-4692-BB42-948ACD470599}.Release|Any CPU.ActiveCfg = Release|Any CPU
		{317E2989-A347-4692-BB42-948ACD470599}.Release|Any CPU.Build.0 = Release|Any CPU
		{317E2989-A347-4692-BB42-948ACD470599}.Release|x64.ActiveCfg = Release|x64
		{317E2989-A347-4692-BB42-948ACD470599}.Release|x64.Build.0 = Release|x64
		{317E2989-A347-4692-BB42-948ACD470599}.Release|x86.ActiveCfg = Release|x86
		{317E2989-A347-4692-BB42-948ACD470599}.Release|x86.Build.0 = Release|x86
		{8BD66A0A-49F9-497F-914C-BF8926336848}.Debug|Any CPU.ActiveCfg = Debug|Any CPU
		{8BD66A0A-49F9-497F-914C-BF8926336848}.Debug|Any CPU.Build.0 = Debug|Any CPU
		{8BD66A0A-49F9-497F-914C-BF8926336848}.Debug|x64.ActiveCfg = Debug|x64
		{8BD66A0A-49F9-497F-914C-BF8926336848}.Debug|x64.Build.0 = Debug|x64
		{8BD66A0A-49F9-497F-914C-BF8926336848}.Debug|x86.ActiveCfg = Debug|x86
		{8BD66A0A-49F9-497F-914C-BF8926336848}.Debug|x86.Build.0 = Debug|x86
		{8BD66A0A-49F9-497F-914C-BF8926336848}.Debug86|Any CPU.ActiveCfg = Debug86|Any CPU
		{8BD66A0A-49F9-497F-914C-BF8926336848}.Debug86|Any CPU.Build.0 = Debug86|Any CPU
		{8BD66A0A-49F9-497F-914C-BF8926336848}.Debug86|x64.ActiveCfg = Debug86|x64
		{8BD66A0A-49F9-497F-914C-BF8926336848}.Debug86|x64.Build.0 = Debug86|x64
		{8BD66A0A-49F9-497F-914C-BF8926336848}.Debug86|x86.ActiveCfg = Debug86|x86
		{8BD66A0A-49F9-497F-914C-BF8926336848}.Debug86|x86.Build.0 = Debug86|x86
		{8BD66A0A-49F9-497F-914C-BF8926336848}.Release|Any CPU.ActiveCfg = Release|Any CPU
		{8BD66A0A-49F9-497F-914C-BF8926336848}.Release|Any CPU.Build.0 = Release|Any CPU
		{8BD66A0A-49F9-497F-914C-BF8926336848}.Release|x64.ActiveCfg = Release|x64
		{8BD66A0A-49F9-497F-914C-BF8926336848}.Release|x64.Build.0 = Release|x64
		{8BD66A0A-49F9-497F-914C-BF8926336848}.Release|x86.ActiveCfg = Release|x86
		{8BD66A0A-49F9-497F-914C-BF8926336848}.Release|x86.Build.0 = Release|x86
	EndGlobalSection
	GlobalSection(SolutionProperties) = preSolution
		HideSolutionNode = FALSE
	EndGlobalSection
EndGlobal
