
Microsoft Visual Studio Solution File, Format Version 10.00
# Visual Studio 2008
Project("{FAE04EC0-301F-11D3-BF4B-00C04F79EFBC}") = "BMC.DataAccess_2008", "BMC.DataAccess_2008.csproj", "{C4F3AC89-4EBE-461D-82B3-0F7850A5A41B}"
EndProject
Global
	GlobalSection(SolutionConfigurationPlatforms) = preSolution
		Debug|Any CPU = Debug|Any CPU
		Release|Any CPU = Release|Any CPU
	EndGlobalSection
	GlobalSection(ProjectConfigurationPlatforms) = postSolution
		{C4F3AC89-4EBE-461D-82B3-0F7850A5A41B}.Debug|Any CPU.ActiveCfg = Debug|Any CPU
		{C4F3AC89-4EBE-461D-82B3-0F7850A5A41B}.Debug|Any CPU.Build.0 = Debug|Any CPU
		{C4F3AC89-4EBE-461D-82B3-0F7850A5A41B}.Release|Any CPU.ActiveCfg = Release|Any CPU
		{C4F3AC89-4EBE-461D-82B3-0F7850A5A41B}.Release|Any CPU.Build.0 = Release|Any CPU
	EndGlobalSection
	GlobalSection(SolutionProperties) = preSolution
		HideSolutionNode = FALSE
	EndGlobalSection
	GlobalSection(ExtensibilityGlobals) = postSolution
		Association = ; :1-2005 R2; BMC.DataAccess.csproj; ; ; BMC.DataAccess.sln; starteam01.ad.agi:49201; Bally MultiConnect; Bally MultiConnect; Bally MultiConnect\BMC 11.5\Coding\Source\Common\BMC.DataAccess\; ; 
	EndGlobalSection
	GlobalSection(Borland Source Code Provider) = preSolution
		IsAssociated = True
	EndGlobalSection
EndGlobal
