
Microsoft Visual Studio Solution File, Format Version 12.00
# Visual Studio 2012
Project("{FAE04EC0-301F-11D3-BF4B-00C04F79EFBC}") = "MonitorClientTesting", "MonitorClientTesting\MonitorClientTesting.csproj", "{DB909A02-93D0-4F62-A87F-7567E1C56CEC}"
EndProject
Project("{FAE04EC0-301F-11D3-BF4B-00C04F79EFBC}") = "BMC.ExComms.Contracts", "..\..\BMC.ExComms.Contracts\BMC.ExComms.Contracts.csproj", "{ADD1395A-60A3-42E0-B231-81F1BADFC28A}"
EndProject
Project("{FAE04EC0-301F-11D3-BF4B-00C04F79EFBC}") = "BMC.Common", "..\..\..\..\Common\BMC.Common\BMC.Common.csproj", "{4D507C5E-48B8-4E3F-8DE1-A233C43E97E8}"
EndProject
Project("{FAE04EC0-301F-11D3-BF4B-00C04F79EFBC}") = "BMC.CoreLib", "..\..\..\..\Common\BMC.CoreLib\BMC.CoreLib.csproj", "{8BD66A0A-49F9-497F-914C-BF8926336848}"
EndProject
Project("{2150E333-8FDC-42A3-9474-1A3956D46DE8}") = "Contracts", "Contracts", "{40510497-0310-474C-80ED-554287556DC7}"
EndProject
Global
	GlobalSection(SolutionConfigurationPlatforms) = preSolution
		Debug|Any CPU = Debug|Any CPU
		Debug|x64 = Debug|x64
		Debug|x86 = Debug|x86
		Debug86|Any CPU = Debug86|Any CPU
		Debug86|x64 = Debug86|x64
		Debug86|x86 = Debug86|x86
		Release|Any CPU = Release|Any CPU
		Release|x64 = Release|x64
		Release|x86 = Release|x86
	EndGlobalSection
	GlobalSection(ProjectConfigurationPlatforms) = postSolution
		{DB909A02-93D0-4F62-A87F-7567E1C56CEC}.Debug|Any CPU.ActiveCfg = Debug|Any CPU
		{DB909A02-93D0-4F62-A87F-7567E1C56CEC}.Debug|Any CPU.Build.0 = Debug|Any CPU
		{DB909A02-93D0-4F62-A87F-7567E1C56CEC}.Debug|x64.ActiveCfg = Debug|Any CPU
		{DB909A02-93D0-4F62-A87F-7567E1C56CEC}.Debug|x86.ActiveCfg = Debug|Any CPU
		{DB909A02-93D0-4F62-A87F-7567E1C56CEC}.Debug86|Any CPU.ActiveCfg = Debug|Any CPU
		{DB909A02-93D0-4F62-A87F-7567E1C56CEC}.Debug86|Any CPU.Build.0 = Debug|Any CPU
		{DB909A02-93D0-4F62-A87F-7567E1C56CEC}.Debug86|x64.ActiveCfg = Debug|Any CPU
		{DB909A02-93D0-4F62-A87F-7567E1C56CEC}.Debug86|x86.ActiveCfg = Debug|Any CPU
		{DB909A02-93D0-4F62-A87F-7567E1C56CEC}.Release|Any CPU.ActiveCfg = Release|Any CPU
		{DB909A02-93D0-4F62-A87F-7567E1C56CEC}.Release|Any CPU.Build.0 = Release|Any CPU
		{DB909A02-93D0-4F62-A87F-7567E1C56CEC}.Release|x64.ActiveCfg = Release|Any CPU
		{DB909A02-93D0-4F62-A87F-7567E1C56CEC}.Release|x86.ActiveCfg = Release|Any CPU
		{ADD1395A-60A3-42E0-B231-81F1BADFC28A}.Debug|Any CPU.ActiveCfg = Debug|Any CPU
		{ADD1395A-60A3-42E0-B231-81F1BADFC28A}.Debug|Any CPU.Build.0 = Debug|Any CPU
		{ADD1395A-60A3-42E0-B231-81F1BADFC28A}.Debug|x64.ActiveCfg = Debug|Any CPU
		{ADD1395A-60A3-42E0-B231-81F1BADFC28A}.Debug|x86.ActiveCfg = Debug|Any CPU
		{ADD1395A-60A3-42E0-B231-81F1BADFC28A}.Debug86|Any CPU.ActiveCfg = Debug|Any CPU
		{ADD1395A-60A3-42E0-B231-81F1BADFC28A}.Debug86|Any CPU.Build.0 = Debug|Any CPU
		{ADD1395A-60A3-42E0-B231-81F1BADFC28A}.Debug86|x64.ActiveCfg = Debug|Any CPU
		{ADD1395A-60A3-42E0-B231-81F1BADFC28A}.Debug86|x86.ActiveCfg = Debug|Any CPU
		{ADD1395A-60A3-42E0-B231-81F1BADFC28A}.Release|Any CPU.ActiveCfg = Release|Any CPU
		{ADD1395A-60A3-42E0-B231-81F1BADFC28A}.Release|Any CPU.Build.0 = Release|Any CPU
		{ADD1395A-60A3-42E0-B231-81F1BADFC28A}.Release|x64.ActiveCfg = Release|Any CPU
		{ADD1395A-60A3-42E0-B231-81F1BADFC28A}.Release|x86.ActiveCfg = Release|Any CPU
		{4D507C5E-48B8-4E3F-8DE1-A233C43E97E8}.Debug|Any CPU.ActiveCfg = Debug|Any CPU
		{4D507C5E-48B8-4E3F-8DE1-A233C43E97E8}.Debug|Any CPU.Build.0 = Debug|Any CPU
		{4D507C5E-48B8-4E3F-8DE1-A233C43E97E8}.Debug|x64.ActiveCfg = Debug|x64
		{4D507C5E-48B8-4E3F-8DE1-A233C43E97E8}.Debug|x64.Build.0 = Debug|x64
		{4D507C5E-48B8-4E3F-8DE1-A233C43E97E8}.Debug|x86.ActiveCfg = Debug|x86
		{4D507C5E-48B8-4E3F-8DE1-A233C43E97E8}.Debug|x86.Build.0 = Debug|x86
		{4D507C5E-48B8-4E3F-8DE1-A233C43E97E8}.Debug86|Any CPU.ActiveCfg = Debug|Any CPU
		{4D507C5E-48B8-4E3F-8DE1-A233C43E97E8}.Debug86|Any CPU.Build.0 = Debug|Any CPU
		{4D507C5E-48B8-4E3F-8DE1-A233C43E97E8}.Debug86|x64.ActiveCfg = Debug|x64
		{4D507C5E-48B8-4E3F-8DE1-A233C43E97E8}.Debug86|x64.Build.0 = Debug|x64
		{4D507C5E-48B8-4E3F-8DE1-A233C43E97E8}.Debug86|x86.ActiveCfg = Debug|x86
		{4D507C5E-48B8-4E3F-8DE1-A233C43E97E8}.Debug86|x86.Build.0 = Debug|x86
		{4D507C5E-48B8-4E3F-8DE1-A233C43E97E8}.Release|Any CPU.ActiveCfg = Release|Any CPU
		{4D507C5E-48B8-4E3F-8DE1-A233C43E97E8}.Release|Any CPU.Build.0 = Release|Any CPU
		{4D507C5E-48B8-4E3F-8DE1-A233C43E97E8}.Release|x64.ActiveCfg = Release|x64
		{4D507C5E-48B8-4E3F-8DE1-A233C43E97E8}.Release|x64.Build.0 = Release|x64
		{4D507C5E-48B8-4E3F-8DE1-A233C43E97E8}.Release|x86.ActiveCfg = Release|x86
		{4D507C5E-48B8-4E3F-8DE1-A233C43E97E8}.Release|x86.Build.0 = Release|x86
		{8BD66A0A-49F9-497F-914C-BF8926336848}.Debug|Any CPU.ActiveCfg = Debug|Any CPU
		{8BD66A0A-49F9-497F-914C-BF8926336848}.Debug|Any CPU.Build.0 = Debug|Any CPU
		{8BD66A0A-49F9-497F-914C-BF8926336848}.Debug|x64.ActiveCfg = Debug|x64
		{8BD66A0A-49F9-497F-914C-BF8926336848}.Debug|x64.Build.0 = Debug|x64
		{8BD66A0A-49F9-497F-914C-BF8926336848}.Debug|x86.ActiveCfg = Debug|x86
		{8BD66A0A-49F9-497F-914C-BF8926336848}.Debug|x86.Build.0 = Debug|x86
		{8BD66A0A-49F9-497F-914C-BF8926336848}.Debug86|Any CPU.ActiveCfg = Debug86|Any CPU
		{8BD66A0A-49F9-497F-914C-BF8926336848}.Debug86|Any CPU.Build.0 = Debug86|Any CPU
		{8BD66A0A-49F9-497F-914C-BF8926336848}.Debug86|x64.ActiveCfg = Debug86|x64
		{8BD66A0A-49F9-497F-914C-BF8926336848}.Debug86|x64.Build.0 = Debug86|x64
		{8BD66A0A-49F9-497F-914C-BF8926336848}.Debug86|x86.ActiveCfg = Debug86|x86
		{8BD66A0A-49F9-497F-914C-BF8926336848}.Debug86|x86.Build.0 = Debug86|x86
		{8BD66A0A-49F9-497F-914C-BF8926336848}.Release|Any CPU.ActiveCfg = Release|Any CPU
		{8BD66A0A-49F9-497F-914C-BF8926336848}.Release|Any CPU.Build.0 = Release|Any CPU
		{8BD66A0A-49F9-497F-914C-BF8926336848}.Release|x64.ActiveCfg = Release|x64
		{8BD66A0A-49F9-497F-914C-BF8926336848}.Release|x64.Build.0 = Release|x64
		{8BD66A0A-49F9-497F-914C-BF8926336848}.Release|x86.ActiveCfg = Release|x86
		{8BD66A0A-49F9-497F-914C-BF8926336848}.Release|x86.Build.0 = Release|x86
	EndGlobalSection
	GlobalSection(SolutionProperties) = preSolution
		HideSolutionNode = FALSE
	EndGlobalSection
	GlobalSection(NestedProjects) = preSolution
		{ADD1395A-60A3-42E0-B231-81F1BADFC28A} = {40510497-0310-474C-80ED-554287556DC7}
		{4D507C5E-48B8-4E3F-8DE1-A233C43E97E8} = {40510497-0310-474C-80ED-554287556DC7}
		{8BD66A0A-49F9-497F-914C-BF8926336848} = {40510497-0310-474C-80ED-554287556DC7}
	EndGlobalSection
EndGlobal
