
Microsoft Visual Studio Solution File, Format Version 12.00
# Visual Studio 2012
Project("{FAE04EC0-301F-11D3-BF4B-00C04F79EFBC}") = "BMC2EBSServer", "BMC2EBSServer\BMC2EBSServer.csproj", "{AD3E06AB-5183-4E5E-9C86-BE2BD321AC7F}"
EndProject
Project("{FAE04EC0-301F-11D3-BF4B-00C04F79EFBC}") = "BMC.EBSComms.Contracts", "..\BMC.EBSComms.Contracts\BMC.EBSComms.Contracts.csproj", "{83650A6D-2D06-43D4-A5D2-0D1E1E7DA934}"
EndProject
Project("{FAE04EC0-301F-11D3-BF4B-00C04F79EFBC}") = "BMC.Common", "..\..\..\Common\BMC.Common\BMC.Common.csproj", "{4D507C5E-48B8-4E3F-8DE1-A233C43E97E8}"
EndProject
Project("{FAE04EC0-301F-11D3-BF4B-00C04F79EFBC}") = "BMC.CoreLib", "..\..\..\Common\BMC.CoreLib\BMC.CoreLib.csproj", "{8BD66A0A-49F9-497F-914C-BF8926336848}"
EndProject
Global
	GlobalSection(SolutionConfigurationPlatforms) = preSolution
		Debug|Any CPU = Debug|Any CPU
		Debug|x64 = Debug|x64
		Debug|x86 = Debug|x86
		Debug86|Any CPU = Debug86|Any CPU
		Debug86|x64 = Debug86|x64
		Debug86|x86 = Debug86|x86
		Release|Any CPU = Release|Any CPU
		Release|x64 = Release|x64
		Release|x86 = Release|x86
	EndGlobalSection
	GlobalSection(ProjectConfigurationPlatforms) = postSolution
		{AD3E06AB-5183-4E5E-9C86-BE2BD321AC7F}.Debug|Any CPU.ActiveCfg = Debug|x86
		{AD3E06AB-5183-4E5E-9C86-BE2BD321AC7F}.Debug|Any CPU.Build.0 = Debug|x86
		{AD3E06AB-5183-4E5E-9C86-BE2BD321AC7F}.Debug|x64.ActiveCfg = Debug|Any CPU
		{AD3E06AB-5183-4E5E-9C86-BE2BD321AC7F}.Debug|x86.ActiveCfg = Debug|Any CPU
		{AD3E06AB-5183-4E5E-9C86-BE2BD321AC7F}.Debug86|Any CPU.ActiveCfg = Debug|Any CPU
		{AD3E06AB-5183-4E5E-9C86-BE2BD321AC7F}.Debug86|Any CPU.Build.0 = Debug|Any CPU
		{AD3E06AB-5183-4E5E-9C86-BE2BD321AC7F}.Debug86|x64.ActiveCfg = Debug|Any CPU
		{AD3E06AB-5183-4E5E-9C86-BE2BD321AC7F}.Debug86|x86.ActiveCfg = Debug|Any CPU
		{AD3E06AB-5183-4E5E-9C86-BE2BD321AC7F}.Release|Any CPU.ActiveCfg = Release|Any CPU
		{AD3E06AB-5183-4E5E-9C86-BE2BD321AC7F}.Release|Any CPU.Build.0 = Release|Any CPU
		{AD3E06AB-5183-4E5E-9C86-BE2BD321AC7F}.Release|x64.ActiveCfg = Release|Any CPU
		{AD3E06AB-5183-4E5E-9C86-BE2BD321AC7F}.Release|x86.ActiveCfg = Release|Any CPU
		{83650A6D-2D06-43D4-A5D2-0D1E1E7DA934}.Debug|Any CPU.ActiveCfg = Debug|x86
		{83650A6D-2D06-43D4-A5D2-0D1E1E7DA934}.Debug|Any CPU.Build.0 = Debug|x86
		{83650A6D-2D06-43D4-A5D2-0D1E1E7DA934}.Debug|x64.ActiveCfg = Debug|x64
		{83650A6D-2D06-43D4-A5D2-0D1E1E7DA934}.Debug|x64.Build.0 = Debug|x64
		{83650A6D-2D06-43D4-A5D2-0D1E1E7DA934}.Debug|x86.ActiveCfg = Debug|x86
		{83650A6D-2D06-43D4-A5D2-0D1E1E7DA934}.Debug|x86.Build.0 = Debug|x86
		{83650A6D-2D06-43D4-A5D2-0D1E1E7DA934}.Debug86|Any CPU.ActiveCfg = Debug|Any CPU
		{83650A6D-2D06-43D4-A5D2-0D1E1E7DA934}.Debug86|Any CPU.Build.0 = Debug|Any CPU
		{83650A6D-2D06-43D4-A5D2-0D1E1E7DA934}.Debug86|x64.ActiveCfg = Debug|x64
		{83650A6D-2D06-43D4-A5D2-0D1E1E7DA934}.Debug86|x64.Build.0 = Debug|x64
		{83650A6D-2D06-43D4-A5D2-0D1E1E7DA934}.Debug86|x86.ActiveCfg = Debug|x86
		{83650A6D-2D06-43D4-A5D2-0D1E1E7DA934}.Debug86|x86.Build.0 = Debug|x86
		{83650A6D-2D06-43D4-A5D2-0D1E1E7DA934}.Release|Any CPU.ActiveCfg = Release|Any CPU
		{83650A6D-2D06-43D4-A5D2-0D1E1E7DA934}.Release|Any CPU.Build.0 = Release|Any CPU
		{83650A6D-2D06-43D4-A5D2-0D1E1E7DA934}.Release|x64.ActiveCfg = Release|x64
		{83650A6D-2D06-43D4-A5D2-0D1E1E7DA934}.Release|x64.Build.0 = Release|x64
		{83650A6D-2D06-43D4-A5D2-0D1E1E7DA934}.Release|x86.ActiveCfg = Release|x86
		{83650A6D-2D06-43D4-A5D2-0D1E1E7DA934}.Release|x86.Build.0 = Release|x86
		{4D507C5E-48B8-4E3F-8DE1-A233C43E97E8}.Debug|Any CPU.ActiveCfg = Debug|x86
		{4D507C5E-48B8-4E3F-8DE1-A233C43E97E8}.Debug|Any CPU.Build.0 = Debug|x86
		{4D507C5E-48B8-4E3F-8DE1-A233C43E97E8}.Debug|x64.ActiveCfg = Debug|x64
		{4D507C5E-48B8-4E3F-8DE1-A233C43E97E8}.Debug|x64.Build.0 = Debug|x64
		{4D507C5E-48B8-4E3F-8DE1-A233C43E97E8}.Debug|x86.ActiveCfg = Debug|x86
		{4D507C5E-48B8-4E3F-8DE1-A233C43E97E8}.Debug|x86.Build.0 = Debug|x86
		{4D507C5E-48B8-4E3F-8DE1-A233C43E97E8}.Debug86|Any CPU.ActiveCfg = Debug|Any CPU
		{4D507C5E-48B8-4E3F-8DE1-A233C43E97E8}.Debug86|Any CPU.Build.0 = Debug|Any CPU
		{4D507C5E-48B8-4E3F-8DE1-A233C43E97E8}.Debug86|x64.ActiveCfg = Debug|x64
		{4D507C5E-48B8-4E3F-8DE1-A233C43E97E8}.Debug86|x64.Build.0 = Debug|x64
		{4D507C5E-48B8-4E3F-8DE1-A233C43E97E8}.Debug86|x86.ActiveCfg = Debug|x86
		{4D507C5E-48B8-4E3F-8DE1-A233C43E97E8}.Debug86|x86.Build.0 = Debug|x86
		{4D507C5E-48B8-4E3F-8DE1-A233C43E97E8}.Release|Any CPU.ActiveCfg = Release|Any CPU
		{4D507C5E-48B8-4E3F-8DE1-A233C43E97E8}.Release|Any CPU.Build.0 = Release|Any CPU
		{4D507C5E-48B8-4E3F-8DE1-A233C43E97E8}.Release|x64.ActiveCfg = Release|x64
		{4D507C5E-48B8-4E3F-8DE1-A233C43E97E8}.Release|x64.Build.0 = Release|x64
		{4D507C5E-48B8-4E3F-8DE1-A233C43E97E8}.Release|x86.ActiveCfg = Release|x86
		{4D507C5E-48B8-4E3F-8DE1-A233C43E97E8}.Release|x86.Build.0 = Release|x86
		{8BD66A0A-49F9-497F-914C-BF8926336848}.Debug|Any CPU.ActiveCfg = Debug|x86
		{8BD66A0A-49F9-497F-914C-BF8926336848}.Debug|Any CPU.Build.0 = Debug|x86
		{8BD66A0A-49F9-497F-914C-BF8926336848}.Debug|x64.ActiveCfg = Debug|x64
		{8BD66A0A-49F9-497F-914C-BF8926336848}.Debug|x64.Build.0 = Debug|x64
		{8BD66A0A-49F9-497F-914C-BF8926336848}.Debug|x86.ActiveCfg = Debug|x86
		{8BD66A0A-49F9-497F-914C-BF8926336848}.Debug|x86.Build.0 = Debug|x86
		{8BD66A0A-49F9-497F-914C-BF8926336848}.Debug86|Any CPU.ActiveCfg = Debug86|Any CPU
		{8BD66A0A-49F9-497F-914C-BF8926336848}.Debug86|Any CPU.Build.0 = Debug86|Any CPU
		{8BD66A0A-49F9-497F-914C-BF8926336848}.Debug86|x64.ActiveCfg = Debug86|x64
		{8BD66A0A-49F9-497F-914C-BF8926336848}.Debug86|x64.Build.0 = Debug86|x64
		{8BD66A0A-49F9-497F-914C-BF8926336848}.Debug86|x86.ActiveCfg = Debug86|x86
		{8BD66A0A-49F9-497F-914C-BF8926336848}.Debug86|x86.Build.0 = Debug86|x86
		{8BD66A0A-49F9-497F-914C-BF8926336848}.Release|Any CPU.ActiveCfg = Release|Any CPU
		{8BD66A0A-49F9-497F-914C-BF8926336848}.Release|Any CPU.Build.0 = Release|Any CPU
		{8BD66A0A-49F9-497F-914C-BF8926336848}.Release|x64.ActiveCfg = Release|x64
		{8BD66A0A-49F9-497F-914C-BF8926336848}.Release|x64.Build.0 = Release|x64
		{8BD66A0A-49F9-497F-914C-BF8926336848}.Release|x86.ActiveCfg = Release|x86
		{8BD66A0A-49F9-497F-914C-BF8926336848}.Release|x86.Build.0 = Release|x86
	EndGlobalSection
	GlobalSection(SolutionProperties) = preSolution
		HideSolutionNode = FALSE
	EndGlobalSection
EndGlobal
