
Microsoft Visual Studio Solution File, Format Version 12.00
# Visual Studio 2012
Project("{FAE04EC0-301F-11D3-BF4B-00C04F79EFBC}") = "BMC.EnterpriseWebService", "BMC.EnterpriseWebService.csproj", "{DE146F58-F044-43D5-BCDC-A4E744A020FD}"
EndProject
Project("{FAE04EC0-301F-11D3-BF4B-00C04F79EFBC}") = "BMC.Common", "..\..\..\Common\BMC.Common\BMC.Common.csproj", "{B67464F4-37CC-48D6-8A17-204F6E7A18C5}"
EndProject
Project("{FAE04EC0-301F-11D3-BF4B-00C04F79EFBC}") = "BMC.DataAccess", "..\..\..\Common\BMC.DataAccess\BMC.DataAccess.csproj", "{317E2989-A347-4692-BB42-948ACD470599}"
EndProject
Global
	GlobalSection(SolutionConfigurationPlatforms) = preSolution
		Debug|Any CPU = Debug|Any CPU
		Debug|x64 = Debug|x64
		Debug|x86 = Debug|x86
		Release|Any CPU = Release|Any CPU
		Release|x64 = Release|x64
		Release|x86 = Release|x86
	EndGlobalSection
	GlobalSection(ProjectConfigurationPlatforms) = postSolution
		{DE146F58-F044-43D5-BCDC-A4E744A020FD}.Debug|Any CPU.ActiveCfg = Debug|Any CPU
		{DE146F58-F044-43D5-BCDC-A4E744A020FD}.Debug|Any CPU.Build.0 = Debug|Any CPU
		{DE146F58-F044-43D5-BCDC-A4E744A020FD}.Debug|x64.ActiveCfg = Debug|Any CPU
		{DE146F58-F044-43D5-BCDC-A4E744A020FD}.Debug|x64.Build.0 = Debug|Any CPU
		{DE146F58-F044-43D5-BCDC-A4E744A020FD}.Debug|x86.ActiveCfg = Debug|Any CPU
		{DE146F58-F044-43D5-BCDC-A4E744A020FD}.Debug|x86.Build.0 = Debug|Any CPU
		{DE146F58-F044-43D5-BCDC-A4E744A020FD}.Release|Any CPU.ActiveCfg = Release|Any CPU
		{DE146F58-F044-43D5-BCDC-A4E744A020FD}.Release|Any CPU.Build.0 = Release|Any CPU
		{DE146F58-F044-43D5-BCDC-A4E744A020FD}.Release|x64.ActiveCfg = Release|x64
		{DE146F58-F044-43D5-BCDC-A4E744A020FD}.Release|x64.Build.0 = Release|x64
		{DE146F58-F044-43D5-BCDC-A4E744A020FD}.Release|x86.ActiveCfg = Release|x86
		{DE146F58-F044-43D5-BCDC-A4E744A020FD}.Release|x86.Build.0 = Release|x86
		{B67464F4-37CC-48D6-8A17-204F6E7A18C5}.Debug|Any CPU.ActiveCfg = Debug|Any CPU
		{B67464F4-37CC-48D6-8A17-204F6E7A18C5}.Debug|Any CPU.Build.0 = Debug|Any CPU
		{B67464F4-37CC-48D6-8A17-204F6E7A18C5}.Debug|x64.ActiveCfg = Debug|Any CPU
		{B67464F4-37CC-48D6-8A17-204F6E7A18C5}.Debug|x64.Build.0 = Debug|Any CPU
		{B67464F4-37CC-48D6-8A17-204F6E7A18C5}.Debug|x86.ActiveCfg = Debug|Any CPU
		{B67464F4-37CC-48D6-8A17-204F6E7A18C5}.Debug|x86.Build.0 = Debug|Any CPU
		{B67464F4-37CC-48D6-8A17-204F6E7A18C5}.Release|Any CPU.ActiveCfg = Release|Any CPU
		{B67464F4-37CC-48D6-8A17-204F6E7A18C5}.Release|Any CPU.Build.0 = Release|Any CPU
		{B67464F4-37CC-48D6-8A17-204F6E7A18C5}.Release|x64.ActiveCfg = Release|x64
		{B67464F4-37CC-48D6-8A17-204F6E7A18C5}.Release|x64.Build.0 = Release|x64
		{B67464F4-37CC-48D6-8A17-204F6E7A18C5}.Release|x86.ActiveCfg = Release|x86
		{B67464F4-37CC-48D6-8A17-204F6E7A18C5}.Release|x86.Build.0 = Release|x86
		{317E2989-A347-4692-BB42-948ACD470599}.Debug|Any CPU.ActiveCfg = Debug|Any CPU
		{317E2989-A347-4692-BB42-948ACD470599}.Debug|Any CPU.Build.0 = Debug|Any CPU
		{317E2989-A347-4692-BB42-948ACD470599}.Debug|x64.ActiveCfg = Debug|Any CPU
		{317E2989-A347-4692-BB42-948ACD470599}.Debug|x64.Build.0 = Debug|Any CPU
		{317E2989-A347-4692-BB42-948ACD470599}.Debug|x86.ActiveCfg = Debug|Any CPU
		{317E2989-A347-4692-BB42-948ACD470599}.Debug|x86.Build.0 = Debug|Any CPU
		{317E2989-A347-4692-BB42-948ACD470599}.Release|Any CPU.ActiveCfg = Release|Any CPU
		{317E2989-A347-4692-BB42-948ACD470599}.Release|Any CPU.Build.0 = Release|Any CPU
		{317E2989-A347-4692-BB42-948ACD470599}.Release|x64.ActiveCfg = Release|x64
		{317E2989-A347-4692-BB42-948ACD470599}.Release|x64.Build.0 = Release|x64
		{317E2989-A347-4692-BB42-948ACD470599}.Release|x86.ActiveCfg = Release|x86
		{317E2989-A347-4692-BB42-948ACD470599}.Release|x86.Build.0 = Release|x86
	EndGlobalSection
	GlobalSection(SolutionProperties) = preSolution
		HideSolutionNode = FALSE
	EndGlobalSection
	GlobalSection(ExtensibilityGlobals) = postSolution
		Association = ; :1-2005 R2; BMC.EnterpriseWebService.csproj; ; ; BMC.EnterpriseWebService.sln; starteam01.ad.agi:49201; Bally MultiConnect; Bally MultiConnect; Bally MultiConnect\BMC 11.5\Coding\Source\Enterprise\BMC.EnterpriseImportExportService\BMC.EnterpriseWebService\; ; 
	EndGlobalSection
	GlobalSection(Borland Source Code Provider) = preSolution
		IsAssociated = True
	EndGlobalSection
EndGlobal
